// !$*UTF8*$!
{
	archiveVersion = 1;
	classes = {
	};
	objectVersion = 56;
	objects = {

/* Begin PBXBuildFile section */
		CF0467AE2918BF5800E72CC9 /* AppDelegate.swift in Sources */ = {isa = PBXBuildFile; fileRef = CF0467AD2918BF5800E72CC9 /* AppDelegate.swift */; };
		CF0467B02918BF5800E72CC9 /* SceneDelegate.swift in Sources */ = {isa = PBXBuildFile; fileRef = CF0467AF2918BF5800E72CC9 /* SceneDelegate.swift */; };
		CF0467B22918BF5800E72CC9 /* ViewController.swift in Sources */ = {isa = PBXBuildFile; fileRef = CF0467B12918BF5800E72CC9 /* ViewController.swift */; };
		CF0467B72918BF5900E72CC9 /* Assets.xcassets in Resources */ = {isa = PBXBuildFile; fileRef = CF0467B62918BF5900E72CC9 /* Assets.xcassets */; };
		CF0467BA2918BF5900E72CC9 /* LaunchScreen.storyboard in Resources */ = {isa = PBXBuildFile; fileRef = CF0467B82918BF5900E72CC9 /* LaunchScreen.storyboard */; };
		CFDF0BFA2918C20F00E586A1 /* RxCocoa in Frameworks */ = {isa = PBXBuildFile; productRef = CFDF0BF92918C20F00E586A1 /* RxCocoa */; };
		CFDF0BFC2918C20F00E586A1 /* RxSwift in Frameworks */ = {isa = PBXBuildFile; productRef = CFDF0BFB2918C20F00E586A1 /* RxSwift */; };
		CFDF0BFF2918C22200E586A1 /* SnapKit in Frameworks */ = {isa = PBXBuildFile; productRef = CFDF0BFE2918C22200E586A1 /* SnapKit */; };
		CFDF0C022918C29900E586A1 /* TextFieldEffects in Frameworks */ = {isa = PBXBuildFile; productRef = CFDF0C012918C29900E586A1 /* TextFieldEffects */; };
		CFDF0C0A2918CD8800E586A1 /* .gitignore in Resources */ = {isa = PBXBuildFile; fileRef = CFDF0C092918CD8800E586A1 /* .gitignore */; };
		CFDF0C0D2918D0A800E586A1 /* ColorConstant.swift in Sources */ = {isa = PBXBuildFile; fileRef = CFDF0C0C2918D0A800E586A1 /* ColorConstant.swift */; };
		CFDF0C0F2918D3C500E586A1 /* FontConstant.swift in Sources */ = {isa = PBXBuildFile; fileRef = CFDF0C0E2918D3C500E586A1 /* FontConstant.swift */; };
		CFDF0C132918D7F100E586A1 /* NotoSansKR-Medium.otf in Resources */ = {isa = PBXBuildFile; fileRef = CFDF0C122918D76D00E586A1 /* NotoSansKR-Medium.otf */; };
		CFDF0C142918D7F100E586A1 /* NotoSansKR-Regular.otf in Resources */ = {isa = PBXBuildFile; fileRef = CFDF0C112918D76C00E586A1 /* NotoSansKR-Regular.otf */; };
		CFDF0C172918DF8500E586A1 /* TextArea.swift in Sources */ = {isa = PBXBuildFile; fileRef = CFDF0C162918DF8500E586A1 /* TextArea.swift */; };
		CFDF0C192918DF9200E586A1 /* BaseView.swift in Sources */ = {isa = PBXBuildFile; fileRef = CFDF0C182918DF9200E586A1 /* BaseView.swift */; };
		CFDF0C1C2918DFA700E586A1 /* BaseViewController.swift in Sources */ = {isa = PBXBuildFile; fileRef = CFDF0C1B2918DFA700E586A1 /* BaseViewController.swift */; };
		CFDF0C1F2918E9D000E586A1 /* ImageConstant.swift in Sources */ = {isa = PBXBuildFile; fileRef = CFDF0C1E2918E9D000E586A1 /* ImageConstant.swift */; };
		CFDF0C212918FDDC00E586A1 /* InputTextField.swift in Sources */ = {isa = PBXBuildFile; fileRef = CFDF0C202918FDDC00E586A1 /* InputTextField.swift */; };
		CFDF0C23291910E300E586A1 /* UILable+Extension.swift in Sources */ = {isa = PBXBuildFile; fileRef = CFDF0C22291910E300E586A1 /* UILable+Extension.swift */; };
/* End PBXBuildFile section */

/* Begin PBXFileReference section */
		CF0467AA2918BF5800E72CC9 /* SeSACFriends.app */ = {isa = PBXFileReference; explicitFileType = wrapper.application; includeInIndex = 0; path = SeSACFriends.app; sourceTree = BUILT_PRODUCTS_DIR; };
		CF0467AD2918BF5800E72CC9 /* AppDelegate.swift */ = {isa = PBXFileReference; lastKnownFileType = sourcecode.swift; path = AppDelegate.swift; sourceTree = "<group>"; };
		CF0467AF2918BF5800E72CC9 /* SceneDelegate.swift */ = {isa = PBXFileReference; lastKnownFileType = sourcecode.swift; path = SceneDelegate.swift; sourceTree = "<group>"; };
		CF0467B12918BF5800E72CC9 /* ViewController.swift */ = {isa = PBXFileReference; lastKnownFileType = sourcecode.swift; path = ViewController.swift; sourceTree = "<group>"; };
		CF0467B62918BF5900E72CC9 /* Assets.xcassets */ = {isa = PBXFileReference; lastKnownFileType = folder.assetcatalog; path = Assets.xcassets; sourceTree = "<group>"; };
		CF0467B92918BF5900E72CC9 /* Base */ = {isa = PBXFileReference; lastKnownFileType = file.storyboard; name = Base; path = Base.lproj/LaunchScreen.storyboard; sourceTree = "<group>"; };
		CF0467BB2918BF5900E72CC9 /* Info.plist */ = {isa = PBXFileReference; lastKnownFileType = text.plist.xml; path = Info.plist; sourceTree = "<group>"; };
		CFDF0C062918C35100E586A1 /* README.md */ = {isa = PBXFileReference; lastKnownFileType = net.daringfireball.markdown; path = README.md; sourceTree = "<group>"; };
		CFDF0C092918CD8800E586A1 /* .gitignore */ = {isa = PBXFileReference; lastKnownFileType = text; path = .gitignore; sourceTree = "<group>"; };
		CFDF0C0C2918D0A800E586A1 /* ColorConstant.swift */ = {isa = PBXFileReference; lastKnownFileType = sourcecode.swift; path = ColorConstant.swift; sourceTree = "<group>"; };
		CFDF0C0E2918D3C500E586A1 /* FontConstant.swift */ = {isa = PBXFileReference; lastKnownFileType = sourcecode.swift; path = FontConstant.swift; sourceTree = "<group>"; };
		CFDF0C112918D76C00E586A1 /* NotoSansKR-Regular.otf */ = {isa = PBXFileReference; lastKnownFileType = file; path = "NotoSansKR-Regular.otf"; sourceTree = "<group>"; };
		CFDF0C122918D76D00E586A1 /* NotoSansKR-Medium.otf */ = {isa = PBXFileReference; lastKnownFileType = file; path = "NotoSansKR-Medium.otf"; sourceTree = "<group>"; };
		CFDF0C162918DF8500E586A1 /* TextArea.swift */ = {isa = PBXFileReference; lastKnownFileType = sourcecode.swift; path = TextArea.swift; sourceTree = "<group>"; };
		CFDF0C182918DF9200E586A1 /* BaseView.swift */ = {isa = PBXFileReference; lastKnownFileType = sourcecode.swift; path = BaseView.swift; sourceTree = "<group>"; };
		CFDF0C1B2918DFA700E586A1 /* BaseViewController.swift */ = {isa = PBXFileReference; lastKnownFileType = sourcecode.swift; path = BaseViewController.swift; sourceTree = "<group>"; };
		CFDF0C1E2918E9D000E586A1 /* ImageConstant.swift */ = {isa = PBXFileReference; lastKnownFileType = sourcecode.swift; path = ImageConstant.swift; sourceTree = "<group>"; };
		CFDF0C202918FDDC00E586A1 /* InputTextField.swift */ = {isa = PBXFileReference; lastKnownFileType = sourcecode.swift; path = InputTextField.swift; sourceTree = "<group>"; };
		CFDF0C22291910E300E586A1 /* UILable+Extension.swift */ = {isa = PBXFileReference; lastKnownFileType = sourcecode.swift; path = "UILable+Extension.swift"; sourceTree = "<group>"; };
/* End PBXFileReference section */

/* Begin PBXFrameworksBuildPhase section */
		CF0467A72918BF5800E72CC9 /* Frameworks */ = {
			isa = PBXFrameworksBuildPhase;
			buildActionMask = 2147483647;
			files = (
				CFDF0BFF2918C22200E586A1 /* SnapKit in Frameworks */,
				CFDF0C022918C29900E586A1 /* TextFieldEffects in Frameworks */,
				CFDF0BFC2918C20F00E586A1 /* RxSwift in Frameworks */,
				CFDF0BFA2918C20F00E586A1 /* RxCocoa in Frameworks */,
			);
			runOnlyForDeploymentPostprocessing = 0;
		};
/* End PBXFrameworksBuildPhase section */

/* Begin PBXGroup section */
		CF0467A12918BF5800E72CC9 = {
			isa = PBXGroup;
			children = (
				CFDF0C092918CD8800E586A1 /* .gitignore */,
				CFDF0C062918C35100E586A1 /* README.md */,
				CF0467AC2918BF5800E72CC9 /* SeSACFriends */,
				CF0467AB2918BF5800E72CC9 /* Products */,
			);
			sourceTree = "<group>";
		};
		CF0467AB2918BF5800E72CC9 /* Products */ = {
			isa = PBXGroup;
			children = (
				CF0467AA2918BF5800E72CC9 /* SeSACFriends.app */,
			);
			name = Products;
			sourceTree = "<group>";
		};
		CF0467AC2918BF5800E72CC9 /* SeSACFriends */ = {
			isa = PBXGroup;
			children = (
				CFDF0C152918DEF900E586A1 /* Utility */,
				CFDF0C102918D57200E586A1 /* Fonts */,
				CFDF0C0B2918D08F00E586A1 /* Constants */,
				CFDF0C052918C2ED00E586A1 /* IgnoreFolder */,
				CF0467AD2918BF5800E72CC9 /* AppDelegate.swift */,
				CF0467AF2918BF5800E72CC9 /* SceneDelegate.swift */,
				CF0467B12918BF5800E72CC9 /* ViewController.swift */,
				CF0467B62918BF5900E72CC9 /* Assets.xcassets */,
				CF0467B82918BF5900E72CC9 /* LaunchScreen.storyboard */,
				CF0467BB2918BF5900E72CC9 /* Info.plist */,
			);
			path = SeSACFriends;
			sourceTree = "<group>";
		};
		CFDF0C052918C2ED00E586A1 /* IgnoreFolder */ = {
			isa = PBXGroup;
			children = (
			);
			path = IgnoreFolder;
			sourceTree = "<group>";
		};
		CFDF0C0B2918D08F00E586A1 /* Constants */ = {
			isa = PBXGroup;
			children = (
				CFDF0C0C2918D0A800E586A1 /* ColorConstant.swift */,
				CFDF0C0E2918D3C500E586A1 /* FontConstant.swift */,
				CFDF0C1E2918E9D000E586A1 /* ImageConstant.swift */,
			);
			path = Constants;
			sourceTree = "<group>";
		};
		CFDF0C102918D57200E586A1 /* Fonts */ = {
			isa = PBXGroup;
			children = (
				CFDF0C122918D76D00E586A1 /* NotoSansKR-Medium.otf */,
				CFDF0C112918D76C00E586A1 /* NotoSansKR-Regular.otf */,
			);
			path = Fonts;
			sourceTree = "<group>";
		};
		CFDF0C152918DEF900E586A1 /* Utility */ = {
			isa = PBXGroup;
			children = (
				CFDF0C1D2918DFB500E586A1 /* TextArea */,
				CFDF0C1A2918DF9500E586A1 /* Base */,
			);
			path = Utility;
			sourceTree = "<group>";
		};
		CFDF0C1A2918DF9500E586A1 /* Base */ = {
			isa = PBXGroup;
			children = (
				CFDF0C182918DF9200E586A1 /* BaseView.swift */,
				CFDF0C1B2918DFA700E586A1 /* BaseViewController.swift */,
				CFDF0C22291910E300E586A1 /* UILable+Extension.swift */,
			);
			path = Base;
			sourceTree = "<group>";
		};
		CFDF0C1D2918DFB500E586A1 /* TextArea */ = {
			isa = PBXGroup;
			children = (
				CFDF0C162918DF8500E586A1 /* TextArea.swift */,
				CFDF0C202918FDDC00E586A1 /* InputTextField.swift */,
			);
			path = TextArea;
			sourceTree = "<group>";
		};
/* End PBXGroup section */

/* Begin PBXNativeTarget section */
		CF0467A92918BF5800E72CC9 /* SeSACFriends */ = {
			isa = PBXNativeTarget;
			buildConfigurationList = CF0467BE2918BF5900E72CC9 /* Build configuration list for PBXNativeTarget "SeSACFriends" */;
			buildPhases = (
				CF0467A62918BF5800E72CC9 /* Sources */,
				CF0467A72918BF5800E72CC9 /* Frameworks */,
				CF0467A82918BF5800E72CC9 /* Resources */,
			);
			buildRules = (
			);
			dependencies = (
			);
			name = SeSACFriends;
			packageProductDependencies = (
				CFDF0BF92918C20F00E586A1 /* RxCocoa */,
				CFDF0BFB2918C20F00E586A1 /* RxSwift */,
				CFDF0BFE2918C22200E586A1 /* SnapKit */,
				CFDF0C012918C29900E586A1 /* TextFieldEffects */,
			);
			productName = SeSACFriends;
			productReference = CF0467AA2918BF5800E72CC9 /* SeSACFriends.app */;
			productType = "com.apple.product-type.application";
		};
/* End PBXNativeTarget section */

/* Begin PBXProject section */
		CF0467A22918BF5800E72CC9 /* Project object */ = {
			isa = PBXProject;
			attributes = {
				BuildIndependentTargetsInParallel = 1;
				LastSwiftUpdateCheck = 1400;
				LastUpgradeCheck = 1400;
				TargetAttributes = {
					CF0467A92918BF5800E72CC9 = {
						CreatedOnToolsVersion = 14.0.1;
					};
				};
			};
			buildConfigurationList = CF0467A52918BF5800E72CC9 /* Build configuration list for PBXProject "SeSACFriends" */;
			compatibilityVersion = "Xcode 14.0";
			developmentRegion = en;
			hasScannedForEncodings = 0;
			knownRegions = (
				en,
				Base,
			);
			mainGroup = CF0467A12918BF5800E72CC9;
			packageReferences = (
				CFDF0BF82918C20F00E586A1 /* XCRemoteSwiftPackageReference "RxSwift" */,
				CFDF0BFD2918C22200E586A1 /* XCRemoteSwiftPackageReference "SnapKit" */,
				CFDF0C002918C29900E586A1 /* XCRemoteSwiftPackageReference "TextFieldEffects" */,
			);
			productRefGroup = CF0467AB2918BF5800E72CC9 /* Products */;
			projectDirPath = "";
			projectRoot = "";
			targets = (
				CF0467A92918BF5800E72CC9 /* SeSACFriends */,
			);
		};
/* End PBXProject section */

/* Begin PBXResourcesBuildPhase section */
		CF0467A82918BF5800E72CC9 /* Resources */ = {
			isa = PBXResourcesBuildPhase;
			buildActionMask = 2147483647;
			files = (
				CFDF0C132918D7F100E586A1 /* NotoSansKR-Medium.otf in Resources */,
				CFDF0C142918D7F100E586A1 /* NotoSansKR-Regular.otf in Resources */,
				CF0467BA2918BF5900E72CC9 /* LaunchScreen.storyboard in Resources */,
				CFDF0C0A2918CD8800E586A1 /* .gitignore in Resources */,
				CF0467B72918BF5900E72CC9 /* Assets.xcassets in Resources */,
			);
			runOnlyForDeploymentPostprocessing = 0;
		};
/* End PBXResourcesBuildPhase section */

/* Begin PBXSourcesBuildPhase section */
		CF0467A62918BF5800E72CC9 /* Sources */ = {
			isa = PBXSourcesBuildPhase;
			buildActionMask = 2147483647;
			files = (
				CFDF0C212918FDDC00E586A1 /* InputTextField.swift in Sources */,
				CF0467B22918BF5800E72CC9 /* ViewController.swift in Sources */,
				CF0467AE2918BF5800E72CC9 /* AppDelegate.swift in Sources */,
				CF0467B02918BF5800E72CC9 /* SceneDelegate.swift in Sources */,
				CFDF0C172918DF8500E586A1 /* TextArea.swift in Sources */,
				CFDF0C1F2918E9D000E586A1 /* ImageConstant.swift in Sources */,
				CFDF0C192918DF9200E586A1 /* BaseView.swift in Sources */,
				CFDF0C23291910E300E586A1 /* UILable+Extension.swift in Sources */,
				CFDF0C1C2918DFA700E586A1 /* BaseViewController.swift in Sources */,
				CFDF0C0D2918D0A800E586A1 /* ColorConstant.swift in Sources */,
				CFDF0C0F2918D3C500E586A1 /* FontConstant.swift in Sources */,
			);
			runOnlyForDeploymentPostprocessing = 0;
		};
/* End PBXSourcesBuildPhase section */

/* Begin PBXVariantGroup section */
		CF0467B82918BF5900E72CC9 /* LaunchScreen.storyboard */ = {
			isa = PBXVariantGroup;
			children = (
				CF0467B92918BF5900E72CC9 /* Base */,
			);
			name = LaunchScreen.storyboard;
			sourceTree = "<group>";
		};
/* End PBXVariantGroup section */

/* Begin XCBuildConfiguration section */
		CF0467BC2918BF5900E72CC9 /* Debug */ = {
			isa = XCBuildConfiguration;
			buildSettings = {
				ALWAYS_SEARCH_USER_PATHS = NO;
				CLANG_ANALYZER_NONNULL = YES;
				CLANG_ANALYZER_NUMBER_OBJECT_CONVERSION = YES_AGGRESSIVE;
				CLANG_CXX_LANGUAGE_STANDARD = "gnu++20";
				CLANG_ENABLE_MODULES = YES;
				CLANG_ENABLE_OBJC_ARC = YES;
				CLANG_ENABLE_OBJC_WEAK = YES;
				CLANG_WARN_BLOCK_CAPTURE_AUTORELEASING = YES;
				CLANG_WARN_BOOL_CONVERSION = YES;
				CLANG_WARN_COMMA = YES;
				CLANG_WARN_CONSTANT_CONVERSION = YES;
				CLANG_WARN_DEPRECATED_OBJC_IMPLEMENTATIONS = YES;
				CLANG_WARN_DIRECT_OBJC_ISA_USAGE = YES_ERROR;
				CLANG_WARN_DOCUMENTATION_COMMENTS = YES;
				CLANG_WARN_EMPTY_BODY = YES;
				CLANG_WARN_ENUM_CONVERSION = YES;
				CLANG_WARN_INFINITE_RECURSION = YES;
				CLANG_WARN_INT_CONVERSION = YES;
				CLANG_WARN_NON_LITERAL_NULL_CONVERSION = YES;
				CLANG_WARN_OBJC_IMPLICIT_RETAIN_SELF = YES;
				CLANG_WARN_OBJC_LITERAL_CONVERSION = YES;
				CLANG_WARN_OBJC_ROOT_CLASS = YES_ERROR;
				CLANG_WARN_QUOTED_INCLUDE_IN_FRAMEWORK_HEADER = YES;
				CLANG_WARN_RANGE_LOOP_ANALYSIS = YES;
				CLANG_WARN_STRICT_PROTOTYPES = YES;
				CLANG_WARN_SUSPICIOUS_MOVE = YES;
				CLANG_WARN_UNGUARDED_AVAILABILITY = YES_AGGRESSIVE;
				CLANG_WARN_UNREACHABLE_CODE = YES;
				CLANG_WARN__DUPLICATE_METHOD_MATCH = YES;
				COPY_PHASE_STRIP = NO;
				DEBUG_INFORMATION_FORMAT = dwarf;
				ENABLE_STRICT_OBJC_MSGSEND = YES;
				ENABLE_TESTABILITY = YES;
				GCC_C_LANGUAGE_STANDARD = gnu11;
				GCC_DYNAMIC_NO_PIC = NO;
				GCC_NO_COMMON_BLOCKS = YES;
				GCC_OPTIMIZATION_LEVEL = 0;
				GCC_PREPROCESSOR_DEFINITIONS = (
					"DEBUG=1",
					"$(inherited)",
				);
				GCC_WARN_64_TO_32_BIT_CONVERSION = YES;
				GCC_WARN_ABOUT_RETURN_TYPE = YES_ERROR;
				GCC_WARN_UNDECLARED_SELECTOR = YES;
				GCC_WARN_UNINITIALIZED_AUTOS = YES_AGGRESSIVE;
				GCC_WARN_UNUSED_FUNCTION = YES;
				GCC_WARN_UNUSED_VARIABLE = YES;
				IPHONEOS_DEPLOYMENT_TARGET = 16.0;
				MTL_ENABLE_DEBUG_INFO = INCLUDE_SOURCE;
				MTL_FAST_MATH = YES;
				ONLY_ACTIVE_ARCH = YES;
				SDKROOT = iphoneos;
				SWIFT_ACTIVE_COMPILATION_CONDITIONS = DEBUG;
				SWIFT_OPTIMIZATION_LEVEL = "-Onone";
			};
			name = Debug;
		};
		CF0467BD2918BF5900E72CC9 /* Release */ = {
			isa = XCBuildConfiguration;
			buildSettings = {
				ALWAYS_SEARCH_USER_PATHS = NO;
				CLANG_ANALYZER_NONNULL = YES;
				CLANG_ANALYZER_NUMBER_OBJECT_CONVERSION = YES_AGGRESSIVE;
				CLANG_CXX_LANGUAGE_STANDARD = "gnu++20";
				CLANG_ENABLE_MODULES = YES;
				CLANG_ENABLE_OBJC_ARC = YES;
				CLANG_ENABLE_OBJC_WEAK = YES;
				CLANG_WARN_BLOCK_CAPTURE_AUTORELEASING = YES;
				CLANG_WARN_BOOL_CONVERSION = YES;
				CLANG_WARN_COMMA = YES;
				CLANG_WARN_CONSTANT_CONVERSION = YES;
				CLANG_WARN_DEPRECATED_OBJC_IMPLEMENTATIONS = YES;
				CLANG_WARN_DIRECT_OBJC_ISA_USAGE = YES_ERROR;
				CLANG_WARN_DOCUMENTATION_COMMENTS = YES;
				CLANG_WARN_EMPTY_BODY = YES;
				CLANG_WARN_ENUM_CONVERSION = YES;
				CLANG_WARN_INFINITE_RECURSION = YES;
				CLANG_WARN_INT_CONVERSION = YES;
				CLANG_WARN_NON_LITERAL_NULL_CONVERSION = YES;
				CLANG_WARN_OBJC_IMPLICIT_RETAIN_SELF = YES;
				CLANG_WARN_OBJC_LITERAL_CONVERSION = YES;
				CLANG_WARN_OBJC_ROOT_CLASS = YES_ERROR;
				CLANG_WARN_QUOTED_INCLUDE_IN_FRAMEWORK_HEADER = YES;
				CLANG_WARN_RANGE_LOOP_ANALYSIS = YES;
				CLANG_WARN_STRICT_PROTOTYPES = YES;
				CLANG_WARN_SUSPICIOUS_MOVE = YES;
				CLANG_WARN_UNGUARDED_AVAILABILITY = YES_AGGRESSIVE;
				CLANG_WARN_UNREACHABLE_CODE = YES;
				CLANG_WARN__DUPLICATE_METHOD_MATCH = YES;
				COPY_PHASE_STRIP = NO;
				DEBUG_INFORMATION_FORMAT = "dwarf-with-dsym";
				ENABLE_NS_ASSERTIONS = NO;
				ENABLE_STRICT_OBJC_MSGSEND = YES;
				GCC_C_LANGUAGE_STANDARD = gnu11;
				GCC_NO_COMMON_BLOCKS = YES;
				GCC_WARN_64_TO_32_BIT_CONVERSION = YES;
				GCC_WARN_ABOUT_RETURN_TYPE = YES_ERROR;
				GCC_WARN_UNDECLARED_SELECTOR = YES;
				GCC_WARN_UNINITIALIZED_AUTOS = YES_AGGRESSIVE;
				GCC_WARN_UNUSED_FUNCTION = YES;
				GCC_WARN_UNUSED_VARIABLE = YES;
				IPHONEOS_DEPLOYMENT_TARGET = 16.0;
				MTL_ENABLE_DEBUG_INFO = NO;
				MTL_FAST_MATH = YES;
				SDKROOT = iphoneos;
				SWIFT_COMPILATION_MODE = wholemodule;
				SWIFT_OPTIMIZATION_LEVEL = "-O";
				VALIDATE_PRODUCT = YES;
			};
			name = Release;
		};
		CF0467BF2918BF5900E72CC9 /* Debug */ = {
			isa = XCBuildConfiguration;
			buildSettings = {
				ASSETCATALOG_COMPILER_APPICON_NAME = AppIcon;
				ASSETCATALOG_COMPILER_GLOBAL_ACCENT_COLOR_NAME = AccentColor;
				CODE_SIGN_STYLE = Automatic;
				CURRENT_PROJECT_VERSION = 1;
				DEVELOPMENT_TEAM = V39QSCSL6T;
				GENERATE_INFOPLIST_FILE = YES;
				INFOPLIST_FILE = SeSACFriends/Info.plist;
				INFOPLIST_KEY_UIApplicationSupportsIndirectInputEvents = YES;
				INFOPLIST_KEY_UILaunchStoryboardName = LaunchScreen;
				INFOPLIST_KEY_UISupportedInterfaceOrientations = UIInterfaceOrientationPortrait;
				INFOPLIST_KEY_UISupportedInterfaceOrientations_iPad = "UIInterfaceOrientationLandscapeLeft UIInterfaceOrientationLandscapeRight UIInterfaceOrientationPortrait UIInterfaceOrientationPortraitUpsideDown";
				IPHONEOS_DEPLOYMENT_TARGET = 15.0;
				LD_RUNPATH_SEARCH_PATHS = (
					"$(inherited)",
					"@executable_path/Frameworks",
				);
				MARKETING_VERSION = 1.0;
				PRODUCT_BUNDLE_IDENTIFIER = com.lec.sesac.SeSACFriends;
				PRODUCT_NAME = "$(TARGET_NAME)";
				SUPPORTED_PLATFORMS = "iphoneos iphonesimulator";
				SUPPORTS_MACCATALYST = NO;
				SUPPORTS_MAC_DESIGNED_FOR_IPHONE_IPAD = NO;
				SWIFT_EMIT_LOC_STRINGS = YES;
				SWIFT_VERSION = 5.0;
				TARGETED_DEVICE_FAMILY = 1;
			};
			name = Debug;
		};
		CF0467C02918BF5900E72CC9 /* Release */ = {
			isa = XCBuildConfiguration;
			buildSettings = {
				ASSETCATALOG_COMPILER_APPICON_NAME = AppIcon;
				ASSETCATALOG_COMPILER_GLOBAL_ACCENT_COLOR_NAME = AccentColor;
				CODE_SIGN_STYLE = Automatic;
				CURRENT_PROJECT_VERSION = 1;
				DEVELOPMENT_TEAM = V39QSCSL6T;
				GENERATE_INFOPLIST_FILE = YES;
				INFOPLIST_FILE = SeSACFriends/Info.plist;
				INFOPLIST_KEY_UIApplicationSupportsIndirectInputEvents = YES;
				INFOPLIST_KEY_UILaunchStoryboardName = LaunchScreen;
				INFOPLIST_KEY_UISupportedInterfaceOrientations = UIInterfaceOrientationPortrait;
				INFOPLIST_KEY_UISupportedInterfaceOrientations_iPad = "UIInterfaceOrientationLandscapeLeft UIInterfaceOrientationLandscapeRight UIInterfaceOrientationPortrait UIInterfaceOrientationPortraitUpsideDown";
				IPHONEOS_DEPLOYMENT_TARGET = 15.0;
				LD_RUNPATH_SEARCH_PATHS = (
					"$(inherited)",
					"@executable_path/Frameworks",
				);
				MARKETING_VERSION = 1.0;
				PRODUCT_BUNDLE_IDENTIFIER = com.lec.sesac.SeSACFriends;
				PRODUCT_NAME = "$(TARGET_NAME)";
				SUPPORTED_PLATFORMS = "iphoneos iphonesimulator";
				SUPPORTS_MACCATALYST = NO;
				SUPPORTS_MAC_DESIGNED_FOR_IPHONE_IPAD = NO;
				SWIFT_EMIT_LOC_STRINGS = YES;
				SWIFT_VERSION = 5.0;
				TARGETED_DEVICE_FAMILY = 1;
			};
			name = Release;
		};
/* End XCBuildConfiguration section */

/* Begin XCConfigurationList section */
		CF0467A52918BF5800E72CC9 /* Build configuration list for PBXProject "SeSACFriends" */ = {
			isa = XCConfigurationList;
			buildConfigurations = (
				CF0467BC2918BF5900E72CC9 /* Debug */,
				CF0467BD2918BF5900E72CC9 /* Release */,
			);
			defaultConfigurationIsVisible = 0;
			defaultConfigurationName = Release;
		};
		CF0467BE2918BF5900E72CC9 /* Build configuration list for PBXNativeTarget "SeSACFriends" */ = {
			isa = XCConfigurationList;
			buildConfigurations = (
				CF0467BF2918BF5900E72CC9 /* Debug */,
				CF0467C02918BF5900E72CC9 /* Release */,
			);
			defaultConfigurationIsVisible = 0;
			defaultConfigurationName = Release;
		};
/* End XCConfigurationList section */

/* Begin XCRemoteSwiftPackageReference section */
		CFDF0BF82918C20F00E586A1 /* XCRemoteSwiftPackageReference "RxSwift" */ = {
			isa = XCRemoteSwiftPackageReference;
			repositoryURL = "https://github.com/ReactiveX/RxSwift.git";
			requirement = {
				kind = upToNextMajorVersion;
				minimumVersion = 6.0.0;
			};
		};
		CFDF0BFD2918C22200E586A1 /* XCRemoteSwiftPackageReference "SnapKit" */ = {
			isa = XCRemoteSwiftPackageReference;
			repositoryURL = "https://github.com/SnapKit/SnapKit.git";
			requirement = {
				kind = upToNextMajorVersion;
				minimumVersion = 5.0.0;
			};
		};
		CFDF0C002918C29900E586A1 /* XCRemoteSwiftPackageReference "TextFieldEffects" */ = {
			isa = XCRemoteSwiftPackageReference;
			repositoryURL = "https://github.com/raulriera/TextFieldEffects.git";
			requirement = {
				kind = upToNextMajorVersion;
				minimumVersion = 1.0.0;
			};
		};
/* End XCRemoteSwiftPackageReference section */

/* Begin XCSwiftPackageProductDependency section */
		CFDF0BF92918C20F00E586A1 /* RxCocoa */ = {
			isa = XCSwiftPackageProductDependency;
			package = CFDF0BF82918C20F00E586A1 /* XCRemoteSwiftPackageReference "RxSwift" */;
			productName = RxCocoa;
		};
		CFDF0BFB2918C20F00E586A1 /* RxSwift */ = {
			isa = XCSwiftPackageProductDependency;
			package = CFDF0BF82918C20F00E586A1 /* XCRemoteSwiftPackageReference "RxSwift" */;
			productName = RxSwift;
		};
		CFDF0BFE2918C22200E586A1 /* SnapKit */ = {
			isa = XCSwiftPackageProductDependency;
			package = CFDF0BFD2918C22200E586A1 /* XCRemoteSwiftPackageReference "SnapKit" */;
			productName = SnapKit;
		};
		CFDF0C012918C29900E586A1 /* TextFieldEffects */ = {
			isa = XCSwiftPackageProductDependency;
			package = CFDF0C002918C29900E586A1 /* XCRemoteSwiftPackageReference "TextFieldEffects" */;
			productName = TextFieldEffects;
		};
/* End XCSwiftPackageProductDependency section */
	};
	rootObject = CF0467A22918BF5800E72CC9 /* Project object */;
}
