// !$*UTF8*$!
{
	archiveVersion = 1;
	classes = {
	};
	objectVersion = 56;
	objects = {

/* Begin PBXBuildFile section */
		CF0467AE2918BF5800E72CC9 /* AppDelegate.swift in Sources */ = {isa = PBXBuildFile; fileRef = CF0467AD2918BF5800E72CC9 /* AppDelegate.swift */; };
		CF0467B02918BF5800E72CC9 /* SceneDelegate.swift in Sources */ = {isa = PBXBuildFile; fileRef = CF0467AF2918BF5800E72CC9 /* SceneDelegate.swift */; };
		CF0467B72918BF5900E72CC9 /* Assets.xcassets in Resources */ = {isa = PBXBuildFile; fileRef = CF0467B62918BF5900E72CC9 /* Assets.xcassets */; };
		CF0467BA2918BF5900E72CC9 /* LaunchScreen.storyboard in Resources */ = {isa = PBXBuildFile; fileRef = CF0467B82918BF5900E72CC9 /* LaunchScreen.storyboard */; };
		CF2E8308291D69AA00D2DE1C /* SignUpUseCaseImpi.swift in Sources */ = {isa = PBXBuildFile; fileRef = CF2E8307291D69AA00D2DE1C /* SignUpUseCaseImpi.swift */; };
		CF2E830A291D69E900D2DE1C /* NickInputView.swift in Sources */ = {isa = PBXBuildFile; fileRef = CF2E8309291D69E900D2DE1C /* NickInputView.swift */; };
		CF2E830E291D6ABE00D2DE1C /* NickInputViewController.swift in Sources */ = {isa = PBXBuildFile; fileRef = CF2E830D291D6ABE00D2DE1C /* NickInputViewController.swift */; };
		CF2E8310291D6EC100D2DE1C /* NickInputViewModel.swift in Sources */ = {isa = PBXBuildFile; fileRef = CF2E830F291D6EC100D2DE1C /* NickInputViewModel.swift */; };
		CF2E8314291D73BB00D2DE1C /* BirthInputView.swift in Sources */ = {isa = PBXBuildFile; fileRef = CF2E8313291D73BB00D2DE1C /* BirthInputView.swift */; };
		CF2E8317291D73D300D2DE1C /* BirthInputViewController.swift in Sources */ = {isa = PBXBuildFile; fileRef = CF2E8316291D73D300D2DE1C /* BirthInputViewController.swift */; };
		CF2E831B291D74AA00D2DE1C /* EmailInputView.swift in Sources */ = {isa = PBXBuildFile; fileRef = CF2E831A291D74AA00D2DE1C /* EmailInputView.swift */; };
		CF2E831E291D74C300D2DE1C /* EmailInputViewController.swift in Sources */ = {isa = PBXBuildFile; fileRef = CF2E831D291D74C300D2DE1C /* EmailInputViewController.swift */; };
		CF2E8320291D74D000D2DE1C /* GenderInputView.swift in Sources */ = {isa = PBXBuildFile; fileRef = CF2E831F291D74D000D2DE1C /* GenderInputView.swift */; };
		CF2E8322291D74DC00D2DE1C /* GenderInputViewController.swift in Sources */ = {isa = PBXBuildFile; fileRef = CF2E8321291D74DC00D2DE1C /* GenderInputViewController.swift */; };
		CF2E8324291D74F600D2DE1C /* BirthInputViewModel.swift in Sources */ = {isa = PBXBuildFile; fileRef = CF2E8323291D74F600D2DE1C /* BirthInputViewModel.swift */; };
		CF2E8326291D750900D2DE1C /* EmailInputViewModel.swift in Sources */ = {isa = PBXBuildFile; fileRef = CF2E8325291D750900D2DE1C /* EmailInputViewModel.swift */; };
		CF2E8328291D751900D2DE1C /* GenderInputViewModel.swift in Sources */ = {isa = PBXBuildFile; fileRef = CF2E8327291D751900D2DE1C /* GenderInputViewModel.swift */; };
		CF2E832A291D771900D2DE1C /* GenderInputCollectionViewCell.swift in Sources */ = {isa = PBXBuildFile; fileRef = CF2E8329291D771900D2DE1C /* GenderInputCollectionViewCell.swift */; };
		CF2E832C291D7B3D00D2DE1C /* CheckNetworkStatus.swift in Sources */ = {isa = PBXBuildFile; fileRef = CF2E832B291D7B3D00D2DE1C /* CheckNetworkStatus.swift */; };
		CF2E832E291D7BA700D2DE1C /* CheckIDToken.swift in Sources */ = {isa = PBXBuildFile; fileRef = CF2E832D291D7BA700D2DE1C /* CheckIDToken.swift */; };
		CF2E8331291E95F600D2DE1C /* SignUpUseCase.swift in Sources */ = {isa = PBXBuildFile; fileRef = CF2E8330291E95F600D2DE1C /* SignUpUseCase.swift */; };
		CF2E8333291E961300D2DE1C /* AuthUseCase.swift in Sources */ = {isa = PBXBuildFile; fileRef = CF2E8332291E961300D2DE1C /* AuthUseCase.swift */; };
		CF2E833629200CF200D2DE1C /* StartViewController.swift in Sources */ = {isa = PBXBuildFile; fileRef = CF2E833529200CF200D2DE1C /* StartViewController.swift */; };
		CFDF0BFF2918C22200E586A1 /* SnapKit in Frameworks */ = {isa = PBXBuildFile; productRef = CFDF0BFE2918C22200E586A1 /* SnapKit */; };
		CFDF0C022918C29900E586A1 /* TextFieldEffects in Frameworks */ = {isa = PBXBuildFile; productRef = CFDF0C012918C29900E586A1 /* TextFieldEffects */; };
		CFDF0C0A2918CD8800E586A1 /* .gitignore in Resources */ = {isa = PBXBuildFile; fileRef = CFDF0C092918CD8800E586A1 /* .gitignore */; };
		CFDF0C0D2918D0A800E586A1 /* ColorConstant.swift in Sources */ = {isa = PBXBuildFile; fileRef = CFDF0C0C2918D0A800E586A1 /* ColorConstant.swift */; };
		CFDF0C0F2918D3C500E586A1 /* FontConstant.swift in Sources */ = {isa = PBXBuildFile; fileRef = CFDF0C0E2918D3C500E586A1 /* FontConstant.swift */; };
		CFDF0C132918D7F100E586A1 /* NotoSansKR-Medium.otf in Resources */ = {isa = PBXBuildFile; fileRef = CFDF0C122918D76D00E586A1 /* NotoSansKR-Medium.otf */; };
		CFDF0C142918D7F100E586A1 /* NotoSansKR-Regular.otf in Resources */ = {isa = PBXBuildFile; fileRef = CFDF0C112918D76C00E586A1 /* NotoSansKR-Regular.otf */; };
		CFDF0C172918DF8500E586A1 /* TextArea.swift in Sources */ = {isa = PBXBuildFile; fileRef = CFDF0C162918DF8500E586A1 /* TextArea.swift */; };
		CFDF0C192918DF9200E586A1 /* BaseView.swift in Sources */ = {isa = PBXBuildFile; fileRef = CFDF0C182918DF9200E586A1 /* BaseView.swift */; };
		CFDF0C1C2918DFA700E586A1 /* BaseViewController.swift in Sources */ = {isa = PBXBuildFile; fileRef = CFDF0C1B2918DFA700E586A1 /* BaseViewController.swift */; };
		CFDF0C1F2918E9D000E586A1 /* ImageConstant.swift in Sources */ = {isa = PBXBuildFile; fileRef = CFDF0C1E2918E9D000E586A1 /* ImageConstant.swift */; };
		CFDF0C212918FDDC00E586A1 /* InputTextField.swift in Sources */ = {isa = PBXBuildFile; fileRef = CFDF0C202918FDDC00E586A1 /* InputTextField.swift */; };
		CFDF0C23291910E300E586A1 /* UILabel+Extension.swift in Sources */ = {isa = PBXBuildFile; fileRef = CFDF0C22291910E300E586A1 /* UILabel+Extension.swift */; };
		CFDF0C28291921E900E586A1 /* FirebaseAnalyticsWithoutAdIdSupport in Frameworks */ = {isa = PBXBuildFile; productRef = CFDF0C27291921E900E586A1 /* FirebaseAnalyticsWithoutAdIdSupport */; };
		CFDF0C2A291921E900E586A1 /* FirebaseAuth in Frameworks */ = {isa = PBXBuildFile; productRef = CFDF0C29291921E900E586A1 /* FirebaseAuth */; };
		CFDF0C2C291921E900E586A1 /* FirebaseCrashlytics in Frameworks */ = {isa = PBXBuildFile; productRef = CFDF0C2B291921E900E586A1 /* FirebaseCrashlytics */; };
		CFDF0C2E291921E900E586A1 /* FirebaseMessaging in Frameworks */ = {isa = PBXBuildFile; productRef = CFDF0C2D291921E900E586A1 /* FirebaseMessaging */; };
		CFDF0C38291928C500E586A1 /* MainButton.swift in Sources */ = {isa = PBXBuildFile; fileRef = CFDF0C37291928C500E586A1 /* MainButton.swift */; };
		CFDF0C3A2919484700E586A1 /* UIButton+Extension.swift in Sources */ = {isa = PBXBuildFile; fileRef = CFDF0C392919484700E586A1 /* UIButton+Extension.swift */; };
		CFDF0C3C29194D7400E586A1 /* OnboardingViewController.swift in Sources */ = {isa = PBXBuildFile; fileRef = CFDF0C3B29194D7400E586A1 /* OnboardingViewController.swift */; };
		CFDF0C41291A130900E586A1 /* ObBoardingScrollView.swift in Sources */ = {isa = PBXBuildFile; fileRef = CFDF0C40291A130900E586A1 /* ObBoardingScrollView.swift */; };
		CFDF0C44291A133900E586A1 /* BaseCollectionViewCell.swift in Sources */ = {isa = PBXBuildFile; fileRef = CFDF0C43291A133900E586A1 /* BaseCollectionViewCell.swift */; };
		CFDF0C46291A1DD500E586A1 /* OnboardingView.swift in Sources */ = {isa = PBXBuildFile; fileRef = CFDF0C45291A1DD500E586A1 /* OnboardingView.swift */; };
		CFDF0C49291A53B000E586A1 /* PhoneAuthView.swift in Sources */ = {isa = PBXBuildFile; fileRef = CFDF0C48291A53B000E586A1 /* PhoneAuthView.swift */; };
		CFDF0C4B291A626F00E586A1 /* PhoneAuthViewController.swift in Sources */ = {isa = PBXBuildFile; fileRef = CFDF0C4A291A626E00E586A1 /* PhoneAuthViewController.swift */; };
		CFDF0C4F291A65DC00E586A1 /* MessageAuthView.swift in Sources */ = {isa = PBXBuildFile; fileRef = CFDF0C4E291A65DC00E586A1 /* MessageAuthView.swift */; };
		CFDF0C51291A6F0700E586A1 /* MessageAuthViewController.swift in Sources */ = {isa = PBXBuildFile; fileRef = CFDF0C50291A6F0700E586A1 /* MessageAuthViewController.swift */; };
		CFDF0C54291A72F900E586A1 /* AuthUseCaseImpi.swift in Sources */ = {isa = PBXBuildFile; fileRef = CFDF0C53291A72F900E586A1 /* AuthUseCaseImpi.swift */; };
		CFDF0C59291A8B0900E586A1 /* MessageAuthViewModel.swift in Sources */ = {isa = PBXBuildFile; fileRef = CFDF0C58291A8B0900E586A1 /* MessageAuthViewModel.swift */; };
		CFDF0C5B291A8B1600E586A1 /* PhoneAuthViewModel.swift in Sources */ = {isa = PBXBuildFile; fileRef = CFDF0C5A291A8B1600E586A1 /* PhoneAuthViewModel.swift */; };
		CFDF0C5D291A8BE800E586A1 /* UserDefaultsConstant.swift in Sources */ = {isa = PBXBuildFile; fileRef = CFDF0C5C291A8BE800E586A1 /* UserDefaultsConstant.swift */; };
		CFDF0C60291A8C1600E586A1 /* ViewModelType.swift in Sources */ = {isa = PBXBuildFile; fileRef = CFDF0C5F291A8C1600E586A1 /* ViewModelType.swift */; };
		CFDF0C64291BF21300E586A1 /* Toast in Frameworks */ = {isa = PBXBuildFile; productRef = CFDF0C63291BF21300E586A1 /* Toast */; };
		CFDF0C6F291CDE8900E586A1 /* CustomUserDefaults.swift in Sources */ = {isa = PBXBuildFile; fileRef = CFDF0C6E291CDE8900E586A1 /* CustomUserDefaults.swift */; };
		CFDF0C71291CFC4C00E586A1 /* UserDefaults+Extension.swift in Sources */ = {isa = PBXBuildFile; fileRef = CFDF0C70291CFC4C00E586A1 /* UserDefaults+Extension.swift */; };
		CFDF0C73291D035500E586A1 /* GoogleService-Info.plist in Resources */ = {isa = PBXBuildFile; fileRef = CFDF0C72291D035500E586A1 /* GoogleService-Info.plist */; };
		CFDF0C75291D098700E586A1 /* Endpoint.swift in Sources */ = {isa = PBXBuildFile; fileRef = CFDF0C74291D098700E586A1 /* Endpoint.swift */; };
		CFDF0C78291D0ACF00E586A1 /* HTTPHeader.swift in Sources */ = {isa = PBXBuildFile; fileRef = CFDF0C77291D0ACF00E586A1 /* HTTPHeader.swift */; };
		CFDF0C7A291D0AFE00E586A1 /* HTTPMethod.swift in Sources */ = {isa = PBXBuildFile; fileRef = CFDF0C79291D0AFE00E586A1 /* HTTPMethod.swift */; };
		CFDF0C7E291D30FC00E586A1 /* APIError.swift in Sources */ = {isa = PBXBuildFile; fileRef = CFDF0C7D291D30FC00E586A1 /* APIError.swift */; };
		CFDF0C80291D36FB00E586A1 /* UserInfo.swift in Sources */ = {isa = PBXBuildFile; fileRef = CFDF0C7F291D36FA00E586A1 /* UserInfo.swift */; };
		CFFFBED7291D503F00E4DAB4 /* RxCocoa in Frameworks */ = {isa = PBXBuildFile; productRef = CFFFBED6291D503F00E4DAB4 /* RxCocoa */; };
		CFFFBED9291D503F00E4DAB4 /* RxSwift in Frameworks */ = {isa = PBXBuildFile; productRef = CFFFBED8291D503F00E4DAB4 /* RxSwift */; };
		CFFFBEDB291D533100E4DAB4 /* APIService.swift in Sources */ = {isa = PBXBuildFile; fileRef = CFFFBEDA291D533100E4DAB4 /* APIService.swift */; };
/* End PBXBuildFile section */

/* Begin PBXFileReference section */
		CF0467AA2918BF5800E72CC9 /* SeSACFriends.app */ = {isa = PBXFileReference; explicitFileType = wrapper.application; includeInIndex = 0; path = SeSACFriends.app; sourceTree = BUILT_PRODUCTS_DIR; };
		CF0467AD2918BF5800E72CC9 /* AppDelegate.swift */ = {isa = PBXFileReference; lastKnownFileType = sourcecode.swift; path = AppDelegate.swift; sourceTree = "<group>"; };
		CF0467AF2918BF5800E72CC9 /* SceneDelegate.swift */ = {isa = PBXFileReference; lastKnownFileType = sourcecode.swift; path = SceneDelegate.swift; sourceTree = "<group>"; };
		CF0467B62918BF5900E72CC9 /* Assets.xcassets */ = {isa = PBXFileReference; lastKnownFileType = folder.assetcatalog; path = Assets.xcassets; sourceTree = "<group>"; };
		CF0467B92918BF5900E72CC9 /* Base */ = {isa = PBXFileReference; lastKnownFileType = file.storyboard; name = Base; path = Base.lproj/LaunchScreen.storyboard; sourceTree = "<group>"; };
		CF0467BB2918BF5900E72CC9 /* Info.plist */ = {isa = PBXFileReference; lastKnownFileType = text.plist.xml; path = Info.plist; sourceTree = "<group>"; };
		CF2E8307291D69AA00D2DE1C /* SignUpUseCaseImpi.swift */ = {isa = PBXFileReference; lastKnownFileType = sourcecode.swift; path = SignUpUseCaseImpi.swift; sourceTree = "<group>"; };
		CF2E8309291D69E900D2DE1C /* NickInputView.swift */ = {isa = PBXFileReference; lastKnownFileType = sourcecode.swift; path = NickInputView.swift; sourceTree = "<group>"; };
		CF2E830D291D6ABE00D2DE1C /* NickInputViewController.swift */ = {isa = PBXFileReference; lastKnownFileType = sourcecode.swift; path = NickInputViewController.swift; sourceTree = "<group>"; };
		CF2E830F291D6EC100D2DE1C /* NickInputViewModel.swift */ = {isa = PBXFileReference; lastKnownFileType = sourcecode.swift; path = NickInputViewModel.swift; sourceTree = "<group>"; };
		CF2E8313291D73BB00D2DE1C /* BirthInputView.swift */ = {isa = PBXFileReference; lastKnownFileType = sourcecode.swift; path = BirthInputView.swift; sourceTree = "<group>"; };
		CF2E8316291D73D300D2DE1C /* BirthInputViewController.swift */ = {isa = PBXFileReference; lastKnownFileType = sourcecode.swift; path = BirthInputViewController.swift; sourceTree = "<group>"; };
		CF2E831A291D74AA00D2DE1C /* EmailInputView.swift */ = {isa = PBXFileReference; lastKnownFileType = sourcecode.swift; path = EmailInputView.swift; sourceTree = "<group>"; };
		CF2E831D291D74C300D2DE1C /* EmailInputViewController.swift */ = {isa = PBXFileReference; lastKnownFileType = sourcecode.swift; path = EmailInputViewController.swift; sourceTree = "<group>"; };
		CF2E831F291D74D000D2DE1C /* GenderInputView.swift */ = {isa = PBXFileReference; lastKnownFileType = sourcecode.swift; path = GenderInputView.swift; sourceTree = "<group>"; };
		CF2E8321291D74DC00D2DE1C /* GenderInputViewController.swift */ = {isa = PBXFileReference; lastKnownFileType = sourcecode.swift; path = GenderInputViewController.swift; sourceTree = "<group>"; };
		CF2E8323291D74F600D2DE1C /* BirthInputViewModel.swift */ = {isa = PBXFileReference; lastKnownFileType = sourcecode.swift; path = BirthInputViewModel.swift; sourceTree = "<group>"; };
		CF2E8325291D750900D2DE1C /* EmailInputViewModel.swift */ = {isa = PBXFileReference; lastKnownFileType = sourcecode.swift; path = EmailInputViewModel.swift; sourceTree = "<group>"; };
		CF2E8327291D751900D2DE1C /* GenderInputViewModel.swift */ = {isa = PBXFileReference; lastKnownFileType = sourcecode.swift; path = GenderInputViewModel.swift; sourceTree = "<group>"; };
		CF2E8329291D771900D2DE1C /* GenderInputCollectionViewCell.swift */ = {isa = PBXFileReference; lastKnownFileType = sourcecode.swift; path = GenderInputCollectionViewCell.swift; sourceTree = "<group>"; };
		CF2E832B291D7B3D00D2DE1C /* CheckNetworkStatus.swift */ = {isa = PBXFileReference; lastKnownFileType = sourcecode.swift; path = CheckNetworkStatus.swift; sourceTree = "<group>"; };
		CF2E832D291D7BA700D2DE1C /* CheckIDToken.swift */ = {isa = PBXFileReference; lastKnownFileType = sourcecode.swift; path = CheckIDToken.swift; sourceTree = "<group>"; };
		CF2E8330291E95F600D2DE1C /* SignUpUseCase.swift */ = {isa = PBXFileReference; lastKnownFileType = sourcecode.swift; path = SignUpUseCase.swift; sourceTree = "<group>"; };
		CF2E8332291E961300D2DE1C /* AuthUseCase.swift */ = {isa = PBXFileReference; lastKnownFileType = sourcecode.swift; path = AuthUseCase.swift; sourceTree = "<group>"; };
		CF2E833529200CF200D2DE1C /* StartViewController.swift */ = {isa = PBXFileReference; lastKnownFileType = sourcecode.swift; path = StartViewController.swift; sourceTree = "<group>"; };
		CFDF0C062918C35100E586A1 /* README.md */ = {isa = PBXFileReference; lastKnownFileType = net.daringfireball.markdown; path = README.md; sourceTree = "<group>"; };
		CFDF0C092918CD8800E586A1 /* .gitignore */ = {isa = PBXFileReference; lastKnownFileType = text; path = .gitignore; sourceTree = "<group>"; };
		CFDF0C0C2918D0A800E586A1 /* ColorConstant.swift */ = {isa = PBXFileReference; lastKnownFileType = sourcecode.swift; path = ColorConstant.swift; sourceTree = "<group>"; };
		CFDF0C0E2918D3C500E586A1 /* FontConstant.swift */ = {isa = PBXFileReference; lastKnownFileType = sourcecode.swift; path = FontConstant.swift; sourceTree = "<group>"; };
		CFDF0C112918D76C00E586A1 /* NotoSansKR-Regular.otf */ = {isa = PBXFileReference; lastKnownFileType = file; path = "NotoSansKR-Regular.otf"; sourceTree = "<group>"; };
		CFDF0C122918D76D00E586A1 /* NotoSansKR-Medium.otf */ = {isa = PBXFileReference; lastKnownFileType = file; path = "NotoSansKR-Medium.otf"; sourceTree = "<group>"; };
		CFDF0C162918DF8500E586A1 /* TextArea.swift */ = {isa = PBXFileReference; lastKnownFileType = sourcecode.swift; path = TextArea.swift; sourceTree = "<group>"; };
		CFDF0C182918DF9200E586A1 /* BaseView.swift */ = {isa = PBXFileReference; lastKnownFileType = sourcecode.swift; path = BaseView.swift; sourceTree = "<group>"; };
		CFDF0C1B2918DFA700E586A1 /* BaseViewController.swift */ = {isa = PBXFileReference; lastKnownFileType = sourcecode.swift; path = BaseViewController.swift; sourceTree = "<group>"; };
		CFDF0C1E2918E9D000E586A1 /* ImageConstant.swift */ = {isa = PBXFileReference; lastKnownFileType = sourcecode.swift; path = ImageConstant.swift; sourceTree = "<group>"; };
		CFDF0C202918FDDC00E586A1 /* InputTextField.swift */ = {isa = PBXFileReference; lastKnownFileType = sourcecode.swift; path = InputTextField.swift; sourceTree = "<group>"; };
		CFDF0C22291910E300E586A1 /* UILabel+Extension.swift */ = {isa = PBXFileReference; lastKnownFileType = sourcecode.swift; path = "UILabel+Extension.swift"; sourceTree = "<group>"; };
		CFDF0C37291928C500E586A1 /* MainButton.swift */ = {isa = PBXFileReference; lastKnownFileType = sourcecode.swift; path = MainButton.swift; sourceTree = "<group>"; };
		CFDF0C392919484700E586A1 /* UIButton+Extension.swift */ = {isa = PBXFileReference; lastKnownFileType = sourcecode.swift; path = "UIButton+Extension.swift"; sourceTree = "<group>"; };
		CFDF0C3B29194D7400E586A1 /* OnboardingViewController.swift */ = {isa = PBXFileReference; lastKnownFileType = sourcecode.swift; path = OnboardingViewController.swift; sourceTree = "<group>"; };
		CFDF0C40291A130900E586A1 /* ObBoardingScrollView.swift */ = {isa = PBXFileReference; lastKnownFileType = sourcecode.swift; path = ObBoardingScrollView.swift; sourceTree = "<group>"; };
		CFDF0C43291A133900E586A1 /* BaseCollectionViewCell.swift */ = {isa = PBXFileReference; lastKnownFileType = sourcecode.swift; path = BaseCollectionViewCell.swift; sourceTree = "<group>"; };
		CFDF0C45291A1DD500E586A1 /* OnboardingView.swift */ = {isa = PBXFileReference; lastKnownFileType = sourcecode.swift; path = OnboardingView.swift; sourceTree = "<group>"; };
		CFDF0C48291A53B000E586A1 /* PhoneAuthView.swift */ = {isa = PBXFileReference; lastKnownFileType = sourcecode.swift; path = PhoneAuthView.swift; sourceTree = "<group>"; };
		CFDF0C4A291A626E00E586A1 /* PhoneAuthViewController.swift */ = {isa = PBXFileReference; lastKnownFileType = sourcecode.swift; path = PhoneAuthViewController.swift; sourceTree = "<group>"; };
		CFDF0C4E291A65DC00E586A1 /* MessageAuthView.swift */ = {isa = PBXFileReference; lastKnownFileType = sourcecode.swift; path = MessageAuthView.swift; sourceTree = "<group>"; };
		CFDF0C50291A6F0700E586A1 /* MessageAuthViewController.swift */ = {isa = PBXFileReference; lastKnownFileType = sourcecode.swift; path = MessageAuthViewController.swift; sourceTree = "<group>"; };
		CFDF0C53291A72F900E586A1 /* AuthUseCaseImpi.swift */ = {isa = PBXFileReference; lastKnownFileType = sourcecode.swift; path = AuthUseCaseImpi.swift; sourceTree = "<group>"; };
		CFDF0C58291A8B0900E586A1 /* MessageAuthViewModel.swift */ = {isa = PBXFileReference; lastKnownFileType = sourcecode.swift; path = MessageAuthViewModel.swift; sourceTree = "<group>"; };
		CFDF0C5A291A8B1600E586A1 /* PhoneAuthViewModel.swift */ = {isa = PBXFileReference; lastKnownFileType = sourcecode.swift; path = PhoneAuthViewModel.swift; sourceTree = "<group>"; };
		CFDF0C5C291A8BE800E586A1 /* UserDefaultsConstant.swift */ = {isa = PBXFileReference; lastKnownFileType = sourcecode.swift; path = UserDefaultsConstant.swift; sourceTree = "<group>"; };
		CFDF0C5F291A8C1600E586A1 /* ViewModelType.swift */ = {isa = PBXFileReference; lastKnownFileType = sourcecode.swift; path = ViewModelType.swift; sourceTree = "<group>"; };
		CFDF0C6E291CDE8900E586A1 /* CustomUserDefaults.swift */ = {isa = PBXFileReference; lastKnownFileType = sourcecode.swift; path = CustomUserDefaults.swift; sourceTree = "<group>"; };
		CFDF0C70291CFC4C00E586A1 /* UserDefaults+Extension.swift */ = {isa = PBXFileReference; lastKnownFileType = sourcecode.swift; path = "UserDefaults+Extension.swift"; sourceTree = "<group>"; };
		CFDF0C72291D035500E586A1 /* GoogleService-Info.plist */ = {isa = PBXFileReference; fileEncoding = 4; lastKnownFileType = text.plist.xml; path = "GoogleService-Info.plist"; sourceTree = "<group>"; };
		CFDF0C74291D098700E586A1 /* Endpoint.swift */ = {isa = PBXFileReference; lastKnownFileType = sourcecode.swift; path = Endpoint.swift; sourceTree = "<group>"; };
		CFDF0C77291D0ACF00E586A1 /* HTTPHeader.swift */ = {isa = PBXFileReference; lastKnownFileType = sourcecode.swift; path = HTTPHeader.swift; sourceTree = "<group>"; };
		CFDF0C79291D0AFE00E586A1 /* HTTPMethod.swift */ = {isa = PBXFileReference; lastKnownFileType = sourcecode.swift; path = HTTPMethod.swift; sourceTree = "<group>"; };
		CFDF0C7D291D30FC00E586A1 /* APIError.swift */ = {isa = PBXFileReference; lastKnownFileType = sourcecode.swift; path = APIError.swift; sourceTree = "<group>"; };
		CFDF0C7F291D36FA00E586A1 /* UserInfo.swift */ = {isa = PBXFileReference; lastKnownFileType = sourcecode.swift; path = UserInfo.swift; sourceTree = "<group>"; };
		CFFFBEDA291D533100E4DAB4 /* APIService.swift */ = {isa = PBXFileReference; lastKnownFileType = sourcecode.swift; path = APIService.swift; sourceTree = "<group>"; };
/* End PBXFileReference section */

/* Begin PBXFrameworksBuildPhase section */
		CF0467A72918BF5800E72CC9 /* Frameworks */ = {
			isa = PBXFrameworksBuildPhase;
			buildActionMask = 2147483647;
			files = (
				CFFFBED9291D503F00E4DAB4 /* RxSwift in Frameworks */,
				CFDF0C2E291921E900E586A1 /* FirebaseMessaging in Frameworks */,
				CFDF0BFF2918C22200E586A1 /* SnapKit in Frameworks */,
				CFDF0C2A291921E900E586A1 /* FirebaseAuth in Frameworks */,
				CFDF0C64291BF21300E586A1 /* Toast in Frameworks */,
				CFDF0C28291921E900E586A1 /* FirebaseAnalyticsWithoutAdIdSupport in Frameworks */,
				CFDF0C2C291921E900E586A1 /* FirebaseCrashlytics in Frameworks */,
				CFFFBED7291D503F00E4DAB4 /* RxCocoa in Frameworks */,
				CFDF0C022918C29900E586A1 /* TextFieldEffects in Frameworks */,
			);
			runOnlyForDeploymentPostprocessing = 0;
		};
/* End PBXFrameworksBuildPhase section */

/* Begin PBXGroup section */
		CF0467A12918BF5800E72CC9 = {
			isa = PBXGroup;
			children = (
				CFDF0C092918CD8800E586A1 /* .gitignore */,
				CFDF0C062918C35100E586A1 /* README.md */,
				CF0467AC2918BF5800E72CC9 /* SeSACFriends */,
				CF0467AB2918BF5800E72CC9 /* Products */,
			);
			sourceTree = "<group>";
		};
		CF0467AB2918BF5800E72CC9 /* Products */ = {
			isa = PBXGroup;
			children = (
				CF0467AA2918BF5800E72CC9 /* SeSACFriends.app */,
			);
			name = Products;
			sourceTree = "<group>";
		};
		CF0467AC2918BF5800E72CC9 /* SeSACFriends */ = {
			isa = PBXGroup;
			children = (
				CFDF0C32291925CD00E586A1 /* Data */,
				CFDF0C31291925C800E586A1 /* Domain */,
				CFDF0C30291925C200E586A1 /* Presenter */,
				CFDF0C2F291925B700E586A1 /* Scene */,
				CFDF0C152918DEF900E586A1 /* Utility */,
				CFDF0C102918D57200E586A1 /* Fonts */,
				CFDF0C0B2918D08F00E586A1 /* Constants */,
				CFDF0C052918C2ED00E586A1 /* IgnoreFolder */,
				CF0467AD2918BF5800E72CC9 /* AppDelegate.swift */,
				CF0467AF2918BF5800E72CC9 /* SceneDelegate.swift */,
				CF0467B62918BF5900E72CC9 /* Assets.xcassets */,
				CF0467B82918BF5900E72CC9 /* LaunchScreen.storyboard */,
				CF0467BB2918BF5900E72CC9 /* Info.plist */,
				CFDF0C72291D035500E586A1 /* GoogleService-Info.plist */,
			);
			path = SeSACFriends;
			sourceTree = "<group>";
		};
		CF2E8306291D698500D2DE1C /* UseCase */ = {
			isa = PBXGroup;
			children = (
				CF2E832F291E95C400D2DE1C /* Protocols */,
				CFDF0C53291A72F900E586A1 /* AuthUseCaseImpi.swift */,
				CF2E8307291D69AA00D2DE1C /* SignUpUseCaseImpi.swift */,
			);
			path = UseCase;
			sourceTree = "<group>";
		};
		CF2E830B291D6A9500D2DE1C /* SignUp */ = {
			isa = PBXGroup;
			children = (
				CF2E830F291D6EC100D2DE1C /* NickInputViewModel.swift */,
				CF2E8323291D74F600D2DE1C /* BirthInputViewModel.swift */,
				CF2E8325291D750900D2DE1C /* EmailInputViewModel.swift */,
				CF2E8327291D751900D2DE1C /* GenderInputViewModel.swift */,
			);
			path = SignUp;
			sourceTree = "<group>";
		};
		CF2E830C291D6AA800D2DE1C /* NickName */ = {
			isa = PBXGroup;
			children = (
				CF2E8309291D69E900D2DE1C /* NickInputView.swift */,
				CF2E830D291D6ABE00D2DE1C /* NickInputViewController.swift */,
			);
			path = NickName;
			sourceTree = "<group>";
		};
		CF2E8311291D739700D2DE1C /* Birth */ = {
			isa = PBXGroup;
			children = (
				CF2E8313291D73BB00D2DE1C /* BirthInputView.swift */,
				CF2E8316291D73D300D2DE1C /* BirthInputViewController.swift */,
			);
			path = Birth;
			sourceTree = "<group>";
		};
		CF2E8318291D73EB00D2DE1C /* Email */ = {
			isa = PBXGroup;
			children = (
				CF2E831A291D74AA00D2DE1C /* EmailInputView.swift */,
				CF2E831D291D74C300D2DE1C /* EmailInputViewController.swift */,
			);
			path = Email;
			sourceTree = "<group>";
		};
		CF2E8319291D73F400D2DE1C /* Gender */ = {
			isa = PBXGroup;
			children = (
				CF2E831F291D74D000D2DE1C /* GenderInputView.swift */,
				CF2E8321291D74DC00D2DE1C /* GenderInputViewController.swift */,
				CF2E8329291D771900D2DE1C /* GenderInputCollectionViewCell.swift */,
			);
			path = Gender;
			sourceTree = "<group>";
		};
		CF2E832F291E95C400D2DE1C /* Protocols */ = {
			isa = PBXGroup;
			children = (
				CF2E8330291E95F600D2DE1C /* SignUpUseCase.swift */,
				CF2E8332291E961300D2DE1C /* AuthUseCase.swift */,
			);
			path = Protocols;
			sourceTree = "<group>";
		};
		CF2E833429200CD700D2DE1C /* Start */ = {
			isa = PBXGroup;
			children = (
				CF2E833529200CF200D2DE1C /* StartViewController.swift */,
			);
			path = Start;
			sourceTree = "<group>";
		};
		CFDF0C052918C2ED00E586A1 /* IgnoreFolder */ = {
			isa = PBXGroup;
			children = (
			);
			path = IgnoreFolder;
			sourceTree = "<group>";
		};
		CFDF0C0B2918D08F00E586A1 /* Constants */ = {
			isa = PBXGroup;
			children = (
				CFDF0C0C2918D0A800E586A1 /* ColorConstant.swift */,
				CFDF0C0E2918D3C500E586A1 /* FontConstant.swift */,
				CFDF0C1E2918E9D000E586A1 /* ImageConstant.swift */,
			);
			path = Constants;
			sourceTree = "<group>";
		};
		CFDF0C102918D57200E586A1 /* Fonts */ = {
			isa = PBXGroup;
			children = (
				CFDF0C122918D76D00E586A1 /* NotoSansKR-Medium.otf */,
				CFDF0C112918D76C00E586A1 /* NotoSansKR-Regular.otf */,
			);
			path = Fonts;
			sourceTree = "<group>";
		};
		CFDF0C152918DEF900E586A1 /* Utility */ = {
			isa = PBXGroup;
			children = (
				CFDF0C76291D0A6E00E586A1 /* NetWorkSupport */,
				CFDF0C6C291CDE3A00E586A1 /* UserDefaultsCustom */,
				CFDF0C5E291A8C0000E586A1 /* Protocols */,
				CFDF0C42291A131700E586A1 /* Extension */,
				CFDF0C1D2918DFB500E586A1 /* SubView */,
				CFDF0C1A2918DF9500E586A1 /* Base */,
			);
			path = Utility;
			sourceTree = "<group>";
		};
		CFDF0C1A2918DF9500E586A1 /* Base */ = {
			isa = PBXGroup;
			children = (
				CFDF0C182918DF9200E586A1 /* BaseView.swift */,
				CFDF0C1B2918DFA700E586A1 /* BaseViewController.swift */,
				CFDF0C43291A133900E586A1 /* BaseCollectionViewCell.swift */,
			);
			path = Base;
			sourceTree = "<group>";
		};
		CFDF0C1D2918DFB500E586A1 /* SubView */ = {
			isa = PBXGroup;
			children = (
				CFDF0C162918DF8500E586A1 /* TextArea.swift */,
				CFDF0C202918FDDC00E586A1 /* InputTextField.swift */,
				CFDF0C37291928C500E586A1 /* MainButton.swift */,
			);
			path = SubView;
			sourceTree = "<group>";
		};
		CFDF0C2F291925B700E586A1 /* Scene */ = {
			isa = PBXGroup;
			children = (
				CF2E833429200CD700D2DE1C /* Start */,
				CFDF0C4D291A65AE00E586A1 /* Auth */,
				CFDF0C36291927A800E586A1 /* OnBoarding */,
				CFDF0C352919265500E586A1 /* SignUp */,
				CFDF0C342919264D00E586A1 /* Tabbar */,
			);
			path = Scene;
			sourceTree = "<group>";
		};
		CFDF0C30291925C200E586A1 /* Presenter */ = {
			isa = PBXGroup;
			children = (
				CF2E830B291D6A9500D2DE1C /* SignUp */,
				CFDF0C55291A895A00E586A1 /* Auth */,
			);
			path = Presenter;
			sourceTree = "<group>";
		};
		CFDF0C31291925C800E586A1 /* Domain */ = {
			isa = PBXGroup;
			children = (
				CF2E8306291D698500D2DE1C /* UseCase */,
				CFDF0C68291BF2DC00E586A1 /* Network */,
			);
			path = Domain;
			sourceTree = "<group>";
		};
		CFDF0C32291925CD00E586A1 /* Data */ = {
			isa = PBXGroup;
			children = (
				CFDF0C67291BF2CE00E586A1 /* DTO */,
				CFDF0C66291BF2C300E586A1 /* Entitiy */,
				CFDF0C65291BF2B700E586A1 /* Repository */,
			);
			path = Data;
			sourceTree = "<group>";
		};
		CFDF0C342919264D00E586A1 /* Tabbar */ = {
			isa = PBXGroup;
			children = (
			);
			path = Tabbar;
			sourceTree = "<group>";
		};
		CFDF0C352919265500E586A1 /* SignUp */ = {
			isa = PBXGroup;
			children = (
				CF2E8319291D73F400D2DE1C /* Gender */,
				CF2E8318291D73EB00D2DE1C /* Email */,
				CF2E8311291D739700D2DE1C /* Birth */,
				CF2E830C291D6AA800D2DE1C /* NickName */,
			);
			path = SignUp;
			sourceTree = "<group>";
		};
		CFDF0C36291927A800E586A1 /* OnBoarding */ = {
			isa = PBXGroup;
			children = (
				CFDF0C3F291A12E800E586A1 /* SubView */,
				CFDF0C3B29194D7400E586A1 /* OnboardingViewController.swift */,
				CFDF0C45291A1DD500E586A1 /* OnboardingView.swift */,
			);
			path = OnBoarding;
			sourceTree = "<group>";
		};
		CFDF0C3F291A12E800E586A1 /* SubView */ = {
			isa = PBXGroup;
			children = (
				CFDF0C40291A130900E586A1 /* ObBoardingScrollView.swift */,
			);
			path = SubView;
			sourceTree = "<group>";
		};
		CFDF0C42291A131700E586A1 /* Extension */ = {
			isa = PBXGroup;
			children = (
				CFDF0C22291910E300E586A1 /* UILabel+Extension.swift */,
				CFDF0C392919484700E586A1 /* UIButton+Extension.swift */,
			);
			path = Extension;
			sourceTree = "<group>";
		};
		CFDF0C47291A528500E586A1 /* PhoneAuth */ = {
			isa = PBXGroup;
			children = (
				CFDF0C48291A53B000E586A1 /* PhoneAuthView.swift */,
				CFDF0C4A291A626E00E586A1 /* PhoneAuthViewController.swift */,
			);
			path = PhoneAuth;
			sourceTree = "<group>";
		};
		CFDF0C4C291A657400E586A1 /* MessageAuth */ = {
			isa = PBXGroup;
			children = (
				CFDF0C4E291A65DC00E586A1 /* MessageAuthView.swift */,
				CFDF0C50291A6F0700E586A1 /* MessageAuthViewController.swift */,
			);
			path = MessageAuth;
			sourceTree = "<group>";
		};
		CFDF0C4D291A65AE00E586A1 /* Auth */ = {
			isa = PBXGroup;
			children = (
				CFDF0C47291A528500E586A1 /* PhoneAuth */,
				CFDF0C4C291A657400E586A1 /* MessageAuth */,
			);
			path = Auth;
			sourceTree = "<group>";
		};
		CFDF0C55291A895A00E586A1 /* Auth */ = {
			isa = PBXGroup;
			children = (
				CFDF0C58291A8B0900E586A1 /* MessageAuthViewModel.swift */,
				CFDF0C5A291A8B1600E586A1 /* PhoneAuthViewModel.swift */,
			);
			path = Auth;
			sourceTree = "<group>";
		};
		CFDF0C5E291A8C0000E586A1 /* Protocols */ = {
			isa = PBXGroup;
			children = (
				CFDF0C5F291A8C1600E586A1 /* ViewModelType.swift */,
			);
			path = Protocols;
			sourceTree = "<group>";
		};
		CFDF0C65291BF2B700E586A1 /* Repository */ = {
			isa = PBXGroup;
			children = (
			);
			path = Repository;
			sourceTree = "<group>";
		};
		CFDF0C66291BF2C300E586A1 /* Entitiy */ = {
			isa = PBXGroup;
			children = (
				CFDF0C7F291D36FA00E586A1 /* UserInfo.swift */,
			);
			path = Entitiy;
			sourceTree = "<group>";
		};
		CFDF0C67291BF2CE00E586A1 /* DTO */ = {
			isa = PBXGroup;
			children = (
			);
			path = DTO;
			sourceTree = "<group>";
		};
		CFDF0C68291BF2DC00E586A1 /* Network */ = {
			isa = PBXGroup;
			children = (
				CFDF0C74291D098700E586A1 /* Endpoint.swift */,
				CFFFBEDA291D533100E4DAB4 /* APIService.swift */,
			);
			path = Network;
			sourceTree = "<group>";
		};
		CFDF0C69291C244500E586A1 /* Error */ = {
			isa = PBXGroup;
			children = (
				CFDF0C7D291D30FC00E586A1 /* APIError.swift */,
			);
			path = Error;
			sourceTree = "<group>";
		};
		CFDF0C6C291CDE3A00E586A1 /* UserDefaultsCustom */ = {
			isa = PBXGroup;
			children = (
				CFDF0C5C291A8BE800E586A1 /* UserDefaultsConstant.swift */,
				CFDF0C6E291CDE8900E586A1 /* CustomUserDefaults.swift */,
				CFDF0C70291CFC4C00E586A1 /* UserDefaults+Extension.swift */,
			);
			path = UserDefaultsCustom;
			sourceTree = "<group>";
		};
		CFDF0C76291D0A6E00E586A1 /* NetWorkSupport */ = {
			isa = PBXGroup;
			children = (
				CFDF0C69291C244500E586A1 /* Error */,
				CFDF0C77291D0ACF00E586A1 /* HTTPHeader.swift */,
				CFDF0C79291D0AFE00E586A1 /* HTTPMethod.swift */,
				CF2E832B291D7B3D00D2DE1C /* CheckNetworkStatus.swift */,
				CF2E832D291D7BA700D2DE1C /* CheckIDToken.swift */,
			);
			path = NetWorkSupport;
			sourceTree = "<group>";
		};
/* End PBXGroup section */

/* Begin PBXNativeTarget section */
		CF0467A92918BF5800E72CC9 /* SeSACFriends */ = {
			isa = PBXNativeTarget;
			buildConfigurationList = CF0467BE2918BF5900E72CC9 /* Build configuration list for PBXNativeTarget "SeSACFriends" */;
			buildPhases = (
				CF0467A62918BF5800E72CC9 /* Sources */,
				CF0467A72918BF5800E72CC9 /* Frameworks */,
				CF0467A82918BF5800E72CC9 /* Resources */,
			);
			buildRules = (
			);
			dependencies = (
			);
			name = SeSACFriends;
			packageProductDependencies = (
				CFDF0BFE2918C22200E586A1 /* SnapKit */,
				CFDF0C012918C29900E586A1 /* TextFieldEffects */,
				CFDF0C27291921E900E586A1 /* FirebaseAnalyticsWithoutAdIdSupport */,
				CFDF0C29291921E900E586A1 /* FirebaseAuth */,
				CFDF0C2B291921E900E586A1 /* FirebaseCrashlytics */,
				CFDF0C2D291921E900E586A1 /* FirebaseMessaging */,
				CFDF0C63291BF21300E586A1 /* Toast */,
				CFFFBED6291D503F00E4DAB4 /* RxCocoa */,
				CFFFBED8291D503F00E4DAB4 /* RxSwift */,
			);
			productName = SeSACFriends;
			productReference = CF0467AA2918BF5800E72CC9 /* SeSACFriends.app */;
			productType = "com.apple.product-type.application";
		};
/* End PBXNativeTarget section */

/* Begin PBXProject section */
		CF0467A22918BF5800E72CC9 /* Project object */ = {
			isa = PBXProject;
			attributes = {
				BuildIndependentTargetsInParallel = 1;
				LastSwiftUpdateCheck = 1400;
				LastUpgradeCheck = 1400;
				TargetAttributes = {
					CF0467A92918BF5800E72CC9 = {
						CreatedOnToolsVersion = 14.0.1;
					};
				};
			};
			buildConfigurationList = CF0467A52918BF5800E72CC9 /* Build configuration list for PBXProject "SeSACFriends" */;
			compatibilityVersion = "Xcode 14.0";
			developmentRegion = en;
			hasScannedForEncodings = 0;
			knownRegions = (
				en,
				Base,
			);
			mainGroup = CF0467A12918BF5800E72CC9;
			packageReferences = (
				CFDF0BFD2918C22200E586A1 /* XCRemoteSwiftPackageReference "SnapKit" */,
				CFDF0C002918C29900E586A1 /* XCRemoteSwiftPackageReference "TextFieldEffects" */,
				CFDF0C26291921E900E586A1 /* XCRemoteSwiftPackageReference "firebase-ios-sdk" */,
				CFDF0C62291BF21300E586A1 /* XCRemoteSwiftPackageReference "Toast-Swift" */,
				CFFFBED5291D503F00E4DAB4 /* XCRemoteSwiftPackageReference "RxSwift" */,
			);
			productRefGroup = CF0467AB2918BF5800E72CC9 /* Products */;
			projectDirPath = "";
			projectRoot = "";
			targets = (
				CF0467A92918BF5800E72CC9 /* SeSACFriends */,
			);
		};
/* End PBXProject section */

/* Begin PBXResourcesBuildPhase section */
		CF0467A82918BF5800E72CC9 /* Resources */ = {
			isa = PBXResourcesBuildPhase;
			buildActionMask = 2147483647;
			files = (
				CFDF0C132918D7F100E586A1 /* NotoSansKR-Medium.otf in Resources */,
				CFDF0C142918D7F100E586A1 /* NotoSansKR-Regular.otf in Resources */,
				CF0467BA2918BF5900E72CC9 /* LaunchScreen.storyboard in Resources */,
				CFDF0C0A2918CD8800E586A1 /* .gitignore in Resources */,
				CF0467B72918BF5900E72CC9 /* Assets.xcassets in Resources */,
				CFDF0C73291D035500E586A1 /* GoogleService-Info.plist in Resources */,
			);
			runOnlyForDeploymentPostprocessing = 0;
		};
/* End PBXResourcesBuildPhase section */

/* Begin PBXSourcesBuildPhase section */
		CF0467A62918BF5800E72CC9 /* Sources */ = {
			isa = PBXSourcesBuildPhase;
			buildActionMask = 2147483647;
			files = (
				CF2E831E291D74C300D2DE1C /* EmailInputViewController.swift in Sources */,
				CF2E830E291D6ABE00D2DE1C /* NickInputViewController.swift in Sources */,
				CFDF0C49291A53B000E586A1 /* PhoneAuthView.swift in Sources */,
				CF2E8331291E95F600D2DE1C /* SignUpUseCase.swift in Sources */,
				CF2E8333291E961300D2DE1C /* AuthUseCase.swift in Sources */,
				CFDF0C75291D098700E586A1 /* Endpoint.swift in Sources */,
				CFDF0C212918FDDC00E586A1 /* InputTextField.swift in Sources */,
				CFDF0C3A2919484700E586A1 /* UIButton+Extension.swift in Sources */,
				CFFFBEDB291D533100E4DAB4 /* APIService.swift in Sources */,
				CFDF0C4F291A65DC00E586A1 /* MessageAuthView.swift in Sources */,
				CFDF0C59291A8B0900E586A1 /* MessageAuthViewModel.swift in Sources */,
				CFDF0C51291A6F0700E586A1 /* MessageAuthViewController.swift in Sources */,
				CF2E8326291D750900D2DE1C /* EmailInputViewModel.swift in Sources */,
				CF2E8314291D73BB00D2DE1C /* BirthInputView.swift in Sources */,
				CF2E831B291D74AA00D2DE1C /* EmailInputView.swift in Sources */,
				CFDF0C71291CFC4C00E586A1 /* UserDefaults+Extension.swift in Sources */,
				CFDF0C5D291A8BE800E586A1 /* UserDefaultsConstant.swift in Sources */,
				CF0467AE2918BF5800E72CC9 /* AppDelegate.swift in Sources */,
				CFDF0C7E291D30FC00E586A1 /* APIError.swift in Sources */,
				CF2E8320291D74D000D2DE1C /* GenderInputView.swift in Sources */,
				CF2E8322291D74DC00D2DE1C /* GenderInputViewController.swift in Sources */,
				CF2E833629200CF200D2DE1C /* StartViewController.swift in Sources */,
				CF0467B02918BF5800E72CC9 /* SceneDelegate.swift in Sources */,
				CFDF0C78291D0ACF00E586A1 /* HTTPHeader.swift in Sources */,
				CFDF0C172918DF8500E586A1 /* TextArea.swift in Sources */,
				CFDF0C3C29194D7400E586A1 /* OnboardingViewController.swift in Sources */,
				CFDF0C6F291CDE8900E586A1 /* CustomUserDefaults.swift in Sources */,
				CFDF0C1F2918E9D000E586A1 /* ImageConstant.swift in Sources */,
				CFDF0C41291A130900E586A1 /* ObBoardingScrollView.swift in Sources */,
				CF2E8308291D69AA00D2DE1C /* SignUpUseCaseImpi.swift in Sources */,
				CF2E832A291D771900D2DE1C /* GenderInputCollectionViewCell.swift in Sources */,
				CFDF0C44291A133900E586A1 /* BaseCollectionViewCell.swift in Sources */,
				CF2E8328291D751900D2DE1C /* GenderInputViewModel.swift in Sources */,
				CF2E8310291D6EC100D2DE1C /* NickInputViewModel.swift in Sources */,
				CFDF0C192918DF9200E586A1 /* BaseView.swift in Sources */,
				CF2E8324291D74F600D2DE1C /* BirthInputViewModel.swift in Sources */,
				CF2E8317291D73D300D2DE1C /* BirthInputViewController.swift in Sources */,
				CFDF0C7A291D0AFE00E586A1 /* HTTPMethod.swift in Sources */,
				CFDF0C23291910E300E586A1 /* UILabel+Extension.swift in Sources */,
				CFDF0C38291928C500E586A1 /* MainButton.swift in Sources */,
				CFDF0C5B291A8B1600E586A1 /* PhoneAuthViewModel.swift in Sources */,
				CF2E832E291D7BA700D2DE1C /* CheckIDToken.swift in Sources */,
				CFDF0C60291A8C1600E586A1 /* ViewModelType.swift in Sources */,
				CFDF0C1C2918DFA700E586A1 /* BaseViewController.swift in Sources */,
				CFDF0C54291A72F900E586A1 /* AuthUseCaseImpi.swift in Sources */,
				CFDF0C0D2918D0A800E586A1 /* ColorConstant.swift in Sources */,
				CFDF0C46291A1DD500E586A1 /* OnboardingView.swift in Sources */,
				CFDF0C0F2918D3C500E586A1 /* FontConstant.swift in Sources */,
				CF2E830A291D69E900D2DE1C /* NickInputView.swift in Sources */,
				CFDF0C80291D36FB00E586A1 /* UserInfo.swift in Sources */,
				CFDF0C4B291A626F00E586A1 /* PhoneAuthViewController.swift in Sources */,
				CF2E832C291D7B3D00D2DE1C /* CheckNetworkStatus.swift in Sources */,
			);
			runOnlyForDeploymentPostprocessing = 0;
		};
/* End PBXSourcesBuildPhase section */

/* Begin PBXVariantGroup section */
		CF0467B82918BF5900E72CC9 /* LaunchScreen.storyboard */ = {
			isa = PBXVariantGroup;
			children = (
				CF0467B92918BF5900E72CC9 /* Base */,
			);
			name = LaunchScreen.storyboard;
			sourceTree = "<group>";
		};
/* End PBXVariantGroup section */

/* Begin XCBuildConfiguration section */
		CF0467BC2918BF5900E72CC9 /* Debug */ = {
			isa = XCBuildConfiguration;
			buildSettings = {
				ALWAYS_SEARCH_USER_PATHS = NO;
				CLANG_ANALYZER_NONNULL = YES;
				CLANG_ANALYZER_NUMBER_OBJECT_CONVERSION = YES_AGGRESSIVE;
				CLANG_CXX_LANGUAGE_STANDARD = "gnu++20";
				CLANG_ENABLE_MODULES = YES;
				CLANG_ENABLE_OBJC_ARC = YES;
				CLANG_ENABLE_OBJC_WEAK = YES;
				CLANG_WARN_BLOCK_CAPTURE_AUTORELEASING = YES;
				CLANG_WARN_BOOL_CONVERSION = YES;
				CLANG_WARN_COMMA = YES;
				CLANG_WARN_CONSTANT_CONVERSION = YES;
				CLANG_WARN_DEPRECATED_OBJC_IMPLEMENTATIONS = YES;
				CLANG_WARN_DIRECT_OBJC_ISA_USAGE = YES_ERROR;
				CLANG_WARN_DOCUMENTATION_COMMENTS = YES;
				CLANG_WARN_EMPTY_BODY = YES;
				CLANG_WARN_ENUM_CONVERSION = YES;
				CLANG_WARN_INFINITE_RECURSION = YES;
				CLANG_WARN_INT_CONVERSION = YES;
				CLANG_WARN_NON_LITERAL_NULL_CONVERSION = YES;
				CLANG_WARN_OBJC_IMPLICIT_RETAIN_SELF = YES;
				CLANG_WARN_OBJC_LITERAL_CONVERSION = YES;
				CLANG_WARN_OBJC_ROOT_CLASS = YES_ERROR;
				CLANG_WARN_QUOTED_INCLUDE_IN_FRAMEWORK_HEADER = YES;
				CLANG_WARN_RANGE_LOOP_ANALYSIS = YES;
				CLANG_WARN_STRICT_PROTOTYPES = YES;
				CLANG_WARN_SUSPICIOUS_MOVE = YES;
				CLANG_WARN_UNGUARDED_AVAILABILITY = YES_AGGRESSIVE;
				CLANG_WARN_UNREACHABLE_CODE = YES;
				CLANG_WARN__DUPLICATE_METHOD_MATCH = YES;
				COPY_PHASE_STRIP = NO;
				DEBUG_INFORMATION_FORMAT = dwarf;
				ENABLE_STRICT_OBJC_MSGSEND = YES;
				ENABLE_TESTABILITY = YES;
				GCC_C_LANGUAGE_STANDARD = gnu11;
				GCC_DYNAMIC_NO_PIC = NO;
				GCC_NO_COMMON_BLOCKS = YES;
				GCC_OPTIMIZATION_LEVEL = 0;
				GCC_PREPROCESSOR_DEFINITIONS = (
					"DEBUG=1",
					"$(inherited)",
				);
				GCC_WARN_64_TO_32_BIT_CONVERSION = YES;
				GCC_WARN_ABOUT_RETURN_TYPE = YES_ERROR;
				GCC_WARN_UNDECLARED_SELECTOR = YES;
				GCC_WARN_UNINITIALIZED_AUTOS = YES_AGGRESSIVE;
				GCC_WARN_UNUSED_FUNCTION = YES;
				GCC_WARN_UNUSED_VARIABLE = YES;
				IPHONEOS_DEPLOYMENT_TARGET = 16.0;
				MTL_ENABLE_DEBUG_INFO = INCLUDE_SOURCE;
				MTL_FAST_MATH = YES;
				ONLY_ACTIVE_ARCH = YES;
				SDKROOT = iphoneos;
				SWIFT_ACTIVE_COMPILATION_CONDITIONS = DEBUG;
				SWIFT_OPTIMIZATION_LEVEL = "-Onone";
			};
			name = Debug;
		};
		CF0467BD2918BF5900E72CC9 /* Release */ = {
			isa = XCBuildConfiguration;
			buildSettings = {
				ALWAYS_SEARCH_USER_PATHS = NO;
				CLANG_ANALYZER_NONNULL = YES;
				CLANG_ANALYZER_NUMBER_OBJECT_CONVERSION = YES_AGGRESSIVE;
				CLANG_CXX_LANGUAGE_STANDARD = "gnu++20";
				CLANG_ENABLE_MODULES = YES;
				CLANG_ENABLE_OBJC_ARC = YES;
				CLANG_ENABLE_OBJC_WEAK = YES;
				CLANG_WARN_BLOCK_CAPTURE_AUTORELEASING = YES;
				CLANG_WARN_BOOL_CONVERSION = YES;
				CLANG_WARN_COMMA = YES;
				CLANG_WARN_CONSTANT_CONVERSION = YES;
				CLANG_WARN_DEPRECATED_OBJC_IMPLEMENTATIONS = YES;
				CLANG_WARN_DIRECT_OBJC_ISA_USAGE = YES_ERROR;
				CLANG_WARN_DOCUMENTATION_COMMENTS = YES;
				CLANG_WARN_EMPTY_BODY = YES;
				CLANG_WARN_ENUM_CONVERSION = YES;
				CLANG_WARN_INFINITE_RECURSION = YES;
				CLANG_WARN_INT_CONVERSION = YES;
				CLANG_WARN_NON_LITERAL_NULL_CONVERSION = YES;
				CLANG_WARN_OBJC_IMPLICIT_RETAIN_SELF = YES;
				CLANG_WARN_OBJC_LITERAL_CONVERSION = YES;
				CLANG_WARN_OBJC_ROOT_CLASS = YES_ERROR;
				CLANG_WARN_QUOTED_INCLUDE_IN_FRAMEWORK_HEADER = YES;
				CLANG_WARN_RANGE_LOOP_ANALYSIS = YES;
				CLANG_WARN_STRICT_PROTOTYPES = YES;
				CLANG_WARN_SUSPICIOUS_MOVE = YES;
				CLANG_WARN_UNGUARDED_AVAILABILITY = YES_AGGRESSIVE;
				CLANG_WARN_UNREACHABLE_CODE = YES;
				CLANG_WARN__DUPLICATE_METHOD_MATCH = YES;
				COPY_PHASE_STRIP = NO;
				DEBUG_INFORMATION_FORMAT = "dwarf-with-dsym";
				ENABLE_NS_ASSERTIONS = NO;
				ENABLE_STRICT_OBJC_MSGSEND = YES;
				GCC_C_LANGUAGE_STANDARD = gnu11;
				GCC_NO_COMMON_BLOCKS = YES;
				GCC_WARN_64_TO_32_BIT_CONVERSION = YES;
				GCC_WARN_ABOUT_RETURN_TYPE = YES_ERROR;
				GCC_WARN_UNDECLARED_SELECTOR = YES;
				GCC_WARN_UNINITIALIZED_AUTOS = YES_AGGRESSIVE;
				GCC_WARN_UNUSED_FUNCTION = YES;
				GCC_WARN_UNUSED_VARIABLE = YES;
				IPHONEOS_DEPLOYMENT_TARGET = 16.0;
				MTL_ENABLE_DEBUG_INFO = NO;
				MTL_FAST_MATH = YES;
				SDKROOT = iphoneos;
				SWIFT_COMPILATION_MODE = wholemodule;
				SWIFT_OPTIMIZATION_LEVEL = "-O";
				VALIDATE_PRODUCT = YES;
			};
			name = Release;
		};
		CF0467BF2918BF5900E72CC9 /* Debug */ = {
			isa = XCBuildConfiguration;
			buildSettings = {
				ASSETCATALOG_COMPILER_APPICON_NAME = AppIcon;
				ASSETCATALOG_COMPILER_GLOBAL_ACCENT_COLOR_NAME = AccentColor;
				CODE_SIGN_STYLE = Automatic;
				CURRENT_PROJECT_VERSION = 1;
				DEVELOPMENT_TEAM = V39QSCSL6T;
				GENERATE_INFOPLIST_FILE = YES;
				INFOPLIST_FILE = SeSACFriends/Info.plist;
				INFOPLIST_KEY_UIApplicationSupportsIndirectInputEvents = YES;
				INFOPLIST_KEY_UILaunchStoryboardName = LaunchScreen;
				INFOPLIST_KEY_UISupportedInterfaceOrientations = UIInterfaceOrientationPortrait;
				INFOPLIST_KEY_UISupportedInterfaceOrientations_iPad = "UIInterfaceOrientationLandscapeLeft UIInterfaceOrientationLandscapeRight UIInterfaceOrientationPortrait UIInterfaceOrientationPortraitUpsideDown";
				IPHONEOS_DEPLOYMENT_TARGET = 15.0;
				LD_RUNPATH_SEARCH_PATHS = (
					"$(inherited)",
					"@executable_path/Frameworks",
				);
				MARKETING_VERSION = 1.0;
				PRODUCT_BUNDLE_IDENTIFIER = com.memolease.sesacslp;
				PRODUCT_NAME = "$(TARGET_NAME)";
				SUPPORTED_PLATFORMS = "iphoneos iphonesimulator";
				SUPPORTS_MACCATALYST = NO;
				SUPPORTS_MAC_DESIGNED_FOR_IPHONE_IPAD = NO;
				SWIFT_EMIT_LOC_STRINGS = YES;
				SWIFT_VERSION = 5.0;
				TARGETED_DEVICE_FAMILY = 1;
			};
			name = Debug;
		};
		CF0467C02918BF5900E72CC9 /* Release */ = {
			isa = XCBuildConfiguration;
			buildSettings = {
				ASSETCATALOG_COMPILER_APPICON_NAME = AppIcon;
				ASSETCATALOG_COMPILER_GLOBAL_ACCENT_COLOR_NAME = AccentColor;
				CODE_SIGN_STYLE = Automatic;
				CURRENT_PROJECT_VERSION = 1;
				DEVELOPMENT_TEAM = V39QSCSL6T;
				GENERATE_INFOPLIST_FILE = YES;
				INFOPLIST_FILE = SeSACFriends/Info.plist;
				INFOPLIST_KEY_UIApplicationSupportsIndirectInputEvents = YES;
				INFOPLIST_KEY_UILaunchStoryboardName = LaunchScreen;
				INFOPLIST_KEY_UISupportedInterfaceOrientations = UIInterfaceOrientationPortrait;
				INFOPLIST_KEY_UISupportedInterfaceOrientations_iPad = "UIInterfaceOrientationLandscapeLeft UIInterfaceOrientationLandscapeRight UIInterfaceOrientationPortrait UIInterfaceOrientationPortraitUpsideDown";
				IPHONEOS_DEPLOYMENT_TARGET = 15.0;
				LD_RUNPATH_SEARCH_PATHS = (
					"$(inherited)",
					"@executable_path/Frameworks",
				);
				MARKETING_VERSION = 1.0;
				PRODUCT_BUNDLE_IDENTIFIER = com.memolease.sesacslp;
				PRODUCT_NAME = "$(TARGET_NAME)";
				SUPPORTED_PLATFORMS = "iphoneos iphonesimulator";
				SUPPORTS_MACCATALYST = NO;
				SUPPORTS_MAC_DESIGNED_FOR_IPHONE_IPAD = NO;
				SWIFT_EMIT_LOC_STRINGS = YES;
				SWIFT_VERSION = 5.0;
				TARGETED_DEVICE_FAMILY = 1;
			};
			name = Release;
		};
/* End XCBuildConfiguration section */

/* Begin XCConfigurationList section */
		CF0467A52918BF5800E72CC9 /* Build configuration list for PBXProject "SeSACFriends" */ = {
			isa = XCConfigurationList;
			buildConfigurations = (
				CF0467BC2918BF5900E72CC9 /* Debug */,
				CF0467BD2918BF5900E72CC9 /* Release */,
			);
			defaultConfigurationIsVisible = 0;
			defaultConfigurationName = Release;
		};
		CF0467BE2918BF5900E72CC9 /* Build configuration list for PBXNativeTarget "SeSACFriends" */ = {
			isa = XCConfigurationList;
			buildConfigurations = (
				CF0467BF2918BF5900E72CC9 /* Debug */,
				CF0467C02918BF5900E72CC9 /* Release */,
			);
			defaultConfigurationIsVisible = 0;
			defaultConfigurationName = Release;
		};
/* End XCConfigurationList section */

/* Begin XCRemoteSwiftPackageReference section */
		CFDF0BFD2918C22200E586A1 /* XCRemoteSwiftPackageReference "SnapKit" */ = {
			isa = XCRemoteSwiftPackageReference;
			repositoryURL = "https://github.com/SnapKit/SnapKit.git";
			requirement = {
				kind = upToNextMajorVersion;
				minimumVersion = 5.0.0;
			};
		};
		CFDF0C002918C29900E586A1 /* XCRemoteSwiftPackageReference "TextFieldEffects" */ = {
			isa = XCRemoteSwiftPackageReference;
			repositoryURL = "https://github.com/raulriera/TextFieldEffects.git";
			requirement = {
				kind = upToNextMajorVersion;
				minimumVersion = 1.0.0;
			};
		};
		CFDF0C26291921E900E586A1 /* XCRemoteSwiftPackageReference "firebase-ios-sdk" */ = {
			isa = XCRemoteSwiftPackageReference;
			repositoryURL = "https://github.com/firebase/firebase-ios-sdk";
			requirement = {
				kind = upToNextMajorVersion;
				minimumVersion = 9.0.0;
			};
		};
		CFDF0C62291BF21300E586A1 /* XCRemoteSwiftPackageReference "Toast-Swift" */ = {
			isa = XCRemoteSwiftPackageReference;
			repositoryURL = "https://github.com/scalessec/Toast-Swift";
			requirement = {
				kind = upToNextMajorVersion;
				minimumVersion = 5.0.0;
			};
		};
		CFFFBED5291D503F00E4DAB4 /* XCRemoteSwiftPackageReference "RxSwift" */ = {
			isa = XCRemoteSwiftPackageReference;
			repositoryURL = "https://github.com/ReactiveX/RxSwift.git";
			requirement = {
				kind = exactVersion;
				version = 6.1.0;
			};
		};
/* End XCRemoteSwiftPackageReference section */

/* Begin XCSwiftPackageProductDependency section */
		CFDF0BFE2918C22200E586A1 /* SnapKit */ = {
			isa = XCSwiftPackageProductDependency;
			package = CFDF0BFD2918C22200E586A1 /* XCRemoteSwiftPackageReference "SnapKit" */;
			productName = SnapKit;
		};
		CFDF0C012918C29900E586A1 /* TextFieldEffects */ = {
			isa = XCSwiftPackageProductDependency;
			package = CFDF0C002918C29900E586A1 /* XCRemoteSwiftPackageReference "TextFieldEffects" */;
			productName = TextFieldEffects;
		};
		CFDF0C27291921E900E586A1 /* FirebaseAnalyticsWithoutAdIdSupport */ = {
			isa = XCSwiftPackageProductDependency;
			package = CFDF0C26291921E900E586A1 /* XCRemoteSwiftPackageReference "firebase-ios-sdk" */;
			productName = FirebaseAnalyticsWithoutAdIdSupport;
		};
		CFDF0C29291921E900E586A1 /* FirebaseAuth */ = {
			isa = XCSwiftPackageProductDependency;
			package = CFDF0C26291921E900E586A1 /* XCRemoteSwiftPackageReference "firebase-ios-sdk" */;
			productName = FirebaseAuth;
		};
		CFDF0C2B291921E900E586A1 /* FirebaseCrashlytics */ = {
			isa = XCSwiftPackageProductDependency;
			package = CFDF0C26291921E900E586A1 /* XCRemoteSwiftPackageReference "firebase-ios-sdk" */;
			productName = FirebaseCrashlytics;
		};
		CFDF0C2D291921E900E586A1 /* FirebaseMessaging */ = {
			isa = XCSwiftPackageProductDependency;
			package = CFDF0C26291921E900E586A1 /* XCRemoteSwiftPackageReference "firebase-ios-sdk" */;
			productName = FirebaseMessaging;
		};
		CFDF0C63291BF21300E586A1 /* Toast */ = {
			isa = XCSwiftPackageProductDependency;
			package = CFDF0C62291BF21300E586A1 /* XCRemoteSwiftPackageReference "Toast-Swift" */;
			productName = Toast;
		};
		CFFFBED6291D503F00E4DAB4 /* RxCocoa */ = {
			isa = XCSwiftPackageProductDependency;
			package = CFFFBED5291D503F00E4DAB4 /* XCRemoteSwiftPackageReference "RxSwift" */;
			productName = RxCocoa;
		};
		CFFFBED8291D503F00E4DAB4 /* RxSwift */ = {
			isa = XCSwiftPackageProductDependency;
			package = CFFFBED5291D503F00E4DAB4 /* XCRemoteSwiftPackageReference "RxSwift" */;
			productName = RxSwift;
		};
/* End XCSwiftPackageProductDependency section */
	};
	rootObject = CF0467A22918BF5800E72CC9 /* Project object */;
}
