// !$*UTF8*$!
{
	archiveVersion = 1;
	classes = {
	};
	objectVersion = 56;
	objects = {

/* Begin PBXBuildFile section */
		CF0467AE2918BF5800E72CC9 /* AppDelegate.swift in Sources */ = {isa = PBXBuildFile; fileRef = CF0467AD2918BF5800E72CC9 /* AppDelegate.swift */; };
		CF0467B02918BF5800E72CC9 /* SceneDelegate.swift in Sources */ = {isa = PBXBuildFile; fileRef = CF0467AF2918BF5800E72CC9 /* SceneDelegate.swift */; };
		CF0467B72918BF5900E72CC9 /* Assets.xcassets in Resources */ = {isa = PBXBuildFile; fileRef = CF0467B62918BF5900E72CC9 /* Assets.xcassets */; };
		CF0467BA2918BF5900E72CC9 /* LaunchScreen.storyboard in Resources */ = {isa = PBXBuildFile; fileRef = CF0467B82918BF5900E72CC9 /* LaunchScreen.storyboard */; };
		CF1C101E292FD8F900C402F9 /* UIImage+Extension.swift in Sources */ = {isa = PBXBuildFile; fileRef = CF1C101D292FD8F900C402F9 /* UIImage+Extension.swift */; };
		CF1C10202930E21F00C402F9 /* KeyBoardViewController.swift in Sources */ = {isa = PBXBuildFile; fileRef = CF1C101F2930E21F00C402F9 /* KeyBoardViewController.swift */; };
		CF1C102229312CD400C402F9 /* MyQueueState.swift in Sources */ = {isa = PBXBuildFile; fileRef = CF1C102129312CD400C402F9 /* MyQueueState.swift */; };
		CF2E8308291D69AA00D2DE1C /* SignUpUseCaseImpi.swift in Sources */ = {isa = PBXBuildFile; fileRef = CF2E8307291D69AA00D2DE1C /* SignUpUseCaseImpi.swift */; };
		CF2E830A291D69E900D2DE1C /* NickInputView.swift in Sources */ = {isa = PBXBuildFile; fileRef = CF2E8309291D69E900D2DE1C /* NickInputView.swift */; };
		CF2E830E291D6ABE00D2DE1C /* NickInputViewController.swift in Sources */ = {isa = PBXBuildFile; fileRef = CF2E830D291D6ABE00D2DE1C /* NickInputViewController.swift */; };
		CF2E8310291D6EC100D2DE1C /* NickInputViewModel.swift in Sources */ = {isa = PBXBuildFile; fileRef = CF2E830F291D6EC100D2DE1C /* NickInputViewModel.swift */; };
		CF2E8314291D73BB00D2DE1C /* BirthInputView.swift in Sources */ = {isa = PBXBuildFile; fileRef = CF2E8313291D73BB00D2DE1C /* BirthInputView.swift */; };
		CF2E8317291D73D300D2DE1C /* BirthInputViewController.swift in Sources */ = {isa = PBXBuildFile; fileRef = CF2E8316291D73D300D2DE1C /* BirthInputViewController.swift */; };
		CF2E831B291D74AA00D2DE1C /* EmailInputView.swift in Sources */ = {isa = PBXBuildFile; fileRef = CF2E831A291D74AA00D2DE1C /* EmailInputView.swift */; };
		CF2E831E291D74C300D2DE1C /* EmailInputViewController.swift in Sources */ = {isa = PBXBuildFile; fileRef = CF2E831D291D74C300D2DE1C /* EmailInputViewController.swift */; };
		CF2E8320291D74D000D2DE1C /* GenderInputView.swift in Sources */ = {isa = PBXBuildFile; fileRef = CF2E831F291D74D000D2DE1C /* GenderInputView.swift */; };
		CF2E8322291D74DC00D2DE1C /* GenderInputViewController.swift in Sources */ = {isa = PBXBuildFile; fileRef = CF2E8321291D74DC00D2DE1C /* GenderInputViewController.swift */; };
		CF2E8324291D74F600D2DE1C /* BirthInputViewModel.swift in Sources */ = {isa = PBXBuildFile; fileRef = CF2E8323291D74F600D2DE1C /* BirthInputViewModel.swift */; };
		CF2E8326291D750900D2DE1C /* EmailInputViewModel.swift in Sources */ = {isa = PBXBuildFile; fileRef = CF2E8325291D750900D2DE1C /* EmailInputViewModel.swift */; };
		CF2E8328291D751900D2DE1C /* GenderInputViewModel.swift in Sources */ = {isa = PBXBuildFile; fileRef = CF2E8327291D751900D2DE1C /* GenderInputViewModel.swift */; };
		CF2E832A291D771900D2DE1C /* GenderInputCollectionViewCell.swift in Sources */ = {isa = PBXBuildFile; fileRef = CF2E8329291D771900D2DE1C /* GenderInputCollectionViewCell.swift */; };
		CF2E832C291D7B3D00D2DE1C /* CheckNetworkStatus.swift in Sources */ = {isa = PBXBuildFile; fileRef = CF2E832B291D7B3D00D2DE1C /* CheckNetworkStatus.swift */; };
		CF2E832E291D7BA700D2DE1C /* CheckIDToken.swift in Sources */ = {isa = PBXBuildFile; fileRef = CF2E832D291D7BA700D2DE1C /* CheckIDToken.swift */; };
		CF2E8331291E95F600D2DE1C /* SignUpUseCase.swift in Sources */ = {isa = PBXBuildFile; fileRef = CF2E8330291E95F600D2DE1C /* SignUpUseCase.swift */; };
		CF2E8333291E961300D2DE1C /* AuthUseCase.swift in Sources */ = {isa = PBXBuildFile; fileRef = CF2E8332291E961300D2DE1C /* AuthUseCase.swift */; };
		CF2E833629200CF200D2DE1C /* StartViewController.swift in Sources */ = {isa = PBXBuildFile; fileRef = CF2E833529200CF200D2DE1C /* StartViewController.swift */; };
		CF2E833C2920C63900D2DE1C /* UseCase.swift in Sources */ = {isa = PBXBuildFile; fileRef = CF2E833B2920C63900D2DE1C /* UseCase.swift */; };
		CF2E833E29221AC700D2DE1C /* TabbarViewController.swift in Sources */ = {isa = PBXBuildFile; fileRef = CF2E833D29221AC700D2DE1C /* TabbarViewController.swift */; };
		CF2E834429221BF400D2DE1C /* HomeViewController.swift in Sources */ = {isa = PBXBuildFile; fileRef = CF2E834329221BF400D2DE1C /* HomeViewController.swift */; };
		CF2E834629221D4100D2DE1C /* ShopViewController.swift in Sources */ = {isa = PBXBuildFile; fileRef = CF2E834529221D4100D2DE1C /* ShopViewController.swift */; };
		CF2E834829221D5A00D2DE1C /* FriendsViewController.swift in Sources */ = {isa = PBXBuildFile; fileRef = CF2E834729221D5A00D2DE1C /* FriendsViewController.swift */; };
		CF2E834A29221E9400D2DE1C /* ProfileViewController.swift in Sources */ = {isa = PBXBuildFile; fileRef = CF2E834929221E9400D2DE1C /* ProfileViewController.swift */; };
		CF2E834D292221BE00D2DE1C /* ProfileView.swift in Sources */ = {isa = PBXBuildFile; fileRef = CF2E834C292221BE00D2DE1C /* ProfileView.swift */; };
		CF2E834F292221D300D2DE1C /* FriendsView.swift in Sources */ = {isa = PBXBuildFile; fileRef = CF2E834E292221D300D2DE1C /* FriendsView.swift */; };
		CF2E8351292221E600D2DE1C /* ShopView.swift in Sources */ = {isa = PBXBuildFile; fileRef = CF2E8350292221E600D2DE1C /* ShopView.swift */; };
		CF2E8353292221F300D2DE1C /* HomeView.swift in Sources */ = {isa = PBXBuildFile; fileRef = CF2E8352292221F300D2DE1C /* HomeView.swift */; };
		CF2E835B29222BCF00D2DE1C /* BaseTableViewCell.swift in Sources */ = {isa = PBXBuildFile; fileRef = CF2E835A29222BCF00D2DE1C /* BaseTableViewCell.swift */; };
		CF2E835E29222CDF00D2DE1C /* ProfileInfoTableViewCell.swift in Sources */ = {isa = PBXBuildFile; fileRef = CF2E835D29222CDF00D2DE1C /* ProfileInfoTableViewCell.swift */; };
		CF2E836029222CEE00D2DE1C /* ProfileMainTableViewCell.swift in Sources */ = {isa = PBXBuildFile; fileRef = CF2E835F29222CEE00D2DE1C /* ProfileMainTableViewCell.swift */; };
		CF2E83642922584A00D2DE1C /* ProfileInfoView.swift in Sources */ = {isa = PBXBuildFile; fileRef = CF2E83632922584A00D2DE1C /* ProfileInfoView.swift */; };
		CF2E83662922585C00D2DE1C /* ProfileInfoViewController.swift in Sources */ = {isa = PBXBuildFile; fileRef = CF2E83652922585C00D2DE1C /* ProfileInfoViewController.swift */; };
		CF416A0F292B57D6003EB279 /* HomeWordSearchView.swift in Sources */ = {isa = PBXBuildFile; fileRef = CF416A0E292B57D6003EB279 /* HomeWordSearchView.swift */; };
		CF416A11292B57E8003EB279 /* HomeWordSearchViewController.swift in Sources */ = {isa = PBXBuildFile; fileRef = CF416A10292B57E8003EB279 /* HomeWordSearchViewController.swift */; };
		CF416A13292B5806003EB279 /* HomeSearchWordViewModel.swift in Sources */ = {isa = PBXBuildFile; fileRef = CF416A12292B5806003EB279 /* HomeSearchWordViewModel.swift */; };
		CF416A16292B72A8003EB279 /* TagCollectionViewCell.swift in Sources */ = {isa = PBXBuildFile; fileRef = CF416A15292B72A8003EB279 /* TagCollectionViewCell.swift */; };
		CF416A18292BDCB9003EB279 /* TagHeaderView.swift in Sources */ = {isa = PBXBuildFile; fileRef = CF416A17292BDCB9003EB279 /* TagHeaderView.swift */; };
		CF416A1B292BEE5A003EB279 /* Differentiator in Frameworks */ = {isa = PBXBuildFile; productRef = CF416A1A292BEE5A003EB279 /* Differentiator */; };
		CF416A1D292BEE5A003EB279 /* RxDataSources in Frameworks */ = {isa = PBXBuildFile; productRef = CF416A1C292BEE5A003EB279 /* RxDataSources */; };
		CF722F8A29226AD500C8E76D /* ProfileCardView.swift in Sources */ = {isa = PBXBuildFile; fileRef = CF722F8929226AD500C8E76D /* ProfileCardView.swift */; };
		CF722F8C29228E4300C8E76D /* ProfileCardRollableView.swift in Sources */ = {isa = PBXBuildFile; fileRef = CF722F8B29228E4300C8E76D /* ProfileCardRollableView.swift */; };
		CF722F8E2922991C00C8E76D /* UIView+Extension.swift in Sources */ = {isa = PBXBuildFile; fileRef = CF722F8D2922991C00C8E76D /* UIView+Extension.swift */; };
		CF722F93292371E000C8E76D /* CardViewController.swift in Sources */ = {isa = PBXBuildFile; fileRef = CF722F92292371E000C8E76D /* CardViewController.swift */; };
		CF722F95292375C700C8E76D /* CardTitleTableViewCell.swift in Sources */ = {isa = PBXBuildFile; fileRef = CF722F94292375C700C8E76D /* CardTitleTableViewCell.swift */; };
		CF722F97292375DB00C8E76D /* CardReviewTableViewCell.swift in Sources */ = {isa = PBXBuildFile; fileRef = CF722F96292375DB00C8E76D /* CardReviewTableViewCell.swift */; };
		CF722F992923765E00C8E76D /* CardTableHeaderView.swift in Sources */ = {isa = PBXBuildFile; fileRef = CF722F982923765E00C8E76D /* CardTableHeaderView.swift */; };
		CF722F9B292387D200C8E76D /* TextView+Extension.swift in Sources */ = {isa = PBXBuildFile; fileRef = CF722F9A292387D200C8E76D /* TextView+Extension.swift */; };
		CF722F9D29239C9400C8E76D /* ProfileCardCollectionViewCell.swift in Sources */ = {isa = PBXBuildFile; fileRef = CF722F9C29239C9400C8E76D /* ProfileCardCollectionViewCell.swift */; };
		CF722F9F2923A87C00C8E76D /* ProfileSettingCollectionViewCell.swift in Sources */ = {isa = PBXBuildFile; fileRef = CF722F9E2923A87C00C8E76D /* ProfileSettingCollectionViewCell.swift */; };
		CF722FA52923AD7900C8E76D /* MultiSlider in Frameworks */ = {isa = PBXBuildFile; productRef = CF722FA42923AD7900C8E76D /* MultiSlider */; };
		CF7360F1292512E800ECC920 /* HomeMainViewModel.swift in Sources */ = {isa = PBXBuildFile; fileRef = CF7360F0292512E800ECC920 /* HomeMainViewModel.swift */; };
		CF7360F32925165C00ECC920 /* SampleViewModel.swift in Sources */ = {isa = PBXBuildFile; fileRef = CF7360F22925165C00ECC920 /* SampleViewModel.swift */; };
		CF7360F5292517EC00ECC920 /* HomeMainUseCase.swift in Sources */ = {isa = PBXBuildFile; fileRef = CF7360F4292517EC00ECC920 /* HomeMainUseCase.swift */; };
		CF7360FB2925353E00ECC920 /* MainAPIService.swift in Sources */ = {isa = PBXBuildFile; fileRef = CF7360FA2925353E00ECC920 /* MainAPIService.swift */; };
		CF7360FD2925393400ECC920 /* SearchUser.swift in Sources */ = {isa = PBXBuildFile; fileRef = CF7360FC2925393400ECC920 /* SearchUser.swift */; };
		CF7361002925481900ECC920 /* LocationService.swift in Sources */ = {isa = PBXBuildFile; fileRef = CF7360FF2925481900ECC920 /* LocationService.swift */; };
		CF736103292565B400ECC920 /* MapService.swift in Sources */ = {isa = PBXBuildFile; fileRef = CF736102292565B400ECC920 /* MapService.swift */; };
		CF73610729260D8900ECC920 /* CustomAnnotation.swift in Sources */ = {isa = PBXBuildFile; fileRef = CF73610629260D8900ECC920 /* CustomAnnotation.swift */; };
		CF73610929261D8000ECC920 /* SearchUserDTO.swift in Sources */ = {isa = PBXBuildFile; fileRef = CF73610829261D8000ECC920 /* SearchUserDTO.swift */; };
		CF73610B29261E6D00ECC920 /* HomeRepository.swift in Sources */ = {isa = PBXBuildFile; fileRef = CF73610A29261E6D00ECC920 /* HomeRepository.swift */; };
		CF73610E2929FB4900ECC920 /* Reactive_BaseViewController+Extension.swift in Sources */ = {isa = PBXBuildFile; fileRef = CF73610D2929FB4900ECC920 /* Reactive_BaseViewController+Extension.swift */; };
		CFDF0BFF2918C22200E586A1 /* SnapKit in Frameworks */ = {isa = PBXBuildFile; productRef = CFDF0BFE2918C22200E586A1 /* SnapKit */; };
		CFDF0C022918C29900E586A1 /* TextFieldEffects in Frameworks */ = {isa = PBXBuildFile; productRef = CFDF0C012918C29900E586A1 /* TextFieldEffects */; };
		CFDF0C0A2918CD8800E586A1 /* .gitignore in Resources */ = {isa = PBXBuildFile; fileRef = CFDF0C092918CD8800E586A1 /* .gitignore */; };
		CFDF0C0D2918D0A800E586A1 /* ColorConstant.swift in Sources */ = {isa = PBXBuildFile; fileRef = CFDF0C0C2918D0A800E586A1 /* ColorConstant.swift */; };
		CFDF0C0F2918D3C500E586A1 /* FontConstant.swift in Sources */ = {isa = PBXBuildFile; fileRef = CFDF0C0E2918D3C500E586A1 /* FontConstant.swift */; };
		CFDF0C132918D7F100E586A1 /* NotoSansKR-Medium.otf in Resources */ = {isa = PBXBuildFile; fileRef = CFDF0C122918D76D00E586A1 /* NotoSansKR-Medium.otf */; };
		CFDF0C142918D7F100E586A1 /* NotoSansKR-Regular.otf in Resources */ = {isa = PBXBuildFile; fileRef = CFDF0C112918D76C00E586A1 /* NotoSansKR-Regular.otf */; };
		CFDF0C172918DF8500E586A1 /* TextArea.swift in Sources */ = {isa = PBXBuildFile; fileRef = CFDF0C162918DF8500E586A1 /* TextArea.swift */; };
		CFDF0C192918DF9200E586A1 /* BaseView.swift in Sources */ = {isa = PBXBuildFile; fileRef = CFDF0C182918DF9200E586A1 /* BaseView.swift */; };
		CFDF0C1C2918DFA700E586A1 /* BaseViewController.swift in Sources */ = {isa = PBXBuildFile; fileRef = CFDF0C1B2918DFA700E586A1 /* BaseViewController.swift */; };
		CFDF0C1F2918E9D000E586A1 /* ImageConstant.swift in Sources */ = {isa = PBXBuildFile; fileRef = CFDF0C1E2918E9D000E586A1 /* ImageConstant.swift */; };
		CFDF0C212918FDDC00E586A1 /* InputTextField.swift in Sources */ = {isa = PBXBuildFile; fileRef = CFDF0C202918FDDC00E586A1 /* InputTextField.swift */; };
		CFDF0C23291910E300E586A1 /* UILabel+Extension.swift in Sources */ = {isa = PBXBuildFile; fileRef = CFDF0C22291910E300E586A1 /* UILabel+Extension.swift */; };
		CFDF0C28291921E900E586A1 /* FirebaseAnalyticsWithoutAdIdSupport in Frameworks */ = {isa = PBXBuildFile; productRef = CFDF0C27291921E900E586A1 /* FirebaseAnalyticsWithoutAdIdSupport */; };
		CFDF0C2A291921E900E586A1 /* FirebaseAuth in Frameworks */ = {isa = PBXBuildFile; productRef = CFDF0C29291921E900E586A1 /* FirebaseAuth */; };
		CFDF0C2C291921E900E586A1 /* FirebaseCrashlytics in Frameworks */ = {isa = PBXBuildFile; productRef = CFDF0C2B291921E900E586A1 /* FirebaseCrashlytics */; };
		CFDF0C2E291921E900E586A1 /* FirebaseMessaging in Frameworks */ = {isa = PBXBuildFile; productRef = CFDF0C2D291921E900E586A1 /* FirebaseMessaging */; };
		CFDF0C38291928C500E586A1 /* MainButton.swift in Sources */ = {isa = PBXBuildFile; fileRef = CFDF0C37291928C500E586A1 /* MainButton.swift */; };
		CFDF0C3A2919484700E586A1 /* UIButton+Extension.swift in Sources */ = {isa = PBXBuildFile; fileRef = CFDF0C392919484700E586A1 /* UIButton+Extension.swift */; };
		CFDF0C3C29194D7400E586A1 /* OnboardingViewController.swift in Sources */ = {isa = PBXBuildFile; fileRef = CFDF0C3B29194D7400E586A1 /* OnboardingViewController.swift */; };
		CFDF0C41291A130900E586A1 /* ObBoardingScrollView.swift in Sources */ = {isa = PBXBuildFile; fileRef = CFDF0C40291A130900E586A1 /* ObBoardingScrollView.swift */; };
		CFDF0C44291A133900E586A1 /* BaseCollectionViewCell.swift in Sources */ = {isa = PBXBuildFile; fileRef = CFDF0C43291A133900E586A1 /* BaseCollectionViewCell.swift */; };
		CFDF0C46291A1DD500E586A1 /* OnboardingView.swift in Sources */ = {isa = PBXBuildFile; fileRef = CFDF0C45291A1DD500E586A1 /* OnboardingView.swift */; };
		CFDF0C49291A53B000E586A1 /* PhoneAuthView.swift in Sources */ = {isa = PBXBuildFile; fileRef = CFDF0C48291A53B000E586A1 /* PhoneAuthView.swift */; };
		CFDF0C4B291A626F00E586A1 /* PhoneAuthViewController.swift in Sources */ = {isa = PBXBuildFile; fileRef = CFDF0C4A291A626E00E586A1 /* PhoneAuthViewController.swift */; };
		CFDF0C4F291A65DC00E586A1 /* MessageAuthView.swift in Sources */ = {isa = PBXBuildFile; fileRef = CFDF0C4E291A65DC00E586A1 /* MessageAuthView.swift */; };
		CFDF0C51291A6F0700E586A1 /* MessageAuthViewController.swift in Sources */ = {isa = PBXBuildFile; fileRef = CFDF0C50291A6F0700E586A1 /* MessageAuthViewController.swift */; };
		CFDF0C54291A72F900E586A1 /* AuthUseCaseImpi.swift in Sources */ = {isa = PBXBuildFile; fileRef = CFDF0C53291A72F900E586A1 /* AuthUseCaseImpi.swift */; };
		CFDF0C59291A8B0900E586A1 /* MessageAuthViewModel.swift in Sources */ = {isa = PBXBuildFile; fileRef = CFDF0C58291A8B0900E586A1 /* MessageAuthViewModel.swift */; };
		CFDF0C5B291A8B1600E586A1 /* PhoneAuthViewModel.swift in Sources */ = {isa = PBXBuildFile; fileRef = CFDF0C5A291A8B1600E586A1 /* PhoneAuthViewModel.swift */; };
		CFDF0C5D291A8BE800E586A1 /* UserDefaultsConstant.swift in Sources */ = {isa = PBXBuildFile; fileRef = CFDF0C5C291A8BE800E586A1 /* UserDefaultsConstant.swift */; };
		CFDF0C60291A8C1600E586A1 /* ViewModelType.swift in Sources */ = {isa = PBXBuildFile; fileRef = CFDF0C5F291A8C1600E586A1 /* ViewModelType.swift */; };
		CFDF0C64291BF21300E586A1 /* Toast in Frameworks */ = {isa = PBXBuildFile; productRef = CFDF0C63291BF21300E586A1 /* Toast */; };
		CFDF0C6F291CDE8900E586A1 /* CustomUserDefaults.swift in Sources */ = {isa = PBXBuildFile; fileRef = CFDF0C6E291CDE8900E586A1 /* CustomUserDefaults.swift */; };
		CFDF0C71291CFC4C00E586A1 /* UserDefaults+Extension.swift in Sources */ = {isa = PBXBuildFile; fileRef = CFDF0C70291CFC4C00E586A1 /* UserDefaults+Extension.swift */; };
		CFDF0C73291D035500E586A1 /* GoogleService-Info.plist in Resources */ = {isa = PBXBuildFile; fileRef = CFDF0C72291D035500E586A1 /* GoogleService-Info.plist */; };
		CFDF0C75291D098700E586A1 /* Endpoint.swift in Sources */ = {isa = PBXBuildFile; fileRef = CFDF0C74291D098700E586A1 /* Endpoint.swift */; };
		CFDF0C78291D0ACF00E586A1 /* HTTPHeader.swift in Sources */ = {isa = PBXBuildFile; fileRef = CFDF0C77291D0ACF00E586A1 /* HTTPHeader.swift */; };
		CFDF0C7A291D0AFE00E586A1 /* HTTPMethod.swift in Sources */ = {isa = PBXBuildFile; fileRef = CFDF0C79291D0AFE00E586A1 /* HTTPMethod.swift */; };
		CFDF0C7E291D30FC00E586A1 /* APIError.swift in Sources */ = {isa = PBXBuildFile; fileRef = CFDF0C7D291D30FC00E586A1 /* APIError.swift */; };
		CFDF0C80291D36FB00E586A1 /* UserInfo.swift in Sources */ = {isa = PBXBuildFile; fileRef = CFDF0C7F291D36FA00E586A1 /* UserInfo.swift */; };
		CFFFBEDB291D533100E4DAB4 /* UserAPIService.swift in Sources */ = {isa = PBXBuildFile; fileRef = CFFFBEDA291D533100E4DAB4 /* UserAPIService.swift */; };
/* End PBXBuildFile section */

/* Begin PBXFileReference section */
		CF0467AA2918BF5800E72CC9 /* SeSACFriends.app */ = {isa = PBXFileReference; explicitFileType = wrapper.application; includeInIndex = 0; path = SeSACFriends.app; sourceTree = BUILT_PRODUCTS_DIR; };
		CF0467AD2918BF5800E72CC9 /* AppDelegate.swift */ = {isa = PBXFileReference; lastKnownFileType = sourcecode.swift; path = AppDelegate.swift; sourceTree = "<group>"; };
		CF0467AF2918BF5800E72CC9 /* SceneDelegate.swift */ = {isa = PBXFileReference; lastKnownFileType = sourcecode.swift; path = SceneDelegate.swift; sourceTree = "<group>"; };
		CF0467B62918BF5900E72CC9 /* Assets.xcassets */ = {isa = PBXFileReference; lastKnownFileType = folder.assetcatalog; path = Assets.xcassets; sourceTree = "<group>"; };
		CF0467B92918BF5900E72CC9 /* Base */ = {isa = PBXFileReference; lastKnownFileType = file.storyboard; name = Base; path = Base.lproj/LaunchScreen.storyboard; sourceTree = "<group>"; };
		CF0467BB2918BF5900E72CC9 /* Info.plist */ = {isa = PBXFileReference; lastKnownFileType = text.plist.xml; path = Info.plist; sourceTree = "<group>"; };
		CF1C101D292FD8F900C402F9 /* UIImage+Extension.swift */ = {isa = PBXFileReference; lastKnownFileType = sourcecode.swift; path = "UIImage+Extension.swift"; sourceTree = "<group>"; };
		CF1C101F2930E21F00C402F9 /* KeyBoardViewController.swift */ = {isa = PBXFileReference; lastKnownFileType = sourcecode.swift; path = KeyBoardViewController.swift; sourceTree = "<group>"; };
		CF1C102129312CD400C402F9 /* MyQueueState.swift */ = {isa = PBXFileReference; lastKnownFileType = sourcecode.swift; path = MyQueueState.swift; sourceTree = "<group>"; };
		CF2E8307291D69AA00D2DE1C /* SignUpUseCaseImpi.swift */ = {isa = PBXFileReference; lastKnownFileType = sourcecode.swift; path = SignUpUseCaseImpi.swift; sourceTree = "<group>"; };
		CF2E8309291D69E900D2DE1C /* NickInputView.swift */ = {isa = PBXFileReference; lastKnownFileType = sourcecode.swift; path = NickInputView.swift; sourceTree = "<group>"; };
		CF2E830D291D6ABE00D2DE1C /* NickInputViewController.swift */ = {isa = PBXFileReference; lastKnownFileType = sourcecode.swift; path = NickInputViewController.swift; sourceTree = "<group>"; };
		CF2E830F291D6EC100D2DE1C /* NickInputViewModel.swift */ = {isa = PBXFileReference; lastKnownFileType = sourcecode.swift; path = NickInputViewModel.swift; sourceTree = "<group>"; };
		CF2E8313291D73BB00D2DE1C /* BirthInputView.swift */ = {isa = PBXFileReference; lastKnownFileType = sourcecode.swift; path = BirthInputView.swift; sourceTree = "<group>"; };
		CF2E8316291D73D300D2DE1C /* BirthInputViewController.swift */ = {isa = PBXFileReference; lastKnownFileType = sourcecode.swift; path = BirthInputViewController.swift; sourceTree = "<group>"; };
		CF2E831A291D74AA00D2DE1C /* EmailInputView.swift */ = {isa = PBXFileReference; lastKnownFileType = sourcecode.swift; path = EmailInputView.swift; sourceTree = "<group>"; };
		CF2E831D291D74C300D2DE1C /* EmailInputViewController.swift */ = {isa = PBXFileReference; lastKnownFileType = sourcecode.swift; path = EmailInputViewController.swift; sourceTree = "<group>"; };
		CF2E831F291D74D000D2DE1C /* GenderInputView.swift */ = {isa = PBXFileReference; lastKnownFileType = sourcecode.swift; path = GenderInputView.swift; sourceTree = "<group>"; };
		CF2E8321291D74DC00D2DE1C /* GenderInputViewController.swift */ = {isa = PBXFileReference; lastKnownFileType = sourcecode.swift; path = GenderInputViewController.swift; sourceTree = "<group>"; };
		CF2E8323291D74F600D2DE1C /* BirthInputViewModel.swift */ = {isa = PBXFileReference; lastKnownFileType = sourcecode.swift; path = BirthInputViewModel.swift; sourceTree = "<group>"; };
		CF2E8325291D750900D2DE1C /* EmailInputViewModel.swift */ = {isa = PBXFileReference; lastKnownFileType = sourcecode.swift; path = EmailInputViewModel.swift; sourceTree = "<group>"; };
		CF2E8327291D751900D2DE1C /* GenderInputViewModel.swift */ = {isa = PBXFileReference; lastKnownFileType = sourcecode.swift; path = GenderInputViewModel.swift; sourceTree = "<group>"; };
		CF2E8329291D771900D2DE1C /* GenderInputCollectionViewCell.swift */ = {isa = PBXFileReference; lastKnownFileType = sourcecode.swift; path = GenderInputCollectionViewCell.swift; sourceTree = "<group>"; };
		CF2E832B291D7B3D00D2DE1C /* CheckNetworkStatus.swift */ = {isa = PBXFileReference; lastKnownFileType = sourcecode.swift; path = CheckNetworkStatus.swift; sourceTree = "<group>"; };
		CF2E832D291D7BA700D2DE1C /* CheckIDToken.swift */ = {isa = PBXFileReference; lastKnownFileType = sourcecode.swift; path = CheckIDToken.swift; sourceTree = "<group>"; };
		CF2E8330291E95F600D2DE1C /* SignUpUseCase.swift */ = {isa = PBXFileReference; lastKnownFileType = sourcecode.swift; path = SignUpUseCase.swift; sourceTree = "<group>"; };
		CF2E8332291E961300D2DE1C /* AuthUseCase.swift */ = {isa = PBXFileReference; lastKnownFileType = sourcecode.swift; path = AuthUseCase.swift; sourceTree = "<group>"; };
		CF2E833529200CF200D2DE1C /* StartViewController.swift */ = {isa = PBXFileReference; lastKnownFileType = sourcecode.swift; path = StartViewController.swift; sourceTree = "<group>"; };
		CF2E833B2920C63900D2DE1C /* UseCase.swift */ = {isa = PBXFileReference; lastKnownFileType = sourcecode.swift; path = UseCase.swift; sourceTree = "<group>"; };
		CF2E833D29221AC700D2DE1C /* TabbarViewController.swift */ = {isa = PBXFileReference; lastKnownFileType = sourcecode.swift; path = TabbarViewController.swift; sourceTree = "<group>"; };
		CF2E834329221BF400D2DE1C /* HomeViewController.swift */ = {isa = PBXFileReference; lastKnownFileType = sourcecode.swift; path = HomeViewController.swift; sourceTree = "<group>"; };
		CF2E834529221D4100D2DE1C /* ShopViewController.swift */ = {isa = PBXFileReference; lastKnownFileType = sourcecode.swift; path = ShopViewController.swift; sourceTree = "<group>"; };
		CF2E834729221D5A00D2DE1C /* FriendsViewController.swift */ = {isa = PBXFileReference; lastKnownFileType = sourcecode.swift; path = FriendsViewController.swift; sourceTree = "<group>"; };
		CF2E834929221E9400D2DE1C /* ProfileViewController.swift */ = {isa = PBXFileReference; lastKnownFileType = sourcecode.swift; path = ProfileViewController.swift; sourceTree = "<group>"; };
		CF2E834C292221BE00D2DE1C /* ProfileView.swift */ = {isa = PBXFileReference; lastKnownFileType = sourcecode.swift; path = ProfileView.swift; sourceTree = "<group>"; };
		CF2E834E292221D300D2DE1C /* FriendsView.swift */ = {isa = PBXFileReference; lastKnownFileType = sourcecode.swift; path = FriendsView.swift; sourceTree = "<group>"; };
		CF2E8350292221E600D2DE1C /* ShopView.swift */ = {isa = PBXFileReference; lastKnownFileType = sourcecode.swift; path = ShopView.swift; sourceTree = "<group>"; };
		CF2E8352292221F300D2DE1C /* HomeView.swift */ = {isa = PBXFileReference; lastKnownFileType = sourcecode.swift; path = HomeView.swift; sourceTree = "<group>"; };
		CF2E835A29222BCF00D2DE1C /* BaseTableViewCell.swift */ = {isa = PBXFileReference; lastKnownFileType = sourcecode.swift; path = BaseTableViewCell.swift; sourceTree = "<group>"; };
		CF2E835D29222CDF00D2DE1C /* ProfileInfoTableViewCell.swift */ = {isa = PBXFileReference; lastKnownFileType = sourcecode.swift; path = ProfileInfoTableViewCell.swift; sourceTree = "<group>"; };
		CF2E835F29222CEE00D2DE1C /* ProfileMainTableViewCell.swift */ = {isa = PBXFileReference; lastKnownFileType = sourcecode.swift; path = ProfileMainTableViewCell.swift; sourceTree = "<group>"; };
		CF2E83632922584A00D2DE1C /* ProfileInfoView.swift */ = {isa = PBXFileReference; lastKnownFileType = sourcecode.swift; path = ProfileInfoView.swift; sourceTree = "<group>"; };
		CF2E83652922585C00D2DE1C /* ProfileInfoViewController.swift */ = {isa = PBXFileReference; lastKnownFileType = sourcecode.swift; path = ProfileInfoViewController.swift; sourceTree = "<group>"; };
		CF416A0E292B57D6003EB279 /* HomeWordSearchView.swift */ = {isa = PBXFileReference; lastKnownFileType = sourcecode.swift; path = HomeWordSearchView.swift; sourceTree = "<group>"; };
		CF416A10292B57E8003EB279 /* HomeWordSearchViewController.swift */ = {isa = PBXFileReference; lastKnownFileType = sourcecode.swift; path = HomeWordSearchViewController.swift; sourceTree = "<group>"; };
		CF416A12292B5806003EB279 /* HomeSearchWordViewModel.swift */ = {isa = PBXFileReference; lastKnownFileType = sourcecode.swift; path = HomeSearchWordViewModel.swift; sourceTree = "<group>"; };
		CF416A15292B72A8003EB279 /* TagCollectionViewCell.swift */ = {isa = PBXFileReference; lastKnownFileType = sourcecode.swift; path = TagCollectionViewCell.swift; sourceTree = "<group>"; };
		CF416A17292BDCB9003EB279 /* TagHeaderView.swift */ = {isa = PBXFileReference; lastKnownFileType = sourcecode.swift; path = TagHeaderView.swift; sourceTree = "<group>"; };
		CF722F8929226AD500C8E76D /* ProfileCardView.swift */ = {isa = PBXFileReference; lastKnownFileType = sourcecode.swift; path = ProfileCardView.swift; sourceTree = "<group>"; };
		CF722F8B29228E4300C8E76D /* ProfileCardRollableView.swift */ = {isa = PBXFileReference; lastKnownFileType = sourcecode.swift; path = ProfileCardRollableView.swift; sourceTree = "<group>"; };
		CF722F8D2922991C00C8E76D /* UIView+Extension.swift */ = {isa = PBXFileReference; lastKnownFileType = sourcecode.swift; path = "UIView+Extension.swift"; sourceTree = "<group>"; };
		CF722F92292371E000C8E76D /* CardViewController.swift */ = {isa = PBXFileReference; lastKnownFileType = sourcecode.swift; path = CardViewController.swift; sourceTree = "<group>"; };
		CF722F94292375C700C8E76D /* CardTitleTableViewCell.swift */ = {isa = PBXFileReference; lastKnownFileType = sourcecode.swift; path = CardTitleTableViewCell.swift; sourceTree = "<group>"; };
		CF722F96292375DB00C8E76D /* CardReviewTableViewCell.swift */ = {isa = PBXFileReference; lastKnownFileType = sourcecode.swift; path = CardReviewTableViewCell.swift; sourceTree = "<group>"; };
		CF722F982923765E00C8E76D /* CardTableHeaderView.swift */ = {isa = PBXFileReference; lastKnownFileType = sourcecode.swift; path = CardTableHeaderView.swift; sourceTree = "<group>"; };
		CF722F9A292387D200C8E76D /* TextView+Extension.swift */ = {isa = PBXFileReference; lastKnownFileType = sourcecode.swift; path = "TextView+Extension.swift"; sourceTree = "<group>"; };
		CF722F9C29239C9400C8E76D /* ProfileCardCollectionViewCell.swift */ = {isa = PBXFileReference; lastKnownFileType = sourcecode.swift; path = ProfileCardCollectionViewCell.swift; sourceTree = "<group>"; };
		CF722F9E2923A87C00C8E76D /* ProfileSettingCollectionViewCell.swift */ = {isa = PBXFileReference; lastKnownFileType = sourcecode.swift; path = ProfileSettingCollectionViewCell.swift; sourceTree = "<group>"; };
		CF7360F0292512E800ECC920 /* HomeMainViewModel.swift */ = {isa = PBXFileReference; lastKnownFileType = sourcecode.swift; path = HomeMainViewModel.swift; sourceTree = "<group>"; };
		CF7360F22925165C00ECC920 /* SampleViewModel.swift */ = {isa = PBXFileReference; lastKnownFileType = sourcecode.swift; path = SampleViewModel.swift; sourceTree = "<group>"; };
		CF7360F4292517EC00ECC920 /* HomeMainUseCase.swift */ = {isa = PBXFileReference; lastKnownFileType = sourcecode.swift; path = HomeMainUseCase.swift; sourceTree = "<group>"; };
		CF7360FA2925353E00ECC920 /* MainAPIService.swift */ = {isa = PBXFileReference; lastKnownFileType = sourcecode.swift; path = MainAPIService.swift; sourceTree = "<group>"; };
		CF7360FC2925393400ECC920 /* SearchUser.swift */ = {isa = PBXFileReference; lastKnownFileType = sourcecode.swift; path = SearchUser.swift; sourceTree = "<group>"; };
		CF7360FF2925481900ECC920 /* LocationService.swift */ = {isa = PBXFileReference; lastKnownFileType = sourcecode.swift; path = LocationService.swift; sourceTree = "<group>"; };
		CF736102292565B400ECC920 /* MapService.swift */ = {isa = PBXFileReference; lastKnownFileType = sourcecode.swift; path = MapService.swift; sourceTree = "<group>"; };
		CF73610629260D8900ECC920 /* CustomAnnotation.swift */ = {isa = PBXFileReference; lastKnownFileType = sourcecode.swift; path = CustomAnnotation.swift; sourceTree = "<group>"; };
		CF73610829261D8000ECC920 /* SearchUserDTO.swift */ = {isa = PBXFileReference; lastKnownFileType = sourcecode.swift; path = SearchUserDTO.swift; sourceTree = "<group>"; };
		CF73610A29261E6D00ECC920 /* HomeRepository.swift */ = {isa = PBXFileReference; lastKnownFileType = sourcecode.swift; path = HomeRepository.swift; sourceTree = "<group>"; };
		CF73610D2929FB4900ECC920 /* Reactive_BaseViewController+Extension.swift */ = {isa = PBXFileReference; lastKnownFileType = sourcecode.swift; path = "Reactive_BaseViewController+Extension.swift"; sourceTree = "<group>"; };
		CFDF0C062918C35100E586A1 /* README.md */ = {isa = PBXFileReference; lastKnownFileType = net.daringfireball.markdown; path = README.md; sourceTree = "<group>"; };
		CFDF0C092918CD8800E586A1 /* .gitignore */ = {isa = PBXFileReference; lastKnownFileType = text; path = .gitignore; sourceTree = "<group>"; };
		CFDF0C0C2918D0A800E586A1 /* ColorConstant.swift */ = {isa = PBXFileReference; lastKnownFileType = sourcecode.swift; path = ColorConstant.swift; sourceTree = "<group>"; };
		CFDF0C0E2918D3C500E586A1 /* FontConstant.swift */ = {isa = PBXFileReference; lastKnownFileType = sourcecode.swift; path = FontConstant.swift; sourceTree = "<group>"; };
		CFDF0C112918D76C00E586A1 /* NotoSansKR-Regular.otf */ = {isa = PBXFileReference; lastKnownFileType = file; path = "NotoSansKR-Regular.otf"; sourceTree = "<group>"; };
		CFDF0C122918D76D00E586A1 /* NotoSansKR-Medium.otf */ = {isa = PBXFileReference; lastKnownFileType = file; path = "NotoSansKR-Medium.otf"; sourceTree = "<group>"; };
		CFDF0C162918DF8500E586A1 /* TextArea.swift */ = {isa = PBXFileReference; lastKnownFileType = sourcecode.swift; path = TextArea.swift; sourceTree = "<group>"; };
		CFDF0C182918DF9200E586A1 /* BaseView.swift */ = {isa = PBXFileReference; lastKnownFileType = sourcecode.swift; path = BaseView.swift; sourceTree = "<group>"; };
		CFDF0C1B2918DFA700E586A1 /* BaseViewController.swift */ = {isa = PBXFileReference; lastKnownFileType = sourcecode.swift; path = BaseViewController.swift; sourceTree = "<group>"; };
		CFDF0C1E2918E9D000E586A1 /* ImageConstant.swift */ = {isa = PBXFileReference; lastKnownFileType = sourcecode.swift; path = ImageConstant.swift; sourceTree = "<group>"; };
		CFDF0C202918FDDC00E586A1 /* InputTextField.swift */ = {isa = PBXFileReference; lastKnownFileType = sourcecode.swift; path = InputTextField.swift; sourceTree = "<group>"; };
		CFDF0C22291910E300E586A1 /* UILabel+Extension.swift */ = {isa = PBXFileReference; lastKnownFileType = sourcecode.swift; path = "UILabel+Extension.swift"; sourceTree = "<group>"; };
		CFDF0C37291928C500E586A1 /* MainButton.swift */ = {isa = PBXFileReference; lastKnownFileType = sourcecode.swift; path = MainButton.swift; sourceTree = "<group>"; };
		CFDF0C392919484700E586A1 /* UIButton+Extension.swift */ = {isa = PBXFileReference; lastKnownFileType = sourcecode.swift; path = "UIButton+Extension.swift"; sourceTree = "<group>"; };
		CFDF0C3B29194D7400E586A1 /* OnboardingViewController.swift */ = {isa = PBXFileReference; lastKnownFileType = sourcecode.swift; path = OnboardingViewController.swift; sourceTree = "<group>"; };
		CFDF0C40291A130900E586A1 /* ObBoardingScrollView.swift */ = {isa = PBXFileReference; lastKnownFileType = sourcecode.swift; path = ObBoardingScrollView.swift; sourceTree = "<group>"; };
		CFDF0C43291A133900E586A1 /* BaseCollectionViewCell.swift */ = {isa = PBXFileReference; lastKnownFileType = sourcecode.swift; path = BaseCollectionViewCell.swift; sourceTree = "<group>"; };
		CFDF0C45291A1DD500E586A1 /* OnboardingView.swift */ = {isa = PBXFileReference; lastKnownFileType = sourcecode.swift; path = OnboardingView.swift; sourceTree = "<group>"; };
		CFDF0C48291A53B000E586A1 /* PhoneAuthView.swift */ = {isa = PBXFileReference; lastKnownFileType = sourcecode.swift; path = PhoneAuthView.swift; sourceTree = "<group>"; };
		CFDF0C4A291A626E00E586A1 /* PhoneAuthViewController.swift */ = {isa = PBXFileReference; lastKnownFileType = sourcecode.swift; path = PhoneAuthViewController.swift; sourceTree = "<group>"; };
		CFDF0C4E291A65DC00E586A1 /* MessageAuthView.swift */ = {isa = PBXFileReference; lastKnownFileType = sourcecode.swift; path = MessageAuthView.swift; sourceTree = "<group>"; };
		CFDF0C50291A6F0700E586A1 /* MessageAuthViewController.swift */ = {isa = PBXFileReference; lastKnownFileType = sourcecode.swift; path = MessageAuthViewController.swift; sourceTree = "<group>"; };
		CFDF0C53291A72F900E586A1 /* AuthUseCaseImpi.swift */ = {isa = PBXFileReference; lastKnownFileType = sourcecode.swift; path = AuthUseCaseImpi.swift; sourceTree = "<group>"; };
		CFDF0C58291A8B0900E586A1 /* MessageAuthViewModel.swift */ = {isa = PBXFileReference; lastKnownFileType = sourcecode.swift; path = MessageAuthViewModel.swift; sourceTree = "<group>"; };
		CFDF0C5A291A8B1600E586A1 /* PhoneAuthViewModel.swift */ = {isa = PBXFileReference; lastKnownFileType = sourcecode.swift; path = PhoneAuthViewModel.swift; sourceTree = "<group>"; };
		CFDF0C5C291A8BE800E586A1 /* UserDefaultsConstant.swift */ = {isa = PBXFileReference; lastKnownFileType = sourcecode.swift; path = UserDefaultsConstant.swift; sourceTree = "<group>"; };
		CFDF0C5F291A8C1600E586A1 /* ViewModelType.swift */ = {isa = PBXFileReference; lastKnownFileType = sourcecode.swift; path = ViewModelType.swift; sourceTree = "<group>"; };
		CFDF0C6E291CDE8900E586A1 /* CustomUserDefaults.swift */ = {isa = PBXFileReference; lastKnownFileType = sourcecode.swift; path = CustomUserDefaults.swift; sourceTree = "<group>"; };
		CFDF0C70291CFC4C00E586A1 /* UserDefaults+Extension.swift */ = {isa = PBXFileReference; lastKnownFileType = sourcecode.swift; path = "UserDefaults+Extension.swift"; sourceTree = "<group>"; };
		CFDF0C72291D035500E586A1 /* GoogleService-Info.plist */ = {isa = PBXFileReference; fileEncoding = 4; lastKnownFileType = text.plist.xml; path = "GoogleService-Info.plist"; sourceTree = "<group>"; };
		CFDF0C74291D098700E586A1 /* Endpoint.swift */ = {isa = PBXFileReference; lastKnownFileType = sourcecode.swift; path = Endpoint.swift; sourceTree = "<group>"; };
		CFDF0C77291D0ACF00E586A1 /* HTTPHeader.swift */ = {isa = PBXFileReference; lastKnownFileType = sourcecode.swift; path = HTTPHeader.swift; sourceTree = "<group>"; };
		CFDF0C79291D0AFE00E586A1 /* HTTPMethod.swift */ = {isa = PBXFileReference; lastKnownFileType = sourcecode.swift; path = HTTPMethod.swift; sourceTree = "<group>"; };
		CFDF0C7D291D30FC00E586A1 /* APIError.swift */ = {isa = PBXFileReference; lastKnownFileType = sourcecode.swift; path = APIError.swift; sourceTree = "<group>"; };
		CFDF0C7F291D36FA00E586A1 /* UserInfo.swift */ = {isa = PBXFileReference; lastKnownFileType = sourcecode.swift; path = UserInfo.swift; sourceTree = "<group>"; };
		CFFFBEDA291D533100E4DAB4 /* UserAPIService.swift */ = {isa = PBXFileReference; lastKnownFileType = sourcecode.swift; path = UserAPIService.swift; sourceTree = "<group>"; };
/* End PBXFileReference section */

/* Begin PBXFrameworksBuildPhase section */
		CF0467A72918BF5800E72CC9 /* Frameworks */ = {
			isa = PBXFrameworksBuildPhase;
			buildActionMask = 2147483647;
			files = (
				CFDF0C2E291921E900E586A1 /* FirebaseMessaging in Frameworks */,
				CFDF0BFF2918C22200E586A1 /* SnapKit in Frameworks */,
				CFDF0C2A291921E900E586A1 /* FirebaseAuth in Frameworks */,
				CF416A1D292BEE5A003EB279 /* RxDataSources in Frameworks */,
				CFDF0C64291BF21300E586A1 /* Toast in Frameworks */,
				CFDF0C28291921E900E586A1 /* FirebaseAnalyticsWithoutAdIdSupport in Frameworks */,
				CFDF0C2C291921E900E586A1 /* FirebaseCrashlytics in Frameworks */,
				CFDF0C022918C29900E586A1 /* TextFieldEffects in Frameworks */,
				CF416A1B292BEE5A003EB279 /* Differentiator in Frameworks */,
				CF722FA52923AD7900C8E76D /* MultiSlider in Frameworks */,
			);
			runOnlyForDeploymentPostprocessing = 0;
		};
/* End PBXFrameworksBuildPhase section */

/* Begin PBXGroup section */
		CF0467A12918BF5800E72CC9 = {
			isa = PBXGroup;
			children = (
				CFDF0C092918CD8800E586A1 /* .gitignore */,
				CFDF0C062918C35100E586A1 /* README.md */,
				CF0467AC2918BF5800E72CC9 /* SeSACFriends */,
				CF0467AB2918BF5800E72CC9 /* Products */,
			);
			sourceTree = "<group>";
		};
		CF0467AB2918BF5800E72CC9 /* Products */ = {
			isa = PBXGroup;
			children = (
				CF0467AA2918BF5800E72CC9 /* SeSACFriends.app */,
			);
			name = Products;
			sourceTree = "<group>";
		};
		CF0467AC2918BF5800E72CC9 /* SeSACFriends */ = {
			isa = PBXGroup;
			children = (
				CFDF0C32291925CD00E586A1 /* Data */,
				CFDF0C31291925C800E586A1 /* Domain */,
				CFDF0C30291925C200E586A1 /* Presenter */,
				CFDF0C2F291925B700E586A1 /* Scene */,
				CFDF0C152918DEF900E586A1 /* Utility */,
				CFDF0C102918D57200E586A1 /* Fonts */,
				CFDF0C0B2918D08F00E586A1 /* Constants */,
				CFDF0C052918C2ED00E586A1 /* IgnoreFolder */,
				CF0467AD2918BF5800E72CC9 /* AppDelegate.swift */,
				CF0467AF2918BF5800E72CC9 /* SceneDelegate.swift */,
				CF0467B62918BF5900E72CC9 /* Assets.xcassets */,
				CF0467B82918BF5900E72CC9 /* LaunchScreen.storyboard */,
				CF0467BB2918BF5900E72CC9 /* Info.plist */,
				CFDF0C72291D035500E586A1 /* GoogleService-Info.plist */,
			);
			path = SeSACFriends;
			sourceTree = "<group>";
		};
		CF2E8306291D698500D2DE1C /* UseCase */ = {
			isa = PBXGroup;
			children = (
				CF2E832F291E95C400D2DE1C /* Protocols */,
				CFDF0C53291A72F900E586A1 /* AuthUseCaseImpi.swift */,
				CF2E8307291D69AA00D2DE1C /* SignUpUseCaseImpi.swift */,
				CF7360F4292517EC00ECC920 /* HomeMainUseCase.swift */,
			);
			path = UseCase;
			sourceTree = "<group>";
		};
		CF2E830B291D6A9500D2DE1C /* SignUp */ = {
			isa = PBXGroup;
			children = (
				CF2E830F291D6EC100D2DE1C /* NickInputViewModel.swift */,
				CF2E8323291D74F600D2DE1C /* BirthInputViewModel.swift */,
				CF2E8325291D750900D2DE1C /* EmailInputViewModel.swift */,
				CF2E8327291D751900D2DE1C /* GenderInputViewModel.swift */,
			);
			path = SignUp;
			sourceTree = "<group>";
		};
		CF2E830C291D6AA800D2DE1C /* NickName */ = {
			isa = PBXGroup;
			children = (
				CF2E8309291D69E900D2DE1C /* NickInputView.swift */,
				CF2E830D291D6ABE00D2DE1C /* NickInputViewController.swift */,
			);
			path = NickName;
			sourceTree = "<group>";
		};
		CF2E8311291D739700D2DE1C /* Birth */ = {
			isa = PBXGroup;
			children = (
				CF2E8313291D73BB00D2DE1C /* BirthInputView.swift */,
				CF2E8316291D73D300D2DE1C /* BirthInputViewController.swift */,
			);
			path = Birth;
			sourceTree = "<group>";
		};
		CF2E8318291D73EB00D2DE1C /* Email */ = {
			isa = PBXGroup;
			children = (
				CF2E831A291D74AA00D2DE1C /* EmailInputView.swift */,
				CF2E831D291D74C300D2DE1C /* EmailInputViewController.swift */,
			);
			path = Email;
			sourceTree = "<group>";
		};
		CF2E8319291D73F400D2DE1C /* Gender */ = {
			isa = PBXGroup;
			children = (
				CF2E831F291D74D000D2DE1C /* GenderInputView.swift */,
				CF2E8321291D74DC00D2DE1C /* GenderInputViewController.swift */,
				CF2E8329291D771900D2DE1C /* GenderInputCollectionViewCell.swift */,
			);
			path = Gender;
			sourceTree = "<group>";
		};
		CF2E832F291E95C400D2DE1C /* Protocols */ = {
			isa = PBXGroup;
			children = (
				CF2E8330291E95F600D2DE1C /* SignUpUseCase.swift */,
				CF2E8332291E961300D2DE1C /* AuthUseCase.swift */,
				CF2E833B2920C63900D2DE1C /* UseCase.swift */,
			);
			path = Protocols;
			sourceTree = "<group>";
		};
		CF2E833429200CD700D2DE1C /* Start */ = {
			isa = PBXGroup;
			children = (
				CF2E833529200CF200D2DE1C /* StartViewController.swift */,
			);
			path = Start;
			sourceTree = "<group>";
		};
		CF2E833F29221BB900D2DE1C /* Home */ = {
			isa = PBXGroup;
			children = (
				CF7360F92925224400ECC920 /* HomeChatting */,
				CF7360F82925216A00ECC920 /* HomeMatch */,
				CF7360F72925208000ECC920 /* HomeWordSearch */,
				CF7360F62925207500ECC920 /* HomeMain */,
			);
			path = Home;
			sourceTree = "<group>";
		};
		CF2E834029221BBE00D2DE1C /* Shop */ = {
			isa = PBXGroup;
			children = (
				CF2E834529221D4100D2DE1C /* ShopViewController.swift */,
				CF2E8350292221E600D2DE1C /* ShopView.swift */,
			);
			path = Shop;
			sourceTree = "<group>";
		};
		CF2E834129221BC200D2DE1C /* Friends */ = {
			isa = PBXGroup;
			children = (
				CF2E834729221D5A00D2DE1C /* FriendsViewController.swift */,
				CF2E834E292221D300D2DE1C /* FriendsView.swift */,
			);
			path = Friends;
			sourceTree = "<group>";
		};
		CF2E834229221BCD00D2DE1C /* Profile */ = {
			isa = PBXGroup;
			children = (
				CF2E83612922428000D2DE1C /* ProfileInfo */,
				CF2E83582922266B00D2DE1C /* ProfileMain */,
			);
			path = Profile;
			sourceTree = "<group>";
		};
		CF2E83572922246500D2DE1C /* Profile */ = {
			isa = PBXGroup;
			children = (
			);
			path = Profile;
			sourceTree = "<group>";
		};
		CF2E83582922266B00D2DE1C /* ProfileMain */ = {
			isa = PBXGroup;
			children = (
				CF2E835929222B4000D2DE1C /* SubView */,
				CF2E834929221E9400D2DE1C /* ProfileViewController.swift */,
				CF2E834C292221BE00D2DE1C /* ProfileView.swift */,
			);
			path = ProfileMain;
			sourceTree = "<group>";
		};
		CF2E835929222B4000D2DE1C /* SubView */ = {
			isa = PBXGroup;
			children = (
				CF2E835D29222CDF00D2DE1C /* ProfileInfoTableViewCell.swift */,
				CF2E835F29222CEE00D2DE1C /* ProfileMainTableViewCell.swift */,
			);
			path = SubView;
			sourceTree = "<group>";
		};
		CF2E83612922428000D2DE1C /* ProfileInfo */ = {
			isa = PBXGroup;
			children = (
				CF2E83622922582900D2DE1C /* SubView */,
				CF2E83632922584A00D2DE1C /* ProfileInfoView.swift */,
				CF2E83652922585C00D2DE1C /* ProfileInfoViewController.swift */,
			);
			path = ProfileInfo;
			sourceTree = "<group>";
		};
		CF2E83622922582900D2DE1C /* SubView */ = {
			isa = PBXGroup;
			children = (
				CF722F9C29239C9400C8E76D /* ProfileCardCollectionViewCell.swift */,
				CF722F9E2923A87C00C8E76D /* ProfileSettingCollectionViewCell.swift */,
			);
			path = SubView;
			sourceTree = "<group>";
		};
		CF416A14292B7166003EB279 /* SubViews */ = {
			isa = PBXGroup;
			children = (
				CF416A15292B72A8003EB279 /* TagCollectionViewCell.swift */,
				CF416A17292BDCB9003EB279 /* TagHeaderView.swift */,
			);
			path = SubViews;
			sourceTree = "<group>";
		};
		CF722F8F29236CC400C8E76D /* ProfileCard */ = {
			isa = PBXGroup;
			children = (
				CF722F9029236D2400C8E76D /* SubView */,
				CF722F8929226AD500C8E76D /* ProfileCardView.swift */,
				CF722F8B29228E4300C8E76D /* ProfileCardRollableView.swift */,
				CF722F92292371E000C8E76D /* CardViewController.swift */,
			);
			path = ProfileCard;
			sourceTree = "<group>";
		};
		CF722F9029236D2400C8E76D /* SubView */ = {
			isa = PBXGroup;
			children = (
				CF722F94292375C700C8E76D /* CardTitleTableViewCell.swift */,
				CF722F96292375DB00C8E76D /* CardReviewTableViewCell.swift */,
				CF722F982923765E00C8E76D /* CardTableHeaderView.swift */,
			);
			path = SubView;
			sourceTree = "<group>";
		};
		CF7360EF292512D500ECC920 /* Home */ = {
			isa = PBXGroup;
			children = (
				CF7360F0292512E800ECC920 /* HomeMainViewModel.swift */,
				CF416A12292B5806003EB279 /* HomeSearchWordViewModel.swift */,
			);
			path = Home;
			sourceTree = "<group>";
		};
		CF7360F62925207500ECC920 /* HomeMain */ = {
			isa = PBXGroup;
			children = (
				CF2E834329221BF400D2DE1C /* HomeViewController.swift */,
				CF2E8352292221F300D2DE1C /* HomeView.swift */,
			);
			path = HomeMain;
			sourceTree = "<group>";
		};
		CF7360F72925208000ECC920 /* HomeWordSearch */ = {
			isa = PBXGroup;
			children = (
				CF416A14292B7166003EB279 /* SubViews */,
				CF416A0E292B57D6003EB279 /* HomeWordSearchView.swift */,
				CF416A10292B57E8003EB279 /* HomeWordSearchViewController.swift */,
			);
			path = HomeWordSearch;
			sourceTree = "<group>";
		};
		CF7360F82925216A00ECC920 /* HomeMatch */ = {
			isa = PBXGroup;
			children = (
			);
			path = HomeMatch;
			sourceTree = "<group>";
		};
		CF7360F92925224400ECC920 /* HomeChatting */ = {
			isa = PBXGroup;
			children = (
			);
			path = HomeChatting;
			sourceTree = "<group>";
		};
		CF7360FE2925480500ECC920 /* Service */ = {
			isa = PBXGroup;
			children = (
				CF7361012925481F00ECC920 /* Protocol */,
				CF7360FF2925481900ECC920 /* LocationService.swift */,
				CF736102292565B400ECC920 /* MapService.swift */,
			);
			path = Service;
			sourceTree = "<group>";
		};
		CF7361012925481F00ECC920 /* Protocol */ = {
			isa = PBXGroup;
			children = (
			);
			path = Protocol;
			sourceTree = "<group>";
		};
		CF73610C29261E7200ECC920 /* Protocol */ = {
			isa = PBXGroup;
			children = (
			);
			path = Protocol;
			sourceTree = "<group>";
		};
		CFDF0C052918C2ED00E586A1 /* IgnoreFolder */ = {
			isa = PBXGroup;
			children = (
			);
			path = IgnoreFolder;
			sourceTree = "<group>";
		};
		CFDF0C0B2918D08F00E586A1 /* Constants */ = {
			isa = PBXGroup;
			children = (
				CFDF0C0C2918D0A800E586A1 /* ColorConstant.swift */,
				CFDF0C0E2918D3C500E586A1 /* FontConstant.swift */,
				CFDF0C1E2918E9D000E586A1 /* ImageConstant.swift */,
			);
			path = Constants;
			sourceTree = "<group>";
		};
		CFDF0C102918D57200E586A1 /* Fonts */ = {
			isa = PBXGroup;
			children = (
				CFDF0C122918D76D00E586A1 /* NotoSansKR-Medium.otf */,
				CFDF0C112918D76C00E586A1 /* NotoSansKR-Regular.otf */,
			);
			path = Fonts;
			sourceTree = "<group>";
		};
		CFDF0C152918DEF900E586A1 /* Utility */ = {
			isa = PBXGroup;
			children = (
				CF7360FE2925480500ECC920 /* Service */,
				CFDF0C76291D0A6E00E586A1 /* NetWorkSupport */,
				CFDF0C6C291CDE3A00E586A1 /* UserDefaultsCustom */,
				CFDF0C5E291A8C0000E586A1 /* Protocols */,
				CFDF0C42291A131700E586A1 /* Extension */,
				CFDF0C1D2918DFB500E586A1 /* CustomView */,
				CFDF0C1A2918DF9500E586A1 /* Base */,
			);
			path = Utility;
			sourceTree = "<group>";
		};
		CFDF0C1A2918DF9500E586A1 /* Base */ = {
			isa = PBXGroup;
			children = (
				CFDF0C182918DF9200E586A1 /* BaseView.swift */,
				CFDF0C1B2918DFA700E586A1 /* BaseViewController.swift */,
				CFDF0C43291A133900E586A1 /* BaseCollectionViewCell.swift */,
				CF2E835A29222BCF00D2DE1C /* BaseTableViewCell.swift */,
			);
			path = Base;
			sourceTree = "<group>";
		};
		CFDF0C1D2918DFB500E586A1 /* CustomView */ = {
			isa = PBXGroup;
			children = (
				CF722F8F29236CC400C8E76D /* ProfileCard */,
				CFDF0C162918DF8500E586A1 /* TextArea.swift */,
				CFDF0C202918FDDC00E586A1 /* InputTextField.swift */,
				CFDF0C37291928C500E586A1 /* MainButton.swift */,
				CF73610629260D8900ECC920 /* CustomAnnotation.swift */,
			);
			path = CustomView;
			sourceTree = "<group>";
		};
		CFDF0C2F291925B700E586A1 /* Scene */ = {
			isa = PBXGroup;
			children = (
				CF2E833429200CD700D2DE1C /* Start */,
				CFDF0C4D291A65AE00E586A1 /* Auth */,
				CFDF0C36291927A800E586A1 /* OnBoarding */,
				CFDF0C352919265500E586A1 /* SignUp */,
				CFDF0C342919264D00E586A1 /* Tabbar */,
			);
			path = Scene;
			sourceTree = "<group>";
		};
		CFDF0C30291925C200E586A1 /* Presenter */ = {
			isa = PBXGroup;
			children = (
				CF7360EF292512D500ECC920 /* Home */,
				CF2E83572922246500D2DE1C /* Profile */,
				CF2E830B291D6A9500D2DE1C /* SignUp */,
				CFDF0C55291A895A00E586A1 /* Auth */,
				CF7360F22925165C00ECC920 /* SampleViewModel.swift */,
			);
			path = Presenter;
			sourceTree = "<group>";
		};
		CFDF0C31291925C800E586A1 /* Domain */ = {
			isa = PBXGroup;
			children = (
				CF2E8306291D698500D2DE1C /* UseCase */,
			);
			path = Domain;
			sourceTree = "<group>";
		};
		CFDF0C32291925CD00E586A1 /* Data */ = {
			isa = PBXGroup;
			children = (
				CFDF0C68291BF2DC00E586A1 /* Network */,
				CFDF0C67291BF2CE00E586A1 /* DTO */,
				CFDF0C66291BF2C300E586A1 /* Entitiy */,
				CFDF0C65291BF2B700E586A1 /* Repository */,
			);
			path = Data;
			sourceTree = "<group>";
		};
		CFDF0C342919264D00E586A1 /* Tabbar */ = {
			isa = PBXGroup;
			children = (
				CF2E833D29221AC700D2DE1C /* TabbarViewController.swift */,
				CF2E834229221BCD00D2DE1C /* Profile */,
				CF2E834129221BC200D2DE1C /* Friends */,
				CF2E834029221BBE00D2DE1C /* Shop */,
				CF2E833F29221BB900D2DE1C /* Home */,
			);
			path = Tabbar;
			sourceTree = "<group>";
		};
		CFDF0C352919265500E586A1 /* SignUp */ = {
			isa = PBXGroup;
			children = (
				CF2E8319291D73F400D2DE1C /* Gender */,
				CF2E8318291D73EB00D2DE1C /* Email */,
				CF2E8311291D739700D2DE1C /* Birth */,
				CF2E830C291D6AA800D2DE1C /* NickName */,
			);
			path = SignUp;
			sourceTree = "<group>";
		};
		CFDF0C36291927A800E586A1 /* OnBoarding */ = {
			isa = PBXGroup;
			children = (
				CFDF0C3F291A12E800E586A1 /* SubView */,
				CFDF0C3B29194D7400E586A1 /* OnboardingViewController.swift */,
				CFDF0C45291A1DD500E586A1 /* OnboardingView.swift */,
			);
			path = OnBoarding;
			sourceTree = "<group>";
		};
		CFDF0C3F291A12E800E586A1 /* SubView */ = {
			isa = PBXGroup;
			children = (
				CFDF0C40291A130900E586A1 /* ObBoardingScrollView.swift */,
			);
			path = SubView;
			sourceTree = "<group>";
		};
		CFDF0C42291A131700E586A1 /* Extension */ = {
			isa = PBXGroup;
			children = (
				CFDF0C22291910E300E586A1 /* UILabel+Extension.swift */,
				CFDF0C392919484700E586A1 /* UIButton+Extension.swift */,
				CF722F8D2922991C00C8E76D /* UIView+Extension.swift */,
				CF722F9A292387D200C8E76D /* TextView+Extension.swift */,
				CF73610D2929FB4900ECC920 /* Reactive_BaseViewController+Extension.swift */,
				CF1C101D292FD8F900C402F9 /* UIImage+Extension.swift */,
			);
			path = Extension;
			sourceTree = "<group>";
		};
		CFDF0C47291A528500E586A1 /* PhoneAuth */ = {
			isa = PBXGroup;
			children = (
				CFDF0C48291A53B000E586A1 /* PhoneAuthView.swift */,
				CFDF0C4A291A626E00E586A1 /* PhoneAuthViewController.swift */,
			);
			path = PhoneAuth;
			sourceTree = "<group>";
		};
		CFDF0C4C291A657400E586A1 /* MessageAuth */ = {
			isa = PBXGroup;
			children = (
				CFDF0C4E291A65DC00E586A1 /* MessageAuthView.swift */,
				CFDF0C50291A6F0700E586A1 /* MessageAuthViewController.swift */,
			);
			path = MessageAuth;
			sourceTree = "<group>";
		};
		CFDF0C4D291A65AE00E586A1 /* Auth */ = {
			isa = PBXGroup;
			children = (
				CFDF0C47291A528500E586A1 /* PhoneAuth */,
				CFDF0C4C291A657400E586A1 /* MessageAuth */,
			);
			path = Auth;
			sourceTree = "<group>";
		};
		CFDF0C55291A895A00E586A1 /* Auth */ = {
			isa = PBXGroup;
			children = (
				CFDF0C58291A8B0900E586A1 /* MessageAuthViewModel.swift */,
				CFDF0C5A291A8B1600E586A1 /* PhoneAuthViewModel.swift */,
			);
			path = Auth;
			sourceTree = "<group>";
		};
		CFDF0C5E291A8C0000E586A1 /* Protocols */ = {
			isa = PBXGroup;
			children = (
				CFDF0C5F291A8C1600E586A1 /* ViewModelType.swift */,
				CF1C101F2930E21F00C402F9 /* KeyBoardViewController.swift */,
			);
			path = Protocols;
			sourceTree = "<group>";
		};
		CFDF0C65291BF2B700E586A1 /* Repository */ = {
			isa = PBXGroup;
			children = (
				CF73610C29261E7200ECC920 /* Protocol */,
				CF73610A29261E6D00ECC920 /* HomeRepository.swift */,
			);
			path = Repository;
			sourceTree = "<group>";
		};
		CFDF0C66291BF2C300E586A1 /* Entitiy */ = {
			isa = PBXGroup;
			children = (
				CFDF0C7F291D36FA00E586A1 /* UserInfo.swift */,
				CF7360FC2925393400ECC920 /* SearchUser.swift */,
				CF1C102129312CD400C402F9 /* MyQueueState.swift */,
			);
			path = Entitiy;
			sourceTree = "<group>";
		};
		CFDF0C67291BF2CE00E586A1 /* DTO */ = {
			isa = PBXGroup;
			children = (
				CF73610829261D8000ECC920 /* SearchUserDTO.swift */,
			);
			path = DTO;
			sourceTree = "<group>";
		};
		CFDF0C68291BF2DC00E586A1 /* Network */ = {
			isa = PBXGroup;
			children = (
				CFDF0C74291D098700E586A1 /* Endpoint.swift */,
				CFFFBEDA291D533100E4DAB4 /* UserAPIService.swift */,
				CF7360FA2925353E00ECC920 /* MainAPIService.swift */,
			);
			path = Network;
			sourceTree = "<group>";
		};
		CFDF0C69291C244500E586A1 /* Error */ = {
			isa = PBXGroup;
			children = (
				CFDF0C7D291D30FC00E586A1 /* APIError.swift */,
			);
			path = Error;
			sourceTree = "<group>";
		};
		CFDF0C6C291CDE3A00E586A1 /* UserDefaultsCustom */ = {
			isa = PBXGroup;
			children = (
				CFDF0C5C291A8BE800E586A1 /* UserDefaultsConstant.swift */,
				CFDF0C6E291CDE8900E586A1 /* CustomUserDefaults.swift */,
				CFDF0C70291CFC4C00E586A1 /* UserDefaults+Extension.swift */,
			);
			path = UserDefaultsCustom;
			sourceTree = "<group>";
		};
		CFDF0C76291D0A6E00E586A1 /* NetWorkSupport */ = {
			isa = PBXGroup;
			children = (
				CFDF0C69291C244500E586A1 /* Error */,
				CFDF0C77291D0ACF00E586A1 /* HTTPHeader.swift */,
				CFDF0C79291D0AFE00E586A1 /* HTTPMethod.swift */,
				CF2E832B291D7B3D00D2DE1C /* CheckNetworkStatus.swift */,
				CF2E832D291D7BA700D2DE1C /* CheckIDToken.swift */,
			);
			path = NetWorkSupport;
			sourceTree = "<group>";
		};
/* End PBXGroup section */

/* Begin PBXNativeTarget section */
		CF0467A92918BF5800E72CC9 /* SeSACFriends */ = {
			isa = PBXNativeTarget;
			buildConfigurationList = CF0467BE2918BF5900E72CC9 /* Build configuration list for PBXNativeTarget "SeSACFriends" */;
			buildPhases = (
				CF0467A62918BF5800E72CC9 /* Sources */,
				CF0467A72918BF5800E72CC9 /* Frameworks */,
				CF0467A82918BF5800E72CC9 /* Resources */,
			);
			buildRules = (
			);
			dependencies = (
			);
			name = SeSACFriends;
			packageProductDependencies = (
				CFDF0BFE2918C22200E586A1 /* SnapKit */,
				CFDF0C012918C29900E586A1 /* TextFieldEffects */,
				CFDF0C27291921E900E586A1 /* FirebaseAnalyticsWithoutAdIdSupport */,
				CFDF0C29291921E900E586A1 /* FirebaseAuth */,
				CFDF0C2B291921E900E586A1 /* FirebaseCrashlytics */,
				CFDF0C2D291921E900E586A1 /* FirebaseMessaging */,
				CFDF0C63291BF21300E586A1 /* Toast */,
				CF722FA42923AD7900C8E76D /* MultiSlider */,
				CF416A1A292BEE5A003EB279 /* Differentiator */,
				CF416A1C292BEE5A003EB279 /* RxDataSources */,
			);
			productName = SeSACFriends;
			productReference = CF0467AA2918BF5800E72CC9 /* SeSACFriends.app */;
			productType = "com.apple.product-type.application";
		};
/* End PBXNativeTarget section */

/* Begin PBXProject section */
		CF0467A22918BF5800E72CC9 /* Project object */ = {
			isa = PBXProject;
			attributes = {
				BuildIndependentTargetsInParallel = 1;
				LastSwiftUpdateCheck = 1400;
				LastUpgradeCheck = 1400;
				TargetAttributes = {
					CF0467A92918BF5800E72CC9 = {
						CreatedOnToolsVersion = 14.0.1;
					};
				};
			};
			buildConfigurationList = CF0467A52918BF5800E72CC9 /* Build configuration list for PBXProject "SeSACFriends" */;
			compatibilityVersion = "Xcode 14.0";
			developmentRegion = en;
			hasScannedForEncodings = 0;
			knownRegions = (
				en,
				Base,
			);
			mainGroup = CF0467A12918BF5800E72CC9;
			packageReferences = (
				CFDF0BFD2918C22200E586A1 /* XCRemoteSwiftPackageReference "SnapKit" */,
				CFDF0C002918C29900E586A1 /* XCRemoteSwiftPackageReference "TextFieldEffects" */,
				CFDF0C26291921E900E586A1 /* XCRemoteSwiftPackageReference "firebase-ios-sdk" */,
				CFDF0C62291BF21300E586A1 /* XCRemoteSwiftPackageReference "Toast-Swift" */,
				CF722FA32923AD7900C8E76D /* XCRemoteSwiftPackageReference "MultiSlider" */,
				CF416A19292BEE5A003EB279 /* XCRemoteSwiftPackageReference "RxDataSources" */,
			);
			productRefGroup = CF0467AB2918BF5800E72CC9 /* Products */;
			projectDirPath = "";
			projectRoot = "";
			targets = (
				CF0467A92918BF5800E72CC9 /* SeSACFriends */,
			);
		};
/* End PBXProject section */

/* Begin PBXResourcesBuildPhase section */
		CF0467A82918BF5800E72CC9 /* Resources */ = {
			isa = PBXResourcesBuildPhase;
			buildActionMask = 2147483647;
			files = (
				CFDF0C132918D7F100E586A1 /* NotoSansKR-Medium.otf in Resources */,
				CFDF0C142918D7F100E586A1 /* NotoSansKR-Regular.otf in Resources */,
				CF0467BA2918BF5900E72CC9 /* LaunchScreen.storyboard in Resources */,
				CFDF0C0A2918CD8800E586A1 /* .gitignore in Resources */,
				CF0467B72918BF5900E72CC9 /* Assets.xcassets in Resources */,
				CFDF0C73291D035500E586A1 /* GoogleService-Info.plist in Resources */,
			);
			runOnlyForDeploymentPostprocessing = 0;
		};
/* End PBXResourcesBuildPhase section */

/* Begin PBXSourcesBuildPhase section */
		CF0467A62918BF5800E72CC9 /* Sources */ = {
			isa = PBXSourcesBuildPhase;
			buildActionMask = 2147483647;
			files = (
				CF2E831E291D74C300D2DE1C /* EmailInputViewController.swift in Sources */,
				CF2E835E29222CDF00D2DE1C /* ProfileInfoTableViewCell.swift in Sources */,
				CF2E830E291D6ABE00D2DE1C /* NickInputViewController.swift in Sources */,
				CFDF0C49291A53B000E586A1 /* PhoneAuthView.swift in Sources */,
				CF2E8331291E95F600D2DE1C /* SignUpUseCase.swift in Sources */,
				CF2E835B29222BCF00D2DE1C /* BaseTableViewCell.swift in Sources */,
				CF2E8333291E961300D2DE1C /* AuthUseCase.swift in Sources */,
				CF7360F5292517EC00ECC920 /* HomeMainUseCase.swift in Sources */,
				CFDF0C75291D098700E586A1 /* Endpoint.swift in Sources */,
				CF722F9D29239C9400C8E76D /* ProfileCardCollectionViewCell.swift in Sources */,
				CF722F8E2922991C00C8E76D /* UIView+Extension.swift in Sources */,
				CFDF0C212918FDDC00E586A1 /* InputTextField.swift in Sources */,
				CFDF0C3A2919484700E586A1 /* UIButton+Extension.swift in Sources */,
				CF2E833E29221AC700D2DE1C /* TabbarViewController.swift in Sources */,
				CFFFBEDB291D533100E4DAB4 /* UserAPIService.swift in Sources */,
				CF7360F32925165C00ECC920 /* SampleViewModel.swift in Sources */,
				CFDF0C4F291A65DC00E586A1 /* MessageAuthView.swift in Sources */,
				CFDF0C59291A8B0900E586A1 /* MessageAuthViewModel.swift in Sources */,
				CF2E834629221D4100D2DE1C /* ShopViewController.swift in Sources */,
				CF1C101E292FD8F900C402F9 /* UIImage+Extension.swift in Sources */,
				CFDF0C51291A6F0700E586A1 /* MessageAuthViewController.swift in Sources */,
				CF2E8326291D750900D2DE1C /* EmailInputViewModel.swift in Sources */,
				CF2E833C2920C63900D2DE1C /* UseCase.swift in Sources */,
				CF2E834D292221BE00D2DE1C /* ProfileView.swift in Sources */,
				CF2E8314291D73BB00D2DE1C /* BirthInputView.swift in Sources */,
				CF2E831B291D74AA00D2DE1C /* EmailInputView.swift in Sources */,
				CFDF0C71291CFC4C00E586A1 /* UserDefaults+Extension.swift in Sources */,
				CF2E834829221D5A00D2DE1C /* FriendsViewController.swift in Sources */,
				CFDF0C5D291A8BE800E586A1 /* UserDefaultsConstant.swift in Sources */,
				CF0467AE2918BF5800E72CC9 /* AppDelegate.swift in Sources */,
				CF416A16292B72A8003EB279 /* TagCollectionViewCell.swift in Sources */,
				CFDF0C7E291D30FC00E586A1 /* APIError.swift in Sources */,
				CF2E8320291D74D000D2DE1C /* GenderInputView.swift in Sources */,
				CF722F93292371E000C8E76D /* CardViewController.swift in Sources */,
				CF7360FB2925353E00ECC920 /* MainAPIService.swift in Sources */,
				CF2E8322291D74DC00D2DE1C /* GenderInputViewController.swift in Sources */,
				CF73610B29261E6D00ECC920 /* HomeRepository.swift in Sources */,
				CF2E833629200CF200D2DE1C /* StartViewController.swift in Sources */,
				CF1C10202930E21F00C402F9 /* KeyBoardViewController.swift in Sources */,
				CF722F9B292387D200C8E76D /* TextView+Extension.swift in Sources */,
				CF0467B02918BF5800E72CC9 /* SceneDelegate.swift in Sources */,
				CF722F8A29226AD500C8E76D /* ProfileCardView.swift in Sources */,
				CF2E8351292221E600D2DE1C /* ShopView.swift in Sources */,
				CFDF0C78291D0ACF00E586A1 /* HTTPHeader.swift in Sources */,
				CFDF0C172918DF8500E586A1 /* TextArea.swift in Sources */,
				CF2E834F292221D300D2DE1C /* FriendsView.swift in Sources */,
				CFDF0C3C29194D7400E586A1 /* OnboardingViewController.swift in Sources */,
				CFDF0C6F291CDE8900E586A1 /* CustomUserDefaults.swift in Sources */,
				CF722F97292375DB00C8E76D /* CardReviewTableViewCell.swift in Sources */,
				CF2E83642922584A00D2DE1C /* ProfileInfoView.swift in Sources */,
				CFDF0C1F2918E9D000E586A1 /* ImageConstant.swift in Sources */,
				CFDF0C41291A130900E586A1 /* ObBoardingScrollView.swift in Sources */,
				CF722F9F2923A87C00C8E76D /* ProfileSettingCollectionViewCell.swift in Sources */,
				CF73610E2929FB4900ECC920 /* Reactive_BaseViewController+Extension.swift in Sources */,
				CF722F8C29228E4300C8E76D /* ProfileCardRollableView.swift in Sources */,
				CF2E8308291D69AA00D2DE1C /* SignUpUseCaseImpi.swift in Sources */,
				CF2E836029222CEE00D2DE1C /* ProfileMainTableViewCell.swift in Sources */,
				CF1C102229312CD400C402F9 /* MyQueueState.swift in Sources */,
				CF73610729260D8900ECC920 /* CustomAnnotation.swift in Sources */,
				CF2E832A291D771900D2DE1C /* GenderInputCollectionViewCell.swift in Sources */,
				CF416A18292BDCB9003EB279 /* TagHeaderView.swift in Sources */,
				CFDF0C44291A133900E586A1 /* BaseCollectionViewCell.swift in Sources */,
				CF416A11292B57E8003EB279 /* HomeWordSearchViewController.swift in Sources */,
				CF2E8328291D751900D2DE1C /* GenderInputViewModel.swift in Sources */,
				CF2E8310291D6EC100D2DE1C /* NickInputViewModel.swift in Sources */,
				CF416A13292B5806003EB279 /* HomeSearchWordViewModel.swift in Sources */,
				CF416A0F292B57D6003EB279 /* HomeWordSearchView.swift in Sources */,
				CFDF0C192918DF9200E586A1 /* BaseView.swift in Sources */,
				CF2E8324291D74F600D2DE1C /* BirthInputViewModel.swift in Sources */,
				CF2E8317291D73D300D2DE1C /* BirthInputViewController.swift in Sources */,
				CF7361002925481900ECC920 /* LocationService.swift in Sources */,
				CFDF0C7A291D0AFE00E586A1 /* HTTPMethod.swift in Sources */,
				CF2E834A29221E9400D2DE1C /* ProfileViewController.swift in Sources */,
				CF736103292565B400ECC920 /* MapService.swift in Sources */,
				CF2E834429221BF400D2DE1C /* HomeViewController.swift in Sources */,
				CF2E8353292221F300D2DE1C /* HomeView.swift in Sources */,
				CFDF0C23291910E300E586A1 /* UILabel+Extension.swift in Sources */,
				CFDF0C38291928C500E586A1 /* MainButton.swift in Sources */,
				CFDF0C5B291A8B1600E586A1 /* PhoneAuthViewModel.swift in Sources */,
				CF2E832E291D7BA700D2DE1C /* CheckIDToken.swift in Sources */,
				CFDF0C60291A8C1600E586A1 /* ViewModelType.swift in Sources */,
				CF722F992923765E00C8E76D /* CardTableHeaderView.swift in Sources */,
				CF7360F1292512E800ECC920 /* HomeMainViewModel.swift in Sources */,
				CFDF0C1C2918DFA700E586A1 /* BaseViewController.swift in Sources */,
				CF73610929261D8000ECC920 /* SearchUserDTO.swift in Sources */,
				CF722F95292375C700C8E76D /* CardTitleTableViewCell.swift in Sources */,
				CFDF0C54291A72F900E586A1 /* AuthUseCaseImpi.swift in Sources */,
				CFDF0C0D2918D0A800E586A1 /* ColorConstant.swift in Sources */,
				CFDF0C46291A1DD500E586A1 /* OnboardingView.swift in Sources */,
				CFDF0C0F2918D3C500E586A1 /* FontConstant.swift in Sources */,
				CF7360FD2925393400ECC920 /* SearchUser.swift in Sources */,
				CF2E83662922585C00D2DE1C /* ProfileInfoViewController.swift in Sources */,
				CF2E830A291D69E900D2DE1C /* NickInputView.swift in Sources */,
				CFDF0C80291D36FB00E586A1 /* UserInfo.swift in Sources */,
				CFDF0C4B291A626F00E586A1 /* PhoneAuthViewController.swift in Sources */,
				CF2E832C291D7B3D00D2DE1C /* CheckNetworkStatus.swift in Sources */,
			);
			runOnlyForDeploymentPostprocessing = 0;
		};
/* End PBXSourcesBuildPhase section */

/* Begin PBXVariantGroup section */
		CF0467B82918BF5900E72CC9 /* LaunchScreen.storyboard */ = {
			isa = PBXVariantGroup;
			children = (
				CF0467B92918BF5900E72CC9 /* Base */,
			);
			name = LaunchScreen.storyboard;
			sourceTree = "<group>";
		};
/* End PBXVariantGroup section */

/* Begin XCBuildConfiguration section */
		CF0467BC2918BF5900E72CC9 /* Debug */ = {
			isa = XCBuildConfiguration;
			buildSettings = {
				ALWAYS_SEARCH_USER_PATHS = NO;
				CLANG_ANALYZER_NONNULL = YES;
				CLANG_ANALYZER_NUMBER_OBJECT_CONVERSION = YES_AGGRESSIVE;
				CLANG_CXX_LANGUAGE_STANDARD = "gnu++20";
				CLANG_ENABLE_MODULES = YES;
				CLANG_ENABLE_OBJC_ARC = YES;
				CLANG_ENABLE_OBJC_WEAK = YES;
				CLANG_WARN_BLOCK_CAPTURE_AUTORELEASING = YES;
				CLANG_WARN_BOOL_CONVERSION = YES;
				CLANG_WARN_COMMA = YES;
				CLANG_WARN_CONSTANT_CONVERSION = YES;
				CLANG_WARN_DEPRECATED_OBJC_IMPLEMENTATIONS = YES;
				CLANG_WARN_DIRECT_OBJC_ISA_USAGE = YES_ERROR;
				CLANG_WARN_DOCUMENTATION_COMMENTS = YES;
				CLANG_WARN_EMPTY_BODY = YES;
				CLANG_WARN_ENUM_CONVERSION = YES;
				CLANG_WARN_INFINITE_RECURSION = YES;
				CLANG_WARN_INT_CONVERSION = YES;
				CLANG_WARN_NON_LITERAL_NULL_CONVERSION = YES;
				CLANG_WARN_OBJC_IMPLICIT_RETAIN_SELF = YES;
				CLANG_WARN_OBJC_LITERAL_CONVERSION = YES;
				CLANG_WARN_OBJC_ROOT_CLASS = YES_ERROR;
				CLANG_WARN_QUOTED_INCLUDE_IN_FRAMEWORK_HEADER = YES;
				CLANG_WARN_RANGE_LOOP_ANALYSIS = YES;
				CLANG_WARN_STRICT_PROTOTYPES = YES;
				CLANG_WARN_SUSPICIOUS_MOVE = YES;
				CLANG_WARN_UNGUARDED_AVAILABILITY = YES_AGGRESSIVE;
				CLANG_WARN_UNREACHABLE_CODE = YES;
				CLANG_WARN__DUPLICATE_METHOD_MATCH = YES;
				COPY_PHASE_STRIP = NO;
				DEBUG_INFORMATION_FORMAT = dwarf;
				ENABLE_STRICT_OBJC_MSGSEND = YES;
				ENABLE_TESTABILITY = YES;
				GCC_C_LANGUAGE_STANDARD = gnu11;
				GCC_DYNAMIC_NO_PIC = NO;
				GCC_NO_COMMON_BLOCKS = YES;
				GCC_OPTIMIZATION_LEVEL = 0;
				GCC_PREPROCESSOR_DEFINITIONS = (
					"DEBUG=1",
					"$(inherited)",
				);
				GCC_WARN_64_TO_32_BIT_CONVERSION = YES;
				GCC_WARN_ABOUT_RETURN_TYPE = YES_ERROR;
				GCC_WARN_UNDECLARED_SELECTOR = YES;
				GCC_WARN_UNINITIALIZED_AUTOS = YES_AGGRESSIVE;
				GCC_WARN_UNUSED_FUNCTION = YES;
				GCC_WARN_UNUSED_VARIABLE = YES;
				IPHONEOS_DEPLOYMENT_TARGET = 16.0;
				MTL_ENABLE_DEBUG_INFO = INCLUDE_SOURCE;
				MTL_FAST_MATH = YES;
				ONLY_ACTIVE_ARCH = YES;
				SDKROOT = iphoneos;
				SWIFT_ACTIVE_COMPILATION_CONDITIONS = DEBUG;
				SWIFT_OPTIMIZATION_LEVEL = "-Onone";
			};
			name = Debug;
		};
		CF0467BD2918BF5900E72CC9 /* Release */ = {
			isa = XCBuildConfiguration;
			buildSettings = {
				ALWAYS_SEARCH_USER_PATHS = NO;
				CLANG_ANALYZER_NONNULL = YES;
				CLANG_ANALYZER_NUMBER_OBJECT_CONVERSION = YES_AGGRESSIVE;
				CLANG_CXX_LANGUAGE_STANDARD = "gnu++20";
				CLANG_ENABLE_MODULES = YES;
				CLANG_ENABLE_OBJC_ARC = YES;
				CLANG_ENABLE_OBJC_WEAK = YES;
				CLANG_WARN_BLOCK_CAPTURE_AUTORELEASING = YES;
				CLANG_WARN_BOOL_CONVERSION = YES;
				CLANG_WARN_COMMA = YES;
				CLANG_WARN_CONSTANT_CONVERSION = YES;
				CLANG_WARN_DEPRECATED_OBJC_IMPLEMENTATIONS = YES;
				CLANG_WARN_DIRECT_OBJC_ISA_USAGE = YES_ERROR;
				CLANG_WARN_DOCUMENTATION_COMMENTS = YES;
				CLANG_WARN_EMPTY_BODY = YES;
				CLANG_WARN_ENUM_CONVERSION = YES;
				CLANG_WARN_INFINITE_RECURSION = YES;
				CLANG_WARN_INT_CONVERSION = YES;
				CLANG_WARN_NON_LITERAL_NULL_CONVERSION = YES;
				CLANG_WARN_OBJC_IMPLICIT_RETAIN_SELF = YES;
				CLANG_WARN_OBJC_LITERAL_CONVERSION = YES;
				CLANG_WARN_OBJC_ROOT_CLASS = YES_ERROR;
				CLANG_WARN_QUOTED_INCLUDE_IN_FRAMEWORK_HEADER = YES;
				CLANG_WARN_RANGE_LOOP_ANALYSIS = YES;
				CLANG_WARN_STRICT_PROTOTYPES = YES;
				CLANG_WARN_SUSPICIOUS_MOVE = YES;
				CLANG_WARN_UNGUARDED_AVAILABILITY = YES_AGGRESSIVE;
				CLANG_WARN_UNREACHABLE_CODE = YES;
				CLANG_WARN__DUPLICATE_METHOD_MATCH = YES;
				COPY_PHASE_STRIP = NO;
				DEBUG_INFORMATION_FORMAT = "dwarf-with-dsym";
				ENABLE_NS_ASSERTIONS = NO;
				ENABLE_STRICT_OBJC_MSGSEND = YES;
				GCC_C_LANGUAGE_STANDARD = gnu11;
				GCC_NO_COMMON_BLOCKS = YES;
				GCC_WARN_64_TO_32_BIT_CONVERSION = YES;
				GCC_WARN_ABOUT_RETURN_TYPE = YES_ERROR;
				GCC_WARN_UNDECLARED_SELECTOR = YES;
				GCC_WARN_UNINITIALIZED_AUTOS = YES_AGGRESSIVE;
				GCC_WARN_UNUSED_FUNCTION = YES;
				GCC_WARN_UNUSED_VARIABLE = YES;
				IPHONEOS_DEPLOYMENT_TARGET = 16.0;
				MTL_ENABLE_DEBUG_INFO = NO;
				MTL_FAST_MATH = YES;
				SDKROOT = iphoneos;
				SWIFT_COMPILATION_MODE = wholemodule;
				SWIFT_OPTIMIZATION_LEVEL = "-O";
				VALIDATE_PRODUCT = YES;
			};
			name = Release;
		};
		CF0467BF2918BF5900E72CC9 /* Debug */ = {
			isa = XCBuildConfiguration;
			buildSettings = {
				ASSETCATALOG_COMPILER_APPICON_NAME = AppIcon;
				ASSETCATALOG_COMPILER_GLOBAL_ACCENT_COLOR_NAME = AccentColor;
				CODE_SIGN_STYLE = Automatic;
				CURRENT_PROJECT_VERSION = 1;
				DEVELOPMENT_TEAM = V39QSCSL6T;
				GENERATE_INFOPLIST_FILE = YES;
				INFOPLIST_FILE = SeSACFriends/Info.plist;
				INFOPLIST_KEY_UIApplicationSupportsIndirectInputEvents = YES;
				INFOPLIST_KEY_UILaunchStoryboardName = LaunchScreen;
				INFOPLIST_KEY_UISupportedInterfaceOrientations = UIInterfaceOrientationPortrait;
				INFOPLIST_KEY_UISupportedInterfaceOrientations_iPad = "UIInterfaceOrientationLandscapeLeft UIInterfaceOrientationLandscapeRight UIInterfaceOrientationPortrait UIInterfaceOrientationPortraitUpsideDown";
				IPHONEOS_DEPLOYMENT_TARGET = 15.0;
				LD_RUNPATH_SEARCH_PATHS = (
					"$(inherited)",
					"@executable_path/Frameworks",
				);
				MARKETING_VERSION = 1.0;
				PRODUCT_BUNDLE_IDENTIFIER = com.memolease.sesacslp;
				PRODUCT_NAME = "$(TARGET_NAME)";
				SUPPORTED_PLATFORMS = "iphoneos iphonesimulator";
				SUPPORTS_MACCATALYST = NO;
				SUPPORTS_MAC_DESIGNED_FOR_IPHONE_IPAD = NO;
				SWIFT_EMIT_LOC_STRINGS = YES;
				SWIFT_VERSION = 5.0;
				TARGETED_DEVICE_FAMILY = 1;
			};
			name = Debug;
		};
		CF0467C02918BF5900E72CC9 /* Release */ = {
			isa = XCBuildConfiguration;
			buildSettings = {
				ASSETCATALOG_COMPILER_APPICON_NAME = AppIcon;
				ASSETCATALOG_COMPILER_GLOBAL_ACCENT_COLOR_NAME = AccentColor;
				CODE_SIGN_STYLE = Automatic;
				CURRENT_PROJECT_VERSION = 1;
				DEVELOPMENT_TEAM = V39QSCSL6T;
				GENERATE_INFOPLIST_FILE = YES;
				INFOPLIST_FILE = SeSACFriends/Info.plist;
				INFOPLIST_KEY_UIApplicationSupportsIndirectInputEvents = YES;
				INFOPLIST_KEY_UILaunchStoryboardName = LaunchScreen;
				INFOPLIST_KEY_UISupportedInterfaceOrientations = UIInterfaceOrientationPortrait;
				INFOPLIST_KEY_UISupportedInterfaceOrientations_iPad = "UIInterfaceOrientationLandscapeLeft UIInterfaceOrientationLandscapeRight UIInterfaceOrientationPortrait UIInterfaceOrientationPortraitUpsideDown";
				IPHONEOS_DEPLOYMENT_TARGET = 15.0;
				LD_RUNPATH_SEARCH_PATHS = (
					"$(inherited)",
					"@executable_path/Frameworks",
				);
				MARKETING_VERSION = 1.0;
				PRODUCT_BUNDLE_IDENTIFIER = com.memolease.sesacslp;
				PRODUCT_NAME = "$(TARGET_NAME)";
				SUPPORTED_PLATFORMS = "iphoneos iphonesimulator";
				SUPPORTS_MACCATALYST = NO;
				SUPPORTS_MAC_DESIGNED_FOR_IPHONE_IPAD = NO;
				SWIFT_EMIT_LOC_STRINGS = YES;
				SWIFT_VERSION = 5.0;
				TARGETED_DEVICE_FAMILY = 1;
			};
			name = Release;
		};
/* End XCBuildConfiguration section */

/* Begin XCConfigurationList section */
		CF0467A52918BF5800E72CC9 /* Build configuration list for PBXProject "SeSACFriends" */ = {
			isa = XCConfigurationList;
			buildConfigurations = (
				CF0467BC2918BF5900E72CC9 /* Debug */,
				CF0467BD2918BF5900E72CC9 /* Release */,
			);
			defaultConfigurationIsVisible = 0;
			defaultConfigurationName = Release;
		};
		CF0467BE2918BF5900E72CC9 /* Build configuration list for PBXNativeTarget "SeSACFriends" */ = {
			isa = XCConfigurationList;
			buildConfigurations = (
				CF0467BF2918BF5900E72CC9 /* Debug */,
				CF0467C02918BF5900E72CC9 /* Release */,
			);
			defaultConfigurationIsVisible = 0;
			defaultConfigurationName = Release;
		};
/* End XCConfigurationList section */

/* Begin XCRemoteSwiftPackageReference section */
		CF416A19292BEE5A003EB279 /* XCRemoteSwiftPackageReference "RxDataSources" */ = {
			isa = XCRemoteSwiftPackageReference;
			repositoryURL = "https://github.com/RxSwiftCommunity/RxDataSources.git";
			requirement = {
				kind = upToNextMajorVersion;
				minimumVersion = 5.0.0;
			};
		};
		CF722FA32923AD7900C8E76D /* XCRemoteSwiftPackageReference "MultiSlider" */ = {
			isa = XCRemoteSwiftPackageReference;
			repositoryURL = "https://github.com/yonat/MultiSlider.git";
			requirement = {
				kind = exactVersion;
				version = 1.13.2;
			};
		};
		CFDF0BFD2918C22200E586A1 /* XCRemoteSwiftPackageReference "SnapKit" */ = {
			isa = XCRemoteSwiftPackageReference;
			repositoryURL = "https://github.com/SnapKit/SnapKit.git";
			requirement = {
				kind = upToNextMajorVersion;
				minimumVersion = 5.0.0;
			};
		};
		CFDF0C002918C29900E586A1 /* XCRemoteSwiftPackageReference "TextFieldEffects" */ = {
			isa = XCRemoteSwiftPackageReference;
			repositoryURL = "https://github.com/raulriera/TextFieldEffects.git";
			requirement = {
				kind = upToNextMajorVersion;
				minimumVersion = 1.0.0;
			};
		};
		CFDF0C26291921E900E586A1 /* XCRemoteSwiftPackageReference "firebase-ios-sdk" */ = {
			isa = XCRemoteSwiftPackageReference;
			repositoryURL = "https://github.com/firebase/firebase-ios-sdk";
			requirement = {
				kind = upToNextMajorVersion;
				minimumVersion = 9.0.0;
			};
		};
		CFDF0C62291BF21300E586A1 /* XCRemoteSwiftPackageReference "Toast-Swift" */ = {
			isa = XCRemoteSwiftPackageReference;
			repositoryURL = "https://github.com/scalessec/Toast-Swift";
			requirement = {
				kind = upToNextMajorVersion;
				minimumVersion = 5.0.0;
			};
		};
/* End XCRemoteSwiftPackageReference section */

/* Begin XCSwiftPackageProductDependency section */
		CF416A1A292BEE5A003EB279 /* Differentiator */ = {
			isa = XCSwiftPackageProductDependency;
			package = CF416A19292BEE5A003EB279 /* XCRemoteSwiftPackageReference "RxDataSources" */;
			productName = Differentiator;
		};
		CF416A1C292BEE5A003EB279 /* RxDataSources */ = {
			isa = XCSwiftPackageProductDependency;
			package = CF416A19292BEE5A003EB279 /* XCRemoteSwiftPackageReference "RxDataSources" */;
			productName = RxDataSources;
		};
		CF722FA42923AD7900C8E76D /* MultiSlider */ = {
			isa = XCSwiftPackageProductDependency;
			package = CF722FA32923AD7900C8E76D /* XCRemoteSwiftPackageReference "MultiSlider" */;
			productName = MultiSlider;
		};
		CFDF0BFE2918C22200E586A1 /* SnapKit */ = {
			isa = XCSwiftPackageProductDependency;
			package = CFDF0BFD2918C22200E586A1 /* XCRemoteSwiftPackageReference "SnapKit" */;
			productName = SnapKit;
		};
		CFDF0C012918C29900E586A1 /* TextFieldEffects */ = {
			isa = XCSwiftPackageProductDependency;
			package = CFDF0C002918C29900E586A1 /* XCRemoteSwiftPackageReference "TextFieldEffects" */;
			productName = TextFieldEffects;
		};
		CFDF0C27291921E900E586A1 /* FirebaseAnalyticsWithoutAdIdSupport */ = {
			isa = XCSwiftPackageProductDependency;
			package = CFDF0C26291921E900E586A1 /* XCRemoteSwiftPackageReference "firebase-ios-sdk" */;
			productName = FirebaseAnalyticsWithoutAdIdSupport;
		};
		CFDF0C29291921E900E586A1 /* FirebaseAuth */ = {
			isa = XCSwiftPackageProductDependency;
			package = CFDF0C26291921E900E586A1 /* XCRemoteSwiftPackageReference "firebase-ios-sdk" */;
			productName = FirebaseAuth;
		};
		CFDF0C2B291921E900E586A1 /* FirebaseCrashlytics */ = {
			isa = XCSwiftPackageProductDependency;
			package = CFDF0C26291921E900E586A1 /* XCRemoteSwiftPackageReference "firebase-ios-sdk" */;
			productName = FirebaseCrashlytics;
		};
		CFDF0C2D291921E900E586A1 /* FirebaseMessaging */ = {
			isa = XCSwiftPackageProductDependency;
			package = CFDF0C26291921E900E586A1 /* XCRemoteSwiftPackageReference "firebase-ios-sdk" */;
			productName = FirebaseMessaging;
		};
		CFDF0C63291BF21300E586A1 /* Toast */ = {
			isa = XCSwiftPackageProductDependency;
			package = CFDF0C62291BF21300E586A1 /* XCRemoteSwiftPackageReference "Toast-Swift" */;
			productName = Toast;
		};
/* End XCSwiftPackageProductDependency section */
	};
	rootObject = CF0467A22918BF5800E72CC9 /* Project object */;
}
